Microsoft Visual Studio Solution File, Format Version 8.00
#
# $Id: VC71WorkspaceCreator.pm 1159 2007-03-15 12:28:15Z elliott_c $
#
# This file was generated by MPC.  Any changes made directly to
# this file will be lost the next time it is generated.
#
# MPC Command:
# /export/anduriltmp/bczar/DOC_ROOT/stage-29192/ACE_wrappers/bin/mwc.pl -type vc71 -recurse -hierarchy -relative ACE_ROOT=/export/anduriltmp/bczar/DOC_ROOT/stage-29192/ACE_wrappers -relative TAO_ROOT=/export/anduriltmp/bczar/DOC_ROOT/stage-29192/ACE_wrappers/TAO -relative CIAO_ROOT=/export/anduriltmp/bczar/DOC_ROOT/stage-29192/ACE_wrappers/TAO/CIAO
Project("{8BC9CEB8-8B4A-11D0-8D11-00A0C91BC942}") = "SV_Message_Queues_MQ_Client", "SV_Message_Queues_MQ_Client.vcproj", "{F0A7BBBB-FECA-1BAD-6606-BBB290F98BBD}"
	ProjectSection(ProjectDependencies) = postProject
	EndProjectSection
EndProject
Project("{8BC9CEB8-8B4A-11D0-8D11-00A0C91BC942}") = "SV_Message_Queues_MQ_Server", "SV_Message_Queues_MQ_Server.vcproj", "{90B73180-FECA-1BAD-6606-BBB290F98BBD}"
	ProjectSection(ProjectDependencies) = postProject
	EndProjectSection
EndProject
Project("{8BC9CEB8-8B4A-11D0-8D11-00A0C91BC942}") = "SV_Message_Queues_TMQ_Client", "SV_Message_Queues_TMQ_Client.vcproj", "{3CD7DA32-FECA-1BAD-6606-BBB290F98BBD}"
	ProjectSection(ProjectDependencies) = postProject
	EndProjectSection
EndProject
Project("{8BC9CEB8-8B4A-11D0-8D11-00A0C91BC942}") = "SV_Message_Queues_TMQ_Server", "SV_Message_Queues_TMQ_Server.vcproj", "{5CC75009-FECA-1BAD-6606-BBB290F98BBD}"
	ProjectSection(ProjectDependencies) = postProject
	EndProjectSection
EndProject
Global
	GlobalSection(SolutionConfiguration) = preSolution
		Debug = Debug
		Release = Release
	EndGlobalSection
	GlobalSection(ProjectConfiguration) = postSolution
		{F0A7BBBB-FECA-1BAD-6606-BBB290F98BBD}.Debug.ActiveCfg = Debug|Win32
		{F0A7BBBB-FECA-1BAD-6606-BBB290F98BBD}.Debug.Build.0 = Debug|Win32
		{F0A7BBBB-FECA-1BAD-6606-BBB290F98BBD}.Release.ActiveCfg = Release|Win32
		{F0A7BBBB-FECA-1BAD-6606-BBB290F98BBD}.Release.Build.0 = Release|Win32
		{90B73180-FECA-1BAD-6606-BBB290F98BBD}.Debug.ActiveCfg = Debug|Win32
		{90B73180-FECA-1BAD-6606-BBB290F98BBD}.Debug.Build.0 = Debug|Win32
		{90B73180-FECA-1BAD-6606-BBB290F98BBD}.Release.ActiveCfg = Release|Win32
		{90B73180-FECA-1BAD-6606-BBB290F98BBD}.Release.Build.0 = Release|Win32
		{3CD7DA32-FECA-1BAD-6606-BBB290F98BBD}.Debug.ActiveCfg = Debug|Win32
		{3CD7DA32-FECA-1BAD-6606-BBB290F98BBD}.Debug.Build.0 = Debug|Win32
		{3CD7DA32-FECA-1BAD-6606-BBB290F98BBD}.Release.ActiveCfg = Release|Win32
		{3CD7DA32-FECA-1BAD-6606-BBB290F98BBD}.Release.Build.0 = Release|Win32
		{5CC75009-FECA-1BAD-6606-BBB290F98BBD}.Debug.ActiveCfg = Debug|Win32
		{5CC75009-FECA-1BAD-6606-BBB290F98BBD}.Debug.Build.0 = Debug|Win32
		{5CC75009-FECA-1BAD-6606-BBB290F98BBD}.Release.ActiveCfg = Release|Win32
		{5CC75009-FECA-1BAD-6606-BBB290F98BBD}.Release.Build.0 = Release|Win32
	EndGlobalSection
	GlobalSection(ExtensibilityGlobals) = postSolution
	EndGlobalSection
	GlobalSection(ExtensibilityAddIns) = postSolution
	EndGlobalSection
EndGlobal
