Microsoft Visual Studio Solution File, Format Version 8.00
#
# $Id: VC71WorkspaceCreator.pm 1159 2007-03-15 12:28:15Z elliott_c $
#
# This file was generated by MPC.  Any changes made directly to
# this file will be lost the next time it is generated.
#
# MPC Command:
# /export/anduriltmp/bczar/DOC_ROOT/stage-29192/ACE_wrappers/bin/mwc.pl -type vc71 -recurse -hierarchy -relative ACE_ROOT=/export/anduriltmp/bczar/DOC_ROOT/stage-29192/ACE_wrappers -relative TAO_ROOT=/export/anduriltmp/bczar/DOC_ROOT/stage-29192/ACE_wrappers/TAO -relative CIAO_ROOT=/export/anduriltmp/bczar/DOC_ROOT/stage-29192/ACE_wrappers/TAO/CIAO
Project("{8BC9CEB8-8B4A-11D0-8D11-00A0C91BC942}") = "ContentHandler_Test", "ContentHandler_Test.vcproj", "{D11ADC9F-FECA-1BAD-2431-8A1113B1D0EB}"
	ProjectSection(ProjectDependencies) = postProject
	EndProjectSection
EndProject
Project("{8BC9CEB8-8B4A-11D0-8D11-00A0C91BC942}") = "HttpCharStream_Test", "HttpCharStream_Test.vcproj", "{1E22B50E-FECA-1BAD-2431-8A1113B1D0EB}"
	ProjectSection(ProjectDependencies) = postProject
	EndProjectSection
EndProject
Project("{8BC9CEB8-8B4A-11D0-8D11-00A0C91BC942}") = "NamespaceSupport_Test", "NamespaceSupport_Test.vcproj", "{4724552B-FECA-1BAD-2431-8A1113B1D0EB}"
	ProjectSection(ProjectDependencies) = postProject
	EndProjectSection
EndProject
Project("{8BC9CEB8-8B4A-11D0-8D11-00A0C91BC942}") = "Transcoder_Test", "Transcoder_Test.vcproj", "{FE17AFEB-FECA-1BAD-2431-8A1113B1D0EB}"
	ProjectSection(ProjectDependencies) = postProject
	EndProjectSection
EndProject
Project("{8BC9CEB8-8B4A-11D0-8D11-00A0C91BC942}") = "util", "util\util.vcproj", "{E90406B5-FECA-1BAD-22FE-8A640E9919E1}"
	ProjectSection(ProjectDependencies) = postProject
	EndProjectSection
EndProject
Global
	GlobalSection(SolutionConfiguration) = preSolution
		Debug = Debug
		Release = Release
	EndGlobalSection
	GlobalSection(ProjectConfiguration) = postSolution
		{D11ADC9F-FECA-1BAD-2431-8A1113B1D0EB}.Debug.ActiveCfg = Debug|Win32
		{D11ADC9F-FECA-1BAD-2431-8A1113B1D0EB}.Debug.Build.0 = Debug|Win32
		{D11ADC9F-FECA-1BAD-2431-8A1113B1D0EB}.Release.ActiveCfg = Release|Win32
		{D11ADC9F-FECA-1BAD-2431-8A1113B1D0EB}.Release.Build.0 = Release|Win32
		{1E22B50E-FECA-1BAD-2431-8A1113B1D0EB}.Debug.ActiveCfg = Debug|Win32
		{1E22B50E-FECA-1BAD-2431-8A1113B1D0EB}.Debug.Build.0 = Debug|Win32
		{1E22B50E-FECA-1BAD-2431-8A1113B1D0EB}.Release.ActiveCfg = Release|Win32
		{1E22B50E-FECA-1BAD-2431-8A1113B1D0EB}.Release.Build.0 = Release|Win32
		{4724552B-FECA-1BAD-2431-8A1113B1D0EB}.Debug.ActiveCfg = Debug|Win32
		{4724552B-FECA-1BAD-2431-8A1113B1D0EB}.Debug.Build.0 = Debug|Win32
		{4724552B-FECA-1BAD-2431-8A1113B1D0EB}.Release.ActiveCfg = Release|Win32
		{4724552B-FECA-1BAD-2431-8A1113B1D0EB}.Release.Build.0 = Release|Win32
		{FE17AFEB-FECA-1BAD-2431-8A1113B1D0EB}.Debug.ActiveCfg = Debug|Win32
		{FE17AFEB-FECA-1BAD-2431-8A1113B1D0EB}.Debug.Build.0 = Debug|Win32
		{FE17AFEB-FECA-1BAD-2431-8A1113B1D0EB}.Release.ActiveCfg = Release|Win32
		{FE17AFEB-FECA-1BAD-2431-8A1113B1D0EB}.Release.Build.0 = Release|Win32
		{E90406B5-FECA-1BAD-22FE-8A640E9919E1}.Debug.ActiveCfg = Debug|Win32
		{E90406B5-FECA-1BAD-22FE-8A640E9919E1}.Debug.Build.0 = Debug|Win32
		{E90406B5-FECA-1BAD-22FE-8A640E9919E1}.Release.ActiveCfg = Release|Win32
		{E90406B5-FECA-1BAD-22FE-8A640E9919E1}.Release.Build.0 = Release|Win32
	EndGlobalSection
	GlobalSection(ExtensibilityGlobals) = postSolution
	EndGlobalSection
	GlobalSection(ExtensibilityAddIns) = postSolution
	EndGlobalSection
EndGlobal
