Microsoft Visual Studio Solution File, Format Version 8.00
#
# $Id: VC71WorkspaceCreator.pm 1159 2007-03-15 12:28:15Z elliott_c $
#
# This file was generated by MPC.  Any changes made directly to
# this file will be lost the next time it is generated.
#
# MPC Command:
# /export/anduriltmp/bczar/DOC_ROOT/stage-29192/ACE_wrappers/bin/mwc.pl -type vc71 -recurse -hierarchy -relative ACE_ROOT=/export/anduriltmp/bczar/DOC_ROOT/stage-29192/ACE_wrappers -relative TAO_ROOT=/export/anduriltmp/bczar/DOC_ROOT/stage-29192/ACE_wrappers/TAO -relative CIAO_ROOT=/export/anduriltmp/bczar/DOC_ROOT/stage-29192/ACE_wrappers/TAO/CIAO
Project("{8BC9CEB8-8B4A-11D0-8D11-00A0C91BC942}") = "ASX_Message_Queue_Bounded_Buffer", "ASX_Message_Queue_Bounded_Buffer.vcproj", "{1B78DA0C-FECA-1BAD-1624-F77ED4FA065B}"
	ProjectSection(ProjectDependencies) = postProject
	EndProjectSection
EndProject
Project("{8BC9CEB8-8B4A-11D0-8D11-00A0C91BC942}") = "ASX_Message_Queue_Buffer_Stream", "ASX_Message_Queue_Buffer_Stream.vcproj", "{BC9CC27C-FECA-1BAD-1624-F77ED4FA065B}"
	ProjectSection(ProjectDependencies) = postProject
	EndProjectSection
EndProject
Project("{8BC9CEB8-8B4A-11D0-8D11-00A0C91BC942}") = "ASX_Message_Queue_Priority_Buffer", "ASX_Message_Queue_Priority_Buffer.vcproj", "{08146DB4-FECA-1BAD-1624-F77ED4FA065B}"
	ProjectSection(ProjectDependencies) = postProject
	EndProjectSection
EndProject
Global
	GlobalSection(SolutionConfiguration) = preSolution
		Debug = Debug
		Release = Release
	EndGlobalSection
	GlobalSection(ProjectConfiguration) = postSolution
		{1B78DA0C-FECA-1BAD-1624-F77ED4FA065B}.Debug.ActiveCfg = Debug|Win32
		{1B78DA0C-FECA-1BAD-1624-F77ED4FA065B}.Debug.Build.0 = Debug|Win32
		{1B78DA0C-FECA-1BAD-1624-F77ED4FA065B}.Release.ActiveCfg = Release|Win32
		{1B78DA0C-FECA-1BAD-1624-F77ED4FA065B}.Release.Build.0 = Release|Win32
		{BC9CC27C-FECA-1BAD-1624-F77ED4FA065B}.Debug.ActiveCfg = Debug|Win32
		{BC9CC27C-FECA-1BAD-1624-F77ED4FA065B}.Debug.Build.0 = Debug|Win32
		{BC9CC27C-FECA-1BAD-1624-F77ED4FA065B}.Release.ActiveCfg = Release|Win32
		{BC9CC27C-FECA-1BAD-1624-F77ED4FA065B}.Release.Build.0 = Release|Win32
		{08146DB4-FECA-1BAD-1624-F77ED4FA065B}.Debug.ActiveCfg = Debug|Win32
		{08146DB4-FECA-1BAD-1624-F77ED4FA065B}.Debug.Build.0 = Debug|Win32
		{08146DB4-FECA-1BAD-1624-F77ED4FA065B}.Release.ActiveCfg = Release|Win32
		{08146DB4-FECA-1BAD-1624-F77ED4FA065B}.Release.Build.0 = Release|Win32
	EndGlobalSection
	GlobalSection(ExtensibilityGlobals) = postSolution
	EndGlobalSection
	GlobalSection(ExtensibilityAddIns) = postSolution
	EndGlobalSection
EndGlobal
