
Microsoft Visual Studio Solution File, Format Version 9.00
# Visual Studio 2005
# $Id: VC8WorkspaceCreator.pm 1139 2007-02-08 19:49:06Z elliott_c $
#
# This file was generated by MPC.  Any changes made directly to
# this file will be lost the next time it is generated.
#
# MPC Command:
# /export/anduriltmp/bczar/DOC_ROOT/stage-29192/ACE_wrappers/bin/mwc.pl -type vc8 -recurse -hierarchy -relative ACE_ROOT=/export/anduriltmp/bczar/DOC_ROOT/stage-29192/ACE_wrappers -relative TAO_ROOT=/export/anduriltmp/bczar/DOC_ROOT/stage-29192/ACE_wrappers/TAO -relative CIAO_ROOT=/export/anduriltmp/bczar/DOC_ROOT/stage-29192/ACE_wrappers/TAO/CIAO -name_modifier *_vc8
Project("{8BC9CEB8-8B4A-11D0-8D11-00A0C91BC942}") = "ACEXML_XML_Svc_Conf_Parser", "apps\svcconf\ACEXML_XML_Svc_Conf_Parser_vc8.vcproj", "{3D8365B5-FECA-1BAD-5984-FE66053F01BA}"
	ProjectSection(ProjectDependencies) = postProject
		{9B5A9538-FECA-1BAD-5520-8D051BD3C4A8} = {9B5A9538-FECA-1BAD-5520-8D051BD3C4A8}
		{D9CDECDF-FECA-1BAD-BB9C-8C3A3A66F61F} = {D9CDECDF-FECA-1BAD-BB9C-8C3A3A66F61F}
	EndProjectSection
EndProject
Project("{8BC9CEB8-8B4A-11D0-8D11-00A0C91BC942}") = "ACEXML", "common\ACEXML_vc8.vcproj", "{D9CDECDF-FECA-1BAD-BB9C-8C3A3A66F61F}"
EndProject
Project("{8BC9CEB8-8B4A-11D0-8D11-00A0C91BC942}") = "SAXPrint", "examples\SAXPrint\SAXPrint_vc8.vcproj", "{DDFD3BD7-FECA-1BAD-4F93-FEB467A9FE2F}"
	ProjectSection(ProjectDependencies) = postProject
		{9B5A9538-FECA-1BAD-5520-8D051BD3C4A8} = {9B5A9538-FECA-1BAD-5520-8D051BD3C4A8}
		{D9CDECDF-FECA-1BAD-BB9C-8C3A3A66F61F} = {D9CDECDF-FECA-1BAD-BB9C-8C3A3A66F61F}
	EndProjectSection
EndProject
Project("{8BC9CEB8-8B4A-11D0-8D11-00A0C91BC942}") = "ACEXML_Parser", "parser\parser\ACEXML_Parser_vc8.vcproj", "{9B5A9538-FECA-1BAD-5520-8D051BD3C4A8}"
	ProjectSection(ProjectDependencies) = postProject
		{D9CDECDF-FECA-1BAD-BB9C-8C3A3A66F61F} = {D9CDECDF-FECA-1BAD-BB9C-8C3A3A66F61F}
	EndProjectSection
EndProject
Project("{8BC9CEB8-8B4A-11D0-8D11-00A0C91BC942}") = "ContentHandler_Test", "tests\ContentHandler_Test_vc8.vcproj", "{0101D484-FECA-1BAD-2431-8A1113B1D0EB}"
	ProjectSection(ProjectDependencies) = postProject
		{9B5A9538-FECA-1BAD-5520-8D051BD3C4A8} = {9B5A9538-FECA-1BAD-5520-8D051BD3C4A8}
		{D9CDECDF-FECA-1BAD-BB9C-8C3A3A66F61F} = {D9CDECDF-FECA-1BAD-BB9C-8C3A3A66F61F}
	EndProjectSection
EndProject
Project("{8BC9CEB8-8B4A-11D0-8D11-00A0C91BC942}") = "HttpCharStream_Test", "tests\HttpCharStream_Test_vc8.vcproj", "{68901BBC-FECA-1BAD-2431-8A1113B1D0EB}"
	ProjectSection(ProjectDependencies) = postProject
		{9B5A9538-FECA-1BAD-5520-8D051BD3C4A8} = {9B5A9538-FECA-1BAD-5520-8D051BD3C4A8}
		{D9CDECDF-FECA-1BAD-BB9C-8C3A3A66F61F} = {D9CDECDF-FECA-1BAD-BB9C-8C3A3A66F61F}
	EndProjectSection
EndProject
Project("{8BC9CEB8-8B4A-11D0-8D11-00A0C91BC942}") = "NamespaceSupport_Test", "tests\NamespaceSupport_Test_vc8.vcproj", "{88B542BA-FECA-1BAD-2431-8A1113B1D0EB}"
	ProjectSection(ProjectDependencies) = postProject
		{9B5A9538-FECA-1BAD-5520-8D051BD3C4A8} = {9B5A9538-FECA-1BAD-5520-8D051BD3C4A8}
		{D9CDECDF-FECA-1BAD-BB9C-8C3A3A66F61F} = {D9CDECDF-FECA-1BAD-BB9C-8C3A3A66F61F}
	EndProjectSection
EndProject
Project("{8BC9CEB8-8B4A-11D0-8D11-00A0C91BC942}") = "Transcoder_Test", "tests\Transcoder_Test_vc8.vcproj", "{7275FB89-FECA-1BAD-2431-8A1113B1D0EB}"
	ProjectSection(ProjectDependencies) = postProject
		{9B5A9538-FECA-1BAD-5520-8D051BD3C4A8} = {9B5A9538-FECA-1BAD-5520-8D051BD3C4A8}
		{D9CDECDF-FECA-1BAD-BB9C-8C3A3A66F61F} = {D9CDECDF-FECA-1BAD-BB9C-8C3A3A66F61F}
	EndProjectSection
EndProject
Project("{8BC9CEB8-8B4A-11D0-8D11-00A0C91BC942}") = "util", "tests\util\util_vc8.vcproj", "{DB2BEC9A-FECA-1BAD-22FE-8A640E9919E1}"
	ProjectSection(ProjectDependencies) = postProject
		{9B5A9538-FECA-1BAD-5520-8D051BD3C4A8} = {9B5A9538-FECA-1BAD-5520-8D051BD3C4A8}
		{D9CDECDF-FECA-1BAD-BB9C-8C3A3A66F61F} = {D9CDECDF-FECA-1BAD-BB9C-8C3A3A66F61F}
	EndProjectSection
EndProject
Global
	GlobalSection(SolutionConfigurationPlatforms) = preSolution
		Debug|Win32 = Debug|Win32
		Debug|x64 = Debug|x64
		Release|Win32 = Release|Win32
		Release|x64 = Release|x64
	EndGlobalSection
	GlobalSection(ProjectConfigurationPlatforms) = postSolution
		{3D8365B5-FECA-1BAD-5984-FE66053F01BA}.Debug|Win32.ActiveCfg = Debug|Win32
		{3D8365B5-FECA-1BAD-5984-FE66053F01BA}.Debug|Win32.Build.0 = Debug|Win32
		{3D8365B5-FECA-1BAD-5984-FE66053F01BA}.Debug|x64.ActiveCfg = Debug|x64
		{3D8365B5-FECA-1BAD-5984-FE66053F01BA}.Debug|x64.Build.0 = Debug|x64
		{3D8365B5-FECA-1BAD-5984-FE66053F01BA}.Release|Win32.ActiveCfg = Release|Win32
		{3D8365B5-FECA-1BAD-5984-FE66053F01BA}.Release|Win32.Build.0 = Release|Win32
		{3D8365B5-FECA-1BAD-5984-FE66053F01BA}.Release|x64.ActiveCfg = Release|x64
		{3D8365B5-FECA-1BAD-5984-FE66053F01BA}.Release|x64.Build.0 = Release|x64
		{D9CDECDF-FECA-1BAD-BB9C-8C3A3A66F61F}.Debug|Win32.ActiveCfg = Debug|Win32
		{D9CDECDF-FECA-1BAD-BB9C-8C3A3A66F61F}.Debug|Win32.Build.0 = Debug|Win32
		{D9CDECDF-FECA-1BAD-BB9C-8C3A3A66F61F}.Debug|x64.ActiveCfg = Debug|x64
		{D9CDECDF-FECA-1BAD-BB9C-8C3A3A66F61F}.Debug|x64.Build.0 = Debug|x64
		{D9CDECDF-FECA-1BAD-BB9C-8C3A3A66F61F}.Release|Win32.ActiveCfg = Release|Win32
		{D9CDECDF-FECA-1BAD-BB9C-8C3A3A66F61F}.Release|Win32.Build.0 = Release|Win32
		{D9CDECDF-FECA-1BAD-BB9C-8C3A3A66F61F}.Release|x64.ActiveCfg = Release|x64
		{D9CDECDF-FECA-1BAD-BB9C-8C3A3A66F61F}.Release|x64.Build.0 = Release|x64
		{DDFD3BD7-FECA-1BAD-4F93-FEB467A9FE2F}.Debug|Win32.ActiveCfg = Debug|Win32
		{DDFD3BD7-FECA-1BAD-4F93-FEB467A9FE2F}.Debug|Win32.Build.0 = Debug|Win32
		{DDFD3BD7-FECA-1BAD-4F93-FEB467A9FE2F}.Debug|x64.ActiveCfg = Debug|x64
		{DDFD3BD7-FECA-1BAD-4F93-FEB467A9FE2F}.Debug|x64.Build.0 = Debug|x64
		{DDFD3BD7-FECA-1BAD-4F93-FEB467A9FE2F}.Release|Win32.ActiveCfg = Release|Win32
		{DDFD3BD7-FECA-1BAD-4F93-FEB467A9FE2F}.Release|Win32.Build.0 = Release|Win32
		{DDFD3BD7-FECA-1BAD-4F93-FEB467A9FE2F}.Release|x64.ActiveCfg = Release|x64
		{DDFD3BD7-FECA-1BAD-4F93-FEB467A9FE2F}.Release|x64.Build.0 = Release|x64
		{9B5A9538-FECA-1BAD-5520-8D051BD3C4A8}.Debug|Win32.ActiveCfg = Debug|Win32
		{9B5A9538-FECA-1BAD-5520-8D051BD3C4A8}.Debug|Win32.Build.0 = Debug|Win32
		{9B5A9538-FECA-1BAD-5520-8D051BD3C4A8}.Debug|x64.ActiveCfg = Debug|x64
		{9B5A9538-FECA-1BAD-5520-8D051BD3C4A8}.Debug|x64.Build.0 = Debug|x64
		{9B5A9538-FECA-1BAD-5520-8D051BD3C4A8}.Release|Win32.ActiveCfg = Release|Win32
		{9B5A9538-FECA-1BAD-5520-8D051BD3C4A8}.Release|Win32.Build.0 = Release|Win32
		{9B5A9538-FECA-1BAD-5520-8D051BD3C4A8}.Release|x64.ActiveCfg = Release|x64
		{9B5A9538-FECA-1BAD-5520-8D051BD3C4A8}.Release|x64.Build.0 = Release|x64
		{0101D484-FECA-1BAD-2431-8A1113B1D0EB}.Debug|Win32.ActiveCfg = Debug|Win32
		{0101D484-FECA-1BAD-2431-8A1113B1D0EB}.Debug|Win32.Build.0 = Debug|Win32
		{0101D484-FECA-1BAD-2431-8A1113B1D0EB}.Debug|x64.ActiveCfg = Debug|x64
		{0101D484-FECA-1BAD-2431-8A1113B1D0EB}.Debug|x64.Build.0 = Debug|x64
		{0101D484-FECA-1BAD-2431-8A1113B1D0EB}.Release|Win32.ActiveCfg = Release|Win32
		{0101D484-FECA-1BAD-2431-8A1113B1D0EB}.Release|Win32.Build.0 = Release|Win32
		{0101D484-FECA-1BAD-2431-8A1113B1D0EB}.Release|x64.ActiveCfg = Release|x64
		{0101D484-FECA-1BAD-2431-8A1113B1D0EB}.Release|x64.Build.0 = Release|x64
		{68901BBC-FECA-1BAD-2431-8A1113B1D0EB}.Debug|Win32.ActiveCfg = Debug|Win32
		{68901BBC-FECA-1BAD-2431-8A1113B1D0EB}.Debug|Win32.Build.0 = Debug|Win32
		{68901BBC-FECA-1BAD-2431-8A1113B1D0EB}.Debug|x64.ActiveCfg = Debug|x64
		{68901BBC-FECA-1BAD-2431-8A1113B1D0EB}.Debug|x64.Build.0 = Debug|x64
		{68901BBC-FECA-1BAD-2431-8A1113B1D0EB}.Release|Win32.ActiveCfg = Release|Win32
		{68901BBC-FECA-1BAD-2431-8A1113B1D0EB}.Release|Win32.Build.0 = Release|Win32
		{68901BBC-FECA-1BAD-2431-8A1113B1D0EB}.Release|x64.ActiveCfg = Release|x64
		{68901BBC-FECA-1BAD-2431-8A1113B1D0EB}.Release|x64.Build.0 = Release|x64
		{88B542BA-FECA-1BAD-2431-8A1113B1D0EB}.Debug|Win32.ActiveCfg = Debug|Win32
		{88B542BA-FECA-1BAD-2431-8A1113B1D0EB}.Debug|Win32.Build.0 = Debug|Win32
		{88B542BA-FECA-1BAD-2431-8A1113B1D0EB}.Debug|x64.ActiveCfg = Debug|x64
		{88B542BA-FECA-1BAD-2431-8A1113B1D0EB}.Debug|x64.Build.0 = Debug|x64
		{88B542BA-FECA-1BAD-2431-8A1113B1D0EB}.Release|Win32.ActiveCfg = Release|Win32
		{88B542BA-FECA-1BAD-2431-8A1113B1D0EB}.Release|Win32.Build.0 = Release|Win32
		{88B542BA-FECA-1BAD-2431-8A1113B1D0EB}.Release|x64.ActiveCfg = Release|x64
		{88B542BA-FECA-1BAD-2431-8A1113B1D0EB}.Release|x64.Build.0 = Release|x64
		{7275FB89-FECA-1BAD-2431-8A1113B1D0EB}.Debug|Win32.ActiveCfg = Debug|Win32
		{7275FB89-FECA-1BAD-2431-8A1113B1D0EB}.Debug|Win32.Build.0 = Debug|Win32
		{7275FB89-FECA-1BAD-2431-8A1113B1D0EB}.Debug|x64.ActiveCfg = Debug|x64
		{7275FB89-FECA-1BAD-2431-8A1113B1D0EB}.Debug|x64.Build.0 = Debug|x64
		{7275FB89-FECA-1BAD-2431-8A1113B1D0EB}.Release|Win32.ActiveCfg = Release|Win32
		{7275FB89-FECA-1BAD-2431-8A1113B1D0EB}.Release|Win32.Build.0 = Release|Win32
		{7275FB89-FECA-1BAD-2431-8A1113B1D0EB}.Release|x64.ActiveCfg = Release|x64
		{7275FB89-FECA-1BAD-2431-8A1113B1D0EB}.Release|x64.Build.0 = Release|x64
		{DB2BEC9A-FECA-1BAD-22FE-8A640E9919E1}.Debug|Win32.ActiveCfg = Debug|Win32
		{DB2BEC9A-FECA-1BAD-22FE-8A640E9919E1}.Debug|Win32.Build.0 = Debug|Win32
		{DB2BEC9A-FECA-1BAD-22FE-8A640E9919E1}.Debug|x64.ActiveCfg = Debug|x64
		{DB2BEC9A-FECA-1BAD-22FE-8A640E9919E1}.Debug|x64.Build.0 = Debug|x64
		{DB2BEC9A-FECA-1BAD-22FE-8A640E9919E1}.Release|Win32.ActiveCfg = Release|Win32
		{DB2BEC9A-FECA-1BAD-22FE-8A640E9919E1}.Release|Win32.Build.0 = Release|Win32
		{DB2BEC9A-FECA-1BAD-22FE-8A640E9919E1}.Release|x64.ActiveCfg = Release|x64
		{DB2BEC9A-FECA-1BAD-22FE-8A640E9919E1}.Release|x64.Build.0 = Release|x64
	EndGlobalSection
	GlobalSection(SolutionProperties) = preSolution
		HideSolutionNode = FALSE
	EndGlobalSection
EndGlobal
