
Microsoft Visual Studio Solution File, Format Version 9.00
# Visual Studio 2005
# $Id: VC8WorkspaceCreator.pm 1139 2007-02-08 19:49:06Z elliott_c $
#
# This file was generated by MPC.  Any changes made directly to
# this file will be lost the next time it is generated.
#
# MPC Command:
# /export/anduriltmp/bczar/DOC_ROOT/stage-29192/ACE_wrappers/bin/mwc.pl -type vc8 -recurse -hierarchy -relative ACE_ROOT=/export/anduriltmp/bczar/DOC_ROOT/stage-29192/ACE_wrappers -relative TAO_ROOT=/export/anduriltmp/bczar/DOC_ROOT/stage-29192/ACE_wrappers/TAO -relative CIAO_ROOT=/export/anduriltmp/bczar/DOC_ROOT/stage-29192/ACE_wrappers/TAO/CIAO -exclude TAO/TAO_*.mwc,TAO/CIAO/CIAO_*.mwc -name_modifier *_WinCE -features uses_wchar=1,wince=1 -value_template "platforms="Pocket PC 2003 (ARMV4)"" -value_template "platforms+="Smartphone 2003 (ARMV4)"" -value_template "platforms+="Windows Mobile 5.0 Pocket PC SDK (ARMV4I)"" -value_template "platforms+="Windows Mobile 5.0 Smartphone SDK (ARMV4I)""
Project("{8BC9CEB8-8B4A-11D0-8D11-00A0C91BC942}") = "Svc_Cfg_IPC_Client_Bcast", "IPC-tests\client\Svc_Cfg_IPC_Client_Bcast_WinCE.vcproj", "{B0CF3078-FECA-1BAD-DD12-8A699F9BEA3B}"
EndProject
Project("{8BC9CEB8-8B4A-11D0-8D11-00A0C91BC942}") = "Svc_Cfg_IPC_Client_Loc_Dgram", "IPC-tests\client\Svc_Cfg_IPC_Client_Loc_Dgram_WinCE.vcproj", "{6527ADCC-FECA-1BAD-DD12-8A699F9BEA3B}"
EndProject
Project("{8BC9CEB8-8B4A-11D0-8D11-00A0C91BC942}") = "Svc_Cfg_IPC_Client_Loc_Fifo", "IPC-tests\client\Svc_Cfg_IPC_Client_Loc_Fifo_WinCE.vcproj", "{9C14F750-FECA-1BAD-DD12-8A699F9BEA3B}"
EndProject
Project("{8BC9CEB8-8B4A-11D0-8D11-00A0C91BC942}") = "Svc_Cfg_IPC_Client_Loc_Pipe", "IPC-tests\client\Svc_Cfg_IPC_Client_Loc_Pipe_WinCE.vcproj", "{8AB4F746-FECA-1BAD-DD12-8A699F9BEA3B}"
EndProject
Project("{8BC9CEB8-8B4A-11D0-8D11-00A0C91BC942}") = "Svc_Cfg_IPC_Client_Loc_Spipe", "IPC-tests\client\Svc_Cfg_IPC_Client_Loc_Spipe_WinCE.vcproj", "{C4A7ACAA-FECA-1BAD-DD12-8A699F9BEA3B}"
EndProject
Project("{8BC9CEB8-8B4A-11D0-8D11-00A0C91BC942}") = "Svc_Cfg_IPC_Client_Loc_Stream", "IPC-tests\client\Svc_Cfg_IPC_Client_Loc_Stream_WinCE.vcproj", "{F412121C-FECA-1BAD-DD12-8A699F9BEA3B}"
EndProject
Project("{8BC9CEB8-8B4A-11D0-8D11-00A0C91BC942}") = "Svc_Cfg_IPC_Client_Rem_Dgram", "IPC-tests\client\Svc_Cfg_IPC_Client_Rem_Dgram_WinCE.vcproj", "{64CD4DCC-FECA-1BAD-DD12-8A699F9BEA3B}"
EndProject
Project("{8BC9CEB8-8B4A-11D0-8D11-00A0C91BC942}") = "Svc_Cfg_IPC_Client_Rem_Stream", "IPC-tests\client\Svc_Cfg_IPC_Client_Rem_Stream_WinCE.vcproj", "{EABC121C-FECA-1BAD-DD12-8A699F9BEA3B}"
EndProject
Project("{8BC9CEB8-8B4A-11D0-8D11-00A0C91BC942}") = "Svc_Cfg_IPC_Client_Rem_Svc_Dir", "IPC-tests\client\Svc_Cfg_IPC_Client_Rem_Svc_Dir_WinCE.vcproj", "{1459FA0C-FECA-1BAD-DD12-8A699F9BEA3B}"
EndProject
Project("{8BC9CEB8-8B4A-11D0-8D11-00A0C91BC942}") = "Svc_Cfg_IPC_Client_Rem_Thr_Stream", "IPC-tests\client\Svc_Cfg_IPC_Client_Rem_Thr_Stream_WinCE.vcproj", "{316C6B3B-FECA-1BAD-DD12-8A699F9BEA3B}"
EndProject
Project("{8BC9CEB8-8B4A-11D0-8D11-00A0C91BC942}") = "Svc_Cfg_IPC_Server_Lib", "IPC-tests\server\Svc_Cfg_IPC_Server_Lib_WinCE.vcproj", "{C6598106-FECA-1BAD-7EA4-8B619E93498D}"
EndProject
Project("{8BC9CEB8-8B4A-11D0-8D11-00A0C91BC942}") = "Svc_Cfg_IPC_Server_Test", "IPC-tests\server\Svc_Cfg_IPC_Server_Test_WinCE.vcproj", "{5F60C89E-FECA-1BAD-7EA4-8B619E93498D}"
	ProjectSection(ProjectDependencies) = postProject
		{C6598106-FECA-1BAD-7EA4-8B619E93498D} = {C6598106-FECA-1BAD-7EA4-8B619E93498D}
	EndProjectSection
EndProject
Project("{8BC9CEB8-8B4A-11D0-8D11-00A0C91BC942}") = "Service_Configurator_Misc_Main", "Misc\Service_Configurator_Misc_Main_WinCE.vcproj", "{7D529B13-FECA-1BAD-ECF7-1F183BECFC88}"
	ProjectSection(ProjectDependencies) = postProject
		{75B16845-FECA-1BAD-ECF7-1F183BECFC88} = {75B16845-FECA-1BAD-ECF7-1F183BECFC88}
	EndProjectSection
EndProject
Project("{8BC9CEB8-8B4A-11D0-8D11-00A0C91BC942}") = "Service_Configurator_Misc_Timer", "Misc\Service_Configurator_Misc_Timer_WinCE.vcproj", "{75B16845-FECA-1BAD-ECF7-1F183BECFC88}"
EndProject
Global
	GlobalSection(SolutionConfigurationPlatforms) = preSolution
		Debug|Pocket PC 2003 (ARMV4) = Debug|Pocket PC 2003 (ARMV4)
		Debug|Smartphone 2003 (ARMV4) = Debug|Smartphone 2003 (ARMV4)
		Debug|Windows Mobile 5.0 Pocket PC SDK (ARMV4I) = Debug|Windows Mobile 5.0 Pocket PC SDK (ARMV4I)
		Debug|Windows Mobile 5.0 Smartphone SDK (ARMV4I) = Debug|Windows Mobile 5.0 Smartphone SDK (ARMV4I)
		Release|Pocket PC 2003 (ARMV4) = Release|Pocket PC 2003 (ARMV4)
		Release|Smartphone 2003 (ARMV4) = Release|Smartphone 2003 (ARMV4)
		Release|Windows Mobile 5.0 Pocket PC SDK (ARMV4I) = Release|Windows Mobile 5.0 Pocket PC SDK (ARMV4I)
		Release|Windows Mobile 5.0 Smartphone SDK (ARMV4I) = Release|Windows Mobile 5.0 Smartphone SDK (ARMV4I)
	EndGlobalSection
	GlobalSection(ProjectConfigurationPlatforms) = postSolution
		{B0CF3078-FECA-1BAD-DD12-8A699F9BEA3B}.Debug|Pocket PC 2003 (ARMV4).ActiveCfg = Debug|Pocket PC 2003 (ARMV4)
		{B0CF3078-FECA-1BAD-DD12-8A699F9BEA3B}.Debug|Pocket PC 2003 (ARMV4).Build.0 = Debug|Pocket PC 2003 (ARMV4)
		{B0CF3078-FECA-1BAD-DD12-8A699F9BEA3B}.Debug|Smartphone 2003 (ARMV4).ActiveCfg = Debug|Smartphone 2003 (ARMV4)
		{B0CF3078-FECA-1BAD-DD12-8A699F9BEA3B}.Debug|Smartphone 2003 (ARMV4).Build.0 = Debug|Smartphone 2003 (ARMV4)
		{B0CF3078-FECA-1BAD-DD12-8A699F9BEA3B}.Debug|Windows Mobile 5.0 Pocket PC SDK (ARMV4I).ActiveCfg = Debug|Windows Mobile 5.0 Pocket PC SDK (ARMV4I)
		{B0CF3078-FECA-1BAD-DD12-8A699F9BEA3B}.Debug|Windows Mobile 5.0 Pocket PC SDK (ARMV4I).Build.0 = Debug|Windows Mobile 5.0 Pocket PC SDK (ARMV4I)
		{B0CF3078-FECA-1BAD-DD12-8A699F9BEA3B}.Debug|Windows Mobile 5.0 Smartphone SDK (ARMV4I).ActiveCfg = Debug|Windows Mobile 5.0 Smartphone SDK (ARMV4I)
		{B0CF3078-FECA-1BAD-DD12-8A699F9BEA3B}.Debug|Windows Mobile 5.0 Smartphone SDK (ARMV4I).Build.0 = Debug|Windows Mobile 5.0 Smartphone SDK (ARMV4I)
		{B0CF3078-FECA-1BAD-DD12-8A699F9BEA3B}.Release|Pocket PC 2003 (ARMV4).ActiveCfg = Release|Pocket PC 2003 (ARMV4)
		{B0CF3078-FECA-1BAD-DD12-8A699F9BEA3B}.Release|Pocket PC 2003 (ARMV4).Build.0 = Release|Pocket PC 2003 (ARMV4)
		{B0CF3078-FECA-1BAD-DD12-8A699F9BEA3B}.Release|Smartphone 2003 (ARMV4).ActiveCfg = Release|Smartphone 2003 (ARMV4)
		{B0CF3078-FECA-1BAD-DD12-8A699F9BEA3B}.Release|Smartphone 2003 (ARMV4).Build.0 = Release|Smartphone 2003 (ARMV4)
		{B0CF3078-FECA-1BAD-DD12-8A699F9BEA3B}.Release|Windows Mobile 5.0 Pocket PC SDK (ARMV4I).ActiveCfg = Release|Windows Mobile 5.0 Pocket PC SDK (ARMV4I)
		{B0CF3078-FECA-1BAD-DD12-8A699F9BEA3B}.Release|Windows Mobile 5.0 Pocket PC SDK (ARMV4I).Build.0 = Release|Windows Mobile 5.0 Pocket PC SDK (ARMV4I)
		{B0CF3078-FECA-1BAD-DD12-8A699F9BEA3B}.Release|Windows Mobile 5.0 Smartphone SDK (ARMV4I).ActiveCfg = Release|Windows Mobile 5.0 Smartphone SDK (ARMV4I)
		{B0CF3078-FECA-1BAD-DD12-8A699F9BEA3B}.Release|Windows Mobile 5.0 Smartphone SDK (ARMV4I).Build.0 = Release|Windows Mobile 5.0 Smartphone SDK (ARMV4I)
		{6527ADCC-FECA-1BAD-DD12-8A699F9BEA3B}.Debug|Pocket PC 2003 (ARMV4).ActiveCfg = Debug|Pocket PC 2003 (ARMV4)
		{6527ADCC-FECA-1BAD-DD12-8A699F9BEA3B}.Debug|Pocket PC 2003 (ARMV4).Build.0 = Debug|Pocket PC 2003 (ARMV4)
		{6527ADCC-FECA-1BAD-DD12-8A699F9BEA3B}.Debug|Smartphone 2003 (ARMV4).ActiveCfg = Debug|Smartphone 2003 (ARMV4)
		{6527ADCC-FECA-1BAD-DD12-8A699F9BEA3B}.Debug|Smartphone 2003 (ARMV4).Build.0 = Debug|Smartphone 2003 (ARMV4)
		{6527ADCC-FECA-1BAD-DD12-8A699F9BEA3B}.Debug|Windows Mobile 5.0 Pocket PC SDK (ARMV4I).ActiveCfg = Debug|Windows Mobile 5.0 Pocket PC SDK (ARMV4I)
		{6527ADCC-FECA-1BAD-DD12-8A699F9BEA3B}.Debug|Windows Mobile 5.0 Pocket PC SDK (ARMV4I).Build.0 = Debug|Windows Mobile 5.0 Pocket PC SDK (ARMV4I)
		{6527ADCC-FECA-1BAD-DD12-8A699F9BEA3B}.Debug|Windows Mobile 5.0 Smartphone SDK (ARMV4I).ActiveCfg = Debug|Windows Mobile 5.0 Smartphone SDK (ARMV4I)
		{6527ADCC-FECA-1BAD-DD12-8A699F9BEA3B}.Debug|Windows Mobile 5.0 Smartphone SDK (ARMV4I).Build.0 = Debug|Windows Mobile 5.0 Smartphone SDK (ARMV4I)
		{6527ADCC-FECA-1BAD-DD12-8A699F9BEA3B}.Release|Pocket PC 2003 (ARMV4).ActiveCfg = Release|Pocket PC 2003 (ARMV4)
		{6527ADCC-FECA-1BAD-DD12-8A699F9BEA3B}.Release|Pocket PC 2003 (ARMV4).Build.0 = Release|Pocket PC 2003 (ARMV4)
		{6527ADCC-FECA-1BAD-DD12-8A699F9BEA3B}.Release|Smartphone 2003 (ARMV4).ActiveCfg = Release|Smartphone 2003 (ARMV4)
		{6527ADCC-FECA-1BAD-DD12-8A699F9BEA3B}.Release|Smartphone 2003 (ARMV4).Build.0 = Release|Smartphone 2003 (ARMV4)
		{6527ADCC-FECA-1BAD-DD12-8A699F9BEA3B}.Release|Windows Mobile 5.0 Pocket PC SDK (ARMV4I).ActiveCfg = Release|Windows Mobile 5.0 Pocket PC SDK (ARMV4I)
		{6527ADCC-FECA-1BAD-DD12-8A699F9BEA3B}.Release|Windows Mobile 5.0 Pocket PC SDK (ARMV4I).Build.0 = Release|Windows Mobile 5.0 Pocket PC SDK (ARMV4I)
		{6527ADCC-FECA-1BAD-DD12-8A699F9BEA3B}.Release|Windows Mobile 5.0 Smartphone SDK (ARMV4I).ActiveCfg = Release|Windows Mobile 5.0 Smartphone SDK (ARMV4I)
		{6527ADCC-FECA-1BAD-DD12-8A699F9BEA3B}.Release|Windows Mobile 5.0 Smartphone SDK (ARMV4I).Build.0 = Release|Windows Mobile 5.0 Smartphone SDK (ARMV4I)
		{9C14F750-FECA-1BAD-DD12-8A699F9BEA3B}.Debug|Pocket PC 2003 (ARMV4).ActiveCfg = Debug|Pocket PC 2003 (ARMV4)
		{9C14F750-FECA-1BAD-DD12-8A699F9BEA3B}.Debug|Pocket PC 2003 (ARMV4).Build.0 = Debug|Pocket PC 2003 (ARMV4)
		{9C14F750-FECA-1BAD-DD12-8A699F9BEA3B}.Debug|Smartphone 2003 (ARMV4).ActiveCfg = Debug|Smartphone 2003 (ARMV4)
		{9C14F750-FECA-1BAD-DD12-8A699F9BEA3B}.Debug|Smartphone 2003 (ARMV4).Build.0 = Debug|Smartphone 2003 (ARMV4)
		{9C14F750-FECA-1BAD-DD12-8A699F9BEA3B}.Debug|Windows Mobile 5.0 Pocket PC SDK (ARMV4I).ActiveCfg = Debug|Windows Mobile 5.0 Pocket PC SDK (ARMV4I)
		{9C14F750-FECA-1BAD-DD12-8A699F9BEA3B}.Debug|Windows Mobile 5.0 Pocket PC SDK (ARMV4I).Build.0 = Debug|Windows Mobile 5.0 Pocket PC SDK (ARMV4I)
		{9C14F750-FECA-1BAD-DD12-8A699F9BEA3B}.Debug|Windows Mobile 5.0 Smartphone SDK (ARMV4I).ActiveCfg = Debug|Windows Mobile 5.0 Smartphone SDK (ARMV4I)
		{9C14F750-FECA-1BAD-DD12-8A699F9BEA3B}.Debug|Windows Mobile 5.0 Smartphone SDK (ARMV4I).Build.0 = Debug|Windows Mobile 5.0 Smartphone SDK (ARMV4I)
		{9C14F750-FECA-1BAD-DD12-8A699F9BEA3B}.Release|Pocket PC 2003 (ARMV4).ActiveCfg = Release|Pocket PC 2003 (ARMV4)
		{9C14F750-FECA-1BAD-DD12-8A699F9BEA3B}.Release|Pocket PC 2003 (ARMV4).Build.0 = Release|Pocket PC 2003 (ARMV4)
		{9C14F750-FECA-1BAD-DD12-8A699F9BEA3B}.Release|Smartphone 2003 (ARMV4).ActiveCfg = Release|Smartphone 2003 (ARMV4)
		{9C14F750-FECA-1BAD-DD12-8A699F9BEA3B}.Release|Smartphone 2003 (ARMV4).Build.0 = Release|Smartphone 2003 (ARMV4)
		{9C14F750-FECA-1BAD-DD12-8A699F9BEA3B}.Release|Windows Mobile 5.0 Pocket PC SDK (ARMV4I).ActiveCfg = Release|Windows Mobile 5.0 Pocket PC SDK (ARMV4I)
		{9C14F750-FECA-1BAD-DD12-8A699F9BEA3B}.Release|Windows Mobile 5.0 Pocket PC SDK (ARMV4I).Build.0 = Release|Windows Mobile 5.0 Pocket PC SDK (ARMV4I)
		{9C14F750-FECA-1BAD-DD12-8A699F9BEA3B}.Release|Windows Mobile 5.0 Smartphone SDK (ARMV4I).ActiveCfg = Release|Windows Mobile 5.0 Smartphone SDK (ARMV4I)
		{9C14F750-FECA-1BAD-DD12-8A699F9BEA3B}.Release|Windows Mobile 5.0 Smartphone SDK (ARMV4I).Build.0 = Release|Windows Mobile 5.0 Smartphone SDK (ARMV4I)
		{8AB4F746-FECA-1BAD-DD12-8A699F9BEA3B}.Debug|Pocket PC 2003 (ARMV4).ActiveCfg = Debug|Pocket PC 2003 (ARMV4)
		{8AB4F746-FECA-1BAD-DD12-8A699F9BEA3B}.Debug|Pocket PC 2003 (ARMV4).Build.0 = Debug|Pocket PC 2003 (ARMV4)
		{8AB4F746-FECA-1BAD-DD12-8A699F9BEA3B}.Debug|Smartphone 2003 (ARMV4).ActiveCfg = Debug|Smartphone 2003 (ARMV4)
		{8AB4F746-FECA-1BAD-DD12-8A699F9BEA3B}.Debug|Smartphone 2003 (ARMV4).Build.0 = Debug|Smartphone 2003 (ARMV4)
		{8AB4F746-FECA-1BAD-DD12-8A699F9BEA3B}.Debug|Windows Mobile 5.0 Pocket PC SDK (ARMV4I).ActiveCfg = Debug|Windows Mobile 5.0 Pocket PC SDK (ARMV4I)
		{8AB4F746-FECA-1BAD-DD12-8A699F9BEA3B}.Debug|Windows Mobile 5.0 Pocket PC SDK (ARMV4I).Build.0 = Debug|Windows Mobile 5.0 Pocket PC SDK (ARMV4I)
		{8AB4F746-FECA-1BAD-DD12-8A699F9BEA3B}.Debug|Windows Mobile 5.0 Smartphone SDK (ARMV4I).ActiveCfg = Debug|Windows Mobile 5.0 Smartphone SDK (ARMV4I)
		{8AB4F746-FECA-1BAD-DD12-8A699F9BEA3B}.Debug|Windows Mobile 5.0 Smartphone SDK (ARMV4I).Build.0 = Debug|Windows Mobile 5.0 Smartphone SDK (ARMV4I)
		{8AB4F746-FECA-1BAD-DD12-8A699F9BEA3B}.Release|Pocket PC 2003 (ARMV4).ActiveCfg = Release|Pocket PC 2003 (ARMV4)
		{8AB4F746-FECA-1BAD-DD12-8A699F9BEA3B}.Release|Pocket PC 2003 (ARMV4).Build.0 = Release|Pocket PC 2003 (ARMV4)
		{8AB4F746-FECA-1BAD-DD12-8A699F9BEA3B}.Release|Smartphone 2003 (ARMV4).ActiveCfg = Release|Smartphone 2003 (ARMV4)
		{8AB4F746-FECA-1BAD-DD12-8A699F9BEA3B}.Release|Smartphone 2003 (ARMV4).Build.0 = Release|Smartphone 2003 (ARMV4)
		{8AB4F746-FECA-1BAD-DD12-8A699F9BEA3B}.Release|Windows Mobile 5.0 Pocket PC SDK (ARMV4I).ActiveCfg = Release|Windows Mobile 5.0 Pocket PC SDK (ARMV4I)
		{8AB4F746-FECA-1BAD-DD12-8A699F9BEA3B}.Release|Windows Mobile 5.0 Pocket PC SDK (ARMV4I).Build.0 = Release|Windows Mobile 5.0 Pocket PC SDK (ARMV4I)
		{8AB4F746-FECA-1BAD-DD12-8A699F9BEA3B}.Release|Windows Mobile 5.0 Smartphone SDK (ARMV4I).ActiveCfg = Release|Windows Mobile 5.0 Smartphone SDK (ARMV4I)
		{8AB4F746-FECA-1BAD-DD12-8A699F9BEA3B}.Release|Windows Mobile 5.0 Smartphone SDK (ARMV4I).Build.0 = Release|Windows Mobile 5.0 Smartphone SDK (ARMV4I)
		{C4A7ACAA-FECA-1BAD-DD12-8A699F9BEA3B}.Debug|Pocket PC 2003 (ARMV4).ActiveCfg = Debug|Pocket PC 2003 (ARMV4)
		{C4A7ACAA-FECA-1BAD-DD12-8A699F9BEA3B}.Debug|Pocket PC 2003 (ARMV4).Build.0 = Debug|Pocket PC 2003 (ARMV4)
		{C4A7ACAA-FECA-1BAD-DD12-8A699F9BEA3B}.Debug|Smartphone 2003 (ARMV4).ActiveCfg = Debug|Smartphone 2003 (ARMV4)
		{C4A7ACAA-FECA-1BAD-DD12-8A699F9BEA3B}.Debug|Smartphone 2003 (ARMV4).Build.0 = Debug|Smartphone 2003 (ARMV4)
		{C4A7ACAA-FECA-1BAD-DD12-8A699F9BEA3B}.Debug|Windows Mobile 5.0 Pocket PC SDK (ARMV4I).ActiveCfg = Debug|Windows Mobile 5.0 Pocket PC SDK (ARMV4I)
		{C4A7ACAA-FECA-1BAD-DD12-8A699F9BEA3B}.Debug|Windows Mobile 5.0 Pocket PC SDK (ARMV4I).Build.0 = Debug|Windows Mobile 5.0 Pocket PC SDK (ARMV4I)
		{C4A7ACAA-FECA-1BAD-DD12-8A699F9BEA3B}.Debug|Windows Mobile 5.0 Smartphone SDK (ARMV4I).ActiveCfg = Debug|Windows Mobile 5.0 Smartphone SDK (ARMV4I)
		{C4A7ACAA-FECA-1BAD-DD12-8A699F9BEA3B}.Debug|Windows Mobile 5.0 Smartphone SDK (ARMV4I).Build.0 = Debug|Windows Mobile 5.0 Smartphone SDK (ARMV4I)
		{C4A7ACAA-FECA-1BAD-DD12-8A699F9BEA3B}.Release|Pocket PC 2003 (ARMV4).ActiveCfg = Release|Pocket PC 2003 (ARMV4)
		{C4A7ACAA-FECA-1BAD-DD12-8A699F9BEA3B}.Release|Pocket PC 2003 (ARMV4).Build.0 = Release|Pocket PC 2003 (ARMV4)
		{C4A7ACAA-FECA-1BAD-DD12-8A699F9BEA3B}.Release|Smartphone 2003 (ARMV4).ActiveCfg = Release|Smartphone 2003 (ARMV4)
		{C4A7ACAA-FECA-1BAD-DD12-8A699F9BEA3B}.Release|Smartphone 2003 (ARMV4).Build.0 = Release|Smartphone 2003 (ARMV4)
		{C4A7ACAA-FECA-1BAD-DD12-8A699F9BEA3B}.Release|Windows Mobile 5.0 Pocket PC SDK (ARMV4I).ActiveCfg = Release|Windows Mobile 5.0 Pocket PC SDK (ARMV4I)
		{C4A7ACAA-FECA-1BAD-DD12-8A699F9BEA3B}.Release|Windows Mobile 5.0 Pocket PC SDK (ARMV4I).Build.0 = Release|Windows Mobile 5.0 Pocket PC SDK (ARMV4I)
		{C4A7ACAA-FECA-1BAD-DD12-8A699F9BEA3B}.Release|Windows Mobile 5.0 Smartphone SDK (ARMV4I).ActiveCfg = Release|Windows Mobile 5.0 Smartphone SDK (ARMV4I)
		{C4A7ACAA-FECA-1BAD-DD12-8A699F9BEA3B}.Release|Windows Mobile 5.0 Smartphone SDK (ARMV4I).Build.0 = Release|Windows Mobile 5.0 Smartphone SDK (ARMV4I)
		{F412121C-FECA-1BAD-DD12-8A699F9BEA3B}.Debug|Pocket PC 2003 (ARMV4).ActiveCfg = Debug|Pocket PC 2003 (ARMV4)
		{F412121C-FECA-1BAD-DD12-8A699F9BEA3B}.Debug|Pocket PC 2003 (ARMV4).Build.0 = Debug|Pocket PC 2003 (ARMV4)
		{F412121C-FECA-1BAD-DD12-8A699F9BEA3B}.Debug|Smartphone 2003 (ARMV4).ActiveCfg = Debug|Smartphone 2003 (ARMV4)
		{F412121C-FECA-1BAD-DD12-8A699F9BEA3B}.Debug|Smartphone 2003 (ARMV4).Build.0 = Debug|Smartphone 2003 (ARMV4)
		{F412121C-FECA-1BAD-DD12-8A699F9BEA3B}.Debug|Windows Mobile 5.0 Pocket PC SDK (ARMV4I).ActiveCfg = Debug|Windows Mobile 5.0 Pocket PC SDK (ARMV4I)
		{F412121C-FECA-1BAD-DD12-8A699F9BEA3B}.Debug|Windows Mobile 5.0 Pocket PC SDK (ARMV4I).Build.0 = Debug|Windows Mobile 5.0 Pocket PC SDK (ARMV4I)
		{F412121C-FECA-1BAD-DD12-8A699F9BEA3B}.Debug|Windows Mobile 5.0 Smartphone SDK (ARMV4I).ActiveCfg = Debug|Windows Mobile 5.0 Smartphone SDK (ARMV4I)
		{F412121C-FECA-1BAD-DD12-8A699F9BEA3B}.Debug|Windows Mobile 5.0 Smartphone SDK (ARMV4I).Build.0 = Debug|Windows Mobile 5.0 Smartphone SDK (ARMV4I)
		{F412121C-FECA-1BAD-DD12-8A699F9BEA3B}.Release|Pocket PC 2003 (ARMV4).ActiveCfg = Release|Pocket PC 2003 (ARMV4)
		{F412121C-FECA-1BAD-DD12-8A699F9BEA3B}.Release|Pocket PC 2003 (ARMV4).Build.0 = Release|Pocket PC 2003 (ARMV4)
		{F412121C-FECA-1BAD-DD12-8A699F9BEA3B}.Release|Smartphone 2003 (ARMV4).ActiveCfg = Release|Smartphone 2003 (ARMV4)
		{F412121C-FECA-1BAD-DD12-8A699F9BEA3B}.Release|Smartphone 2003 (ARMV4).Build.0 = Release|Smartphone 2003 (ARMV4)
		{F412121C-FECA-1BAD-DD12-8A699F9BEA3B}.Release|Windows Mobile 5.0 Pocket PC SDK (ARMV4I).ActiveCfg = Release|Windows Mobile 5.0 Pocket PC SDK (ARMV4I)
		{F412121C-FECA-1BAD-DD12-8A699F9BEA3B}.Release|Windows Mobile 5.0 Pocket PC SDK (ARMV4I).Build.0 = Release|Windows Mobile 5.0 Pocket PC SDK (ARMV4I)
		{F412121C-FECA-1BAD-DD12-8A699F9BEA3B}.Release|Windows Mobile 5.0 Smartphone SDK (ARMV4I).ActiveCfg = Release|Windows Mobile 5.0 Smartphone SDK (ARMV4I)
		{F412121C-FECA-1BAD-DD12-8A699F9BEA3B}.Release|Windows Mobile 5.0 Smartphone SDK (ARMV4I).Build.0 = Release|Windows Mobile 5.0 Smartphone SDK (ARMV4I)
		{64CD4DCC-FECA-1BAD-DD12-8A699F9BEA3B}.Debug|Pocket PC 2003 (ARMV4).ActiveCfg = Debug|Pocket PC 2003 (ARMV4)
		{64CD4DCC-FECA-1BAD-DD12-8A699F9BEA3B}.Debug|Pocket PC 2003 (ARMV4).Build.0 = Debug|Pocket PC 2003 (ARMV4)
		{64CD4DCC-FECA-1BAD-DD12-8A699F9BEA3B}.Debug|Smartphone 2003 (ARMV4).ActiveCfg = Debug|Smartphone 2003 (ARMV4)
		{64CD4DCC-FECA-1BAD-DD12-8A699F9BEA3B}.Debug|Smartphone 2003 (ARMV4).Build.0 = Debug|Smartphone 2003 (ARMV4)
		{64CD4DCC-FECA-1BAD-DD12-8A699F9BEA3B}.Debug|Windows Mobile 5.0 Pocket PC SDK (ARMV4I).ActiveCfg = Debug|Windows Mobile 5.0 Pocket PC SDK (ARMV4I)
		{64CD4DCC-FECA-1BAD-DD12-8A699F9BEA3B}.Debug|Windows Mobile 5.0 Pocket PC SDK (ARMV4I).Build.0 = Debug|Windows Mobile 5.0 Pocket PC SDK (ARMV4I)
		{64CD4DCC-FECA-1BAD-DD12-8A699F9BEA3B}.Debug|Windows Mobile 5.0 Smartphone SDK (ARMV4I).ActiveCfg = Debug|Windows Mobile 5.0 Smartphone SDK (ARMV4I)
		{64CD4DCC-FECA-1BAD-DD12-8A699F9BEA3B}.Debug|Windows Mobile 5.0 Smartphone SDK (ARMV4I).Build.0 = Debug|Windows Mobile 5.0 Smartphone SDK (ARMV4I)
		{64CD4DCC-FECA-1BAD-DD12-8A699F9BEA3B}.Release|Pocket PC 2003 (ARMV4).ActiveCfg = Release|Pocket PC 2003 (ARMV4)
		{64CD4DCC-FECA-1BAD-DD12-8A699F9BEA3B}.Release|Pocket PC 2003 (ARMV4).Build.0 = Release|Pocket PC 2003 (ARMV4)
		{64CD4DCC-FECA-1BAD-DD12-8A699F9BEA3B}.Release|Smartphone 2003 (ARMV4).ActiveCfg = Release|Smartphone 2003 (ARMV4)
		{64CD4DCC-FECA-1BAD-DD12-8A699F9BEA3B}.Release|Smartphone 2003 (ARMV4).Build.0 = Release|Smartphone 2003 (ARMV4)
		{64CD4DCC-FECA-1BAD-DD12-8A699F9BEA3B}.Release|Windows Mobile 5.0 Pocket PC SDK (ARMV4I).ActiveCfg = Release|Windows Mobile 5.0 Pocket PC SDK (ARMV4I)
		{64CD4DCC-FECA-1BAD-DD12-8A699F9BEA3B}.Release|Windows Mobile 5.0 Pocket PC SDK (ARMV4I).Build.0 = Release|Windows Mobile 5.0 Pocket PC SDK (ARMV4I)
		{64CD4DCC-FECA-1BAD-DD12-8A699F9BEA3B}.Release|Windows Mobile 5.0 Smartphone SDK (ARMV4I).ActiveCfg = Release|Windows Mobile 5.0 Smartphone SDK (ARMV4I)
		{64CD4DCC-FECA-1BAD-DD12-8A699F9BEA3B}.Release|Windows Mobile 5.0 Smartphone SDK (ARMV4I).Build.0 = Release|Windows Mobile 5.0 Smartphone SDK (ARMV4I)
		{EABC121C-FECA-1BAD-DD12-8A699F9BEA3B}.Debug|Pocket PC 2003 (ARMV4).ActiveCfg = Debug|Pocket PC 2003 (ARMV4)
		{EABC121C-FECA-1BAD-DD12-8A699F9BEA3B}.Debug|Pocket PC 2003 (ARMV4).Build.0 = Debug|Pocket PC 2003 (ARMV4)
		{EABC121C-FECA-1BAD-DD12-8A699F9BEA3B}.Debug|Smartphone 2003 (ARMV4).ActiveCfg = Debug|Smartphone 2003 (ARMV4)
		{EABC121C-FECA-1BAD-DD12-8A699F9BEA3B}.Debug|Smartphone 2003 (ARMV4).Build.0 = Debug|Smartphone 2003 (ARMV4)
		{EABC121C-FECA-1BAD-DD12-8A699F9BEA3B}.Debug|Windows Mobile 5.0 Pocket PC SDK (ARMV4I).ActiveCfg = Debug|Windows Mobile 5.0 Pocket PC SDK (ARMV4I)
		{EABC121C-FECA-1BAD-DD12-8A699F9BEA3B}.Debug|Windows Mobile 5.0 Pocket PC SDK (ARMV4I).Build.0 = Debug|Windows Mobile 5.0 Pocket PC SDK (ARMV4I)
		{EABC121C-FECA-1BAD-DD12-8A699F9BEA3B}.Debug|Windows Mobile 5.0 Smartphone SDK (ARMV4I).ActiveCfg = Debug|Windows Mobile 5.0 Smartphone SDK (ARMV4I)
		{EABC121C-FECA-1BAD-DD12-8A699F9BEA3B}.Debug|Windows Mobile 5.0 Smartphone SDK (ARMV4I).Build.0 = Debug|Windows Mobile 5.0 Smartphone SDK (ARMV4I)
		{EABC121C-FECA-1BAD-DD12-8A699F9BEA3B}.Release|Pocket PC 2003 (ARMV4).ActiveCfg = Release|Pocket PC 2003 (ARMV4)
		{EABC121C-FECA-1BAD-DD12-8A699F9BEA3B}.Release|Pocket PC 2003 (ARMV4).Build.0 = Release|Pocket PC 2003 (ARMV4)
		{EABC121C-FECA-1BAD-DD12-8A699F9BEA3B}.Release|Smartphone 2003 (ARMV4).ActiveCfg = Release|Smartphone 2003 (ARMV4)
		{EABC121C-FECA-1BAD-DD12-8A699F9BEA3B}.Release|Smartphone 2003 (ARMV4).Build.0 = Release|Smartphone 2003 (ARMV4)
		{EABC121C-FECA-1BAD-DD12-8A699F9BEA3B}.Release|Windows Mobile 5.0 Pocket PC SDK (ARMV4I).ActiveCfg = Release|Windows Mobile 5.0 Pocket PC SDK (ARMV4I)
		{EABC121C-FECA-1BAD-DD12-8A699F9BEA3B}.Release|Windows Mobile 5.0 Pocket PC SDK (ARMV4I).Build.0 = Release|Windows Mobile 5.0 Pocket PC SDK (ARMV4I)
		{EABC121C-FECA-1BAD-DD12-8A699F9BEA3B}.Release|Windows Mobile 5.0 Smartphone SDK (ARMV4I).ActiveCfg = Release|Windows Mobile 5.0 Smartphone SDK (ARMV4I)
		{EABC121C-FECA-1BAD-DD12-8A699F9BEA3B}.Release|Windows Mobile 5.0 Smartphone SDK (ARMV4I).Build.0 = Release|Windows Mobile 5.0 Smartphone SDK (ARMV4I)
		{1459FA0C-FECA-1BAD-DD12-8A699F9BEA3B}.Debug|Pocket PC 2003 (ARMV4).ActiveCfg = Debug|Pocket PC 2003 (ARMV4)
		{1459FA0C-FECA-1BAD-DD12-8A699F9BEA3B}.Debug|Pocket PC 2003 (ARMV4).Build.0 = Debug|Pocket PC 2003 (ARMV4)
		{1459FA0C-FECA-1BAD-DD12-8A699F9BEA3B}.Debug|Smartphone 2003 (ARMV4).ActiveCfg = Debug|Smartphone 2003 (ARMV4)
		{1459FA0C-FECA-1BAD-DD12-8A699F9BEA3B}.Debug|Smartphone 2003 (ARMV4).Build.0 = Debug|Smartphone 2003 (ARMV4)
		{1459FA0C-FECA-1BAD-DD12-8A699F9BEA3B}.Debug|Windows Mobile 5.0 Pocket PC SDK (ARMV4I).ActiveCfg = Debug|Windows Mobile 5.0 Pocket PC SDK (ARMV4I)
		{1459FA0C-FECA-1BAD-DD12-8A699F9BEA3B}.Debug|Windows Mobile 5.0 Pocket PC SDK (ARMV4I).Build.0 = Debug|Windows Mobile 5.0 Pocket PC SDK (ARMV4I)
		{1459FA0C-FECA-1BAD-DD12-8A699F9BEA3B}.Debug|Windows Mobile 5.0 Smartphone SDK (ARMV4I).ActiveCfg = Debug|Windows Mobile 5.0 Smartphone SDK (ARMV4I)
		{1459FA0C-FECA-1BAD-DD12-8A699F9BEA3B}.Debug|Windows Mobile 5.0 Smartphone SDK (ARMV4I).Build.0 = Debug|Windows Mobile 5.0 Smartphone SDK (ARMV4I)
		{1459FA0C-FECA-1BAD-DD12-8A699F9BEA3B}.Release|Pocket PC 2003 (ARMV4).ActiveCfg = Release|Pocket PC 2003 (ARMV4)
		{1459FA0C-FECA-1BAD-DD12-8A699F9BEA3B}.Release|Pocket PC 2003 (ARMV4).Build.0 = Release|Pocket PC 2003 (ARMV4)
		{1459FA0C-FECA-1BAD-DD12-8A699F9BEA3B}.Release|Smartphone 2003 (ARMV4).ActiveCfg = Release|Smartphone 2003 (ARMV4)
		{1459FA0C-FECA-1BAD-DD12-8A699F9BEA3B}.Release|Smartphone 2003 (ARMV4).Build.0 = Release|Smartphone 2003 (ARMV4)
		{1459FA0C-FECA-1BAD-DD12-8A699F9BEA3B}.Release|Windows Mobile 5.0 Pocket PC SDK (ARMV4I).ActiveCfg = Release|Windows Mobile 5.0 Pocket PC SDK (ARMV4I)
		{1459FA0C-FECA-1BAD-DD12-8A699F9BEA3B}.Release|Windows Mobile 5.0 Pocket PC SDK (ARMV4I).Build.0 = Release|Windows Mobile 5.0 Pocket PC SDK (ARMV4I)
		{1459FA0C-FECA-1BAD-DD12-8A699F9BEA3B}.Release|Windows Mobile 5.0 Smartphone SDK (ARMV4I).ActiveCfg = Release|Windows Mobile 5.0 Smartphone SDK (ARMV4I)
		{1459FA0C-FECA-1BAD-DD12-8A699F9BEA3B}.Release|Windows Mobile 5.0 Smartphone SDK (ARMV4I).Build.0 = Release|Windows Mobile 5.0 Smartphone SDK (ARMV4I)
		{316C6B3B-FECA-1BAD-DD12-8A699F9BEA3B}.Debug|Pocket PC 2003 (ARMV4).ActiveCfg = Debug|Pocket PC 2003 (ARMV4)
		{316C6B3B-FECA-1BAD-DD12-8A699F9BEA3B}.Debug|Pocket PC 2003 (ARMV4).Build.0 = Debug|Pocket PC 2003 (ARMV4)
		{316C6B3B-FECA-1BAD-DD12-8A699F9BEA3B}.Debug|Smartphone 2003 (ARMV4).ActiveCfg = Debug|Smartphone 2003 (ARMV4)
		{316C6B3B-FECA-1BAD-DD12-8A699F9BEA3B}.Debug|Smartphone 2003 (ARMV4).Build.0 = Debug|Smartphone 2003 (ARMV4)
		{316C6B3B-FECA-1BAD-DD12-8A699F9BEA3B}.Debug|Windows Mobile 5.0 Pocket PC SDK (ARMV4I).ActiveCfg = Debug|Windows Mobile 5.0 Pocket PC SDK (ARMV4I)
		{316C6B3B-FECA-1BAD-DD12-8A699F9BEA3B}.Debug|Windows Mobile 5.0 Pocket PC SDK (ARMV4I).Build.0 = Debug|Windows Mobile 5.0 Pocket PC SDK (ARMV4I)
		{316C6B3B-FECA-1BAD-DD12-8A699F9BEA3B}.Debug|Windows Mobile 5.0 Smartphone SDK (ARMV4I).ActiveCfg = Debug|Windows Mobile 5.0 Smartphone SDK (ARMV4I)
		{316C6B3B-FECA-1BAD-DD12-8A699F9BEA3B}.Debug|Windows Mobile 5.0 Smartphone SDK (ARMV4I).Build.0 = Debug|Windows Mobile 5.0 Smartphone SDK (ARMV4I)
		{316C6B3B-FECA-1BAD-DD12-8A699F9BEA3B}.Release|Pocket PC 2003 (ARMV4).ActiveCfg = Release|Pocket PC 2003 (ARMV4)
		{316C6B3B-FECA-1BAD-DD12-8A699F9BEA3B}.Release|Pocket PC 2003 (ARMV4).Build.0 = Release|Pocket PC 2003 (ARMV4)
		{316C6B3B-FECA-1BAD-DD12-8A699F9BEA3B}.Release|Smartphone 2003 (ARMV4).ActiveCfg = Release|Smartphone 2003 (ARMV4)
		{316C6B3B-FECA-1BAD-DD12-8A699F9BEA3B}.Release|Smartphone 2003 (ARMV4).Build.0 = Release|Smartphone 2003 (ARMV4)
		{316C6B3B-FECA-1BAD-DD12-8A699F9BEA3B}.Release|Windows Mobile 5.0 Pocket PC SDK (ARMV4I).ActiveCfg = Release|Windows Mobile 5.0 Pocket PC SDK (ARMV4I)
		{316C6B3B-FECA-1BAD-DD12-8A699F9BEA3B}.Release|Windows Mobile 5.0 Pocket PC SDK (ARMV4I).Build.0 = Release|Windows Mobile 5.0 Pocket PC SDK (ARMV4I)
		{316C6B3B-FECA-1BAD-DD12-8A699F9BEA3B}.Release|Windows Mobile 5.0 Smartphone SDK (ARMV4I).ActiveCfg = Release|Windows Mobile 5.0 Smartphone SDK (ARMV4I)
		{316C6B3B-FECA-1BAD-DD12-8A699F9BEA3B}.Release|Windows Mobile 5.0 Smartphone SDK (ARMV4I).Build.0 = Release|Windows Mobile 5.0 Smartphone SDK (ARMV4I)
		{C6598106-FECA-1BAD-7EA4-8B619E93498D}.Debug|Pocket PC 2003 (ARMV4).ActiveCfg = Debug|Pocket PC 2003 (ARMV4)
		{C6598106-FECA-1BAD-7EA4-8B619E93498D}.Debug|Pocket PC 2003 (ARMV4).Build.0 = Debug|Pocket PC 2003 (ARMV4)
		{C6598106-FECA-1BAD-7EA4-8B619E93498D}.Debug|Smartphone 2003 (ARMV4).ActiveCfg = Debug|Smartphone 2003 (ARMV4)
		{C6598106-FECA-1BAD-7EA4-8B619E93498D}.Debug|Smartphone 2003 (ARMV4).Build.0 = Debug|Smartphone 2003 (ARMV4)
		{C6598106-FECA-1BAD-7EA4-8B619E93498D}.Debug|Windows Mobile 5.0 Pocket PC SDK (ARMV4I).ActiveCfg = Debug|Windows Mobile 5.0 Pocket PC SDK (ARMV4I)
		{C6598106-FECA-1BAD-7EA4-8B619E93498D}.Debug|Windows Mobile 5.0 Pocket PC SDK (ARMV4I).Build.0 = Debug|Windows Mobile 5.0 Pocket PC SDK (ARMV4I)
		{C6598106-FECA-1BAD-7EA4-8B619E93498D}.Debug|Windows Mobile 5.0 Smartphone SDK (ARMV4I).ActiveCfg = Debug|Windows Mobile 5.0 Smartphone SDK (ARMV4I)
		{C6598106-FECA-1BAD-7EA4-8B619E93498D}.Debug|Windows Mobile 5.0 Smartphone SDK (ARMV4I).Build.0 = Debug|Windows Mobile 5.0 Smartphone SDK (ARMV4I)
		{C6598106-FECA-1BAD-7EA4-8B619E93498D}.Release|Pocket PC 2003 (ARMV4).ActiveCfg = Release|Pocket PC 2003 (ARMV4)
		{C6598106-FECA-1BAD-7EA4-8B619E93498D}.Release|Pocket PC 2003 (ARMV4).Build.0 = Release|Pocket PC 2003 (ARMV4)
		{C6598106-FECA-1BAD-7EA4-8B619E93498D}.Release|Smartphone 2003 (ARMV4).ActiveCfg = Release|Smartphone 2003 (ARMV4)
		{C6598106-FECA-1BAD-7EA4-8B619E93498D}.Release|Smartphone 2003 (ARMV4).Build.0 = Release|Smartphone 2003 (ARMV4)
		{C6598106-FECA-1BAD-7EA4-8B619E93498D}.Release|Windows Mobile 5.0 Pocket PC SDK (ARMV4I).ActiveCfg = Release|Windows Mobile 5.0 Pocket PC SDK (ARMV4I)
		{C6598106-FECA-1BAD-7EA4-8B619E93498D}.Release|Windows Mobile 5.0 Pocket PC SDK (ARMV4I).Build.0 = Release|Windows Mobile 5.0 Pocket PC SDK (ARMV4I)
		{C6598106-FECA-1BAD-7EA4-8B619E93498D}.Release|Windows Mobile 5.0 Smartphone SDK (ARMV4I).ActiveCfg = Release|Windows Mobile 5.0 Smartphone SDK (ARMV4I)
		{C6598106-FECA-1BAD-7EA4-8B619E93498D}.Release|Windows Mobile 5.0 Smartphone SDK (ARMV4I).Build.0 = Release|Windows Mobile 5.0 Smartphone SDK (ARMV4I)
		{5F60C89E-FECA-1BAD-7EA4-8B619E93498D}.Debug|Pocket PC 2003 (ARMV4).ActiveCfg = Debug|Pocket PC 2003 (ARMV4)
		{5F60C89E-FECA-1BAD-7EA4-8B619E93498D}.Debug|Pocket PC 2003 (ARMV4).Build.0 = Debug|Pocket PC 2003 (ARMV4)
		{5F60C89E-FECA-1BAD-7EA4-8B619E93498D}.Debug|Smartphone 2003 (ARMV4).ActiveCfg = Debug|Smartphone 2003 (ARMV4)
		{5F60C89E-FECA-1BAD-7EA4-8B619E93498D}.Debug|Smartphone 2003 (ARMV4).Build.0 = Debug|Smartphone 2003 (ARMV4)
		{5F60C89E-FECA-1BAD-7EA4-8B619E93498D}.Debug|Windows Mobile 5.0 Pocket PC SDK (ARMV4I).ActiveCfg = Debug|Windows Mobile 5.0 Pocket PC SDK (ARMV4I)
		{5F60C89E-FECA-1BAD-7EA4-8B619E93498D}.Debug|Windows Mobile 5.0 Pocket PC SDK (ARMV4I).Build.0 = Debug|Windows Mobile 5.0 Pocket PC SDK (ARMV4I)
		{5F60C89E-FECA-1BAD-7EA4-8B619E93498D}.Debug|Windows Mobile 5.0 Smartphone SDK (ARMV4I).ActiveCfg = Debug|Windows Mobile 5.0 Smartphone SDK (ARMV4I)
		{5F60C89E-FECA-1BAD-7EA4-8B619E93498D}.Debug|Windows Mobile 5.0 Smartphone SDK (ARMV4I).Build.0 = Debug|Windows Mobile 5.0 Smartphone SDK (ARMV4I)
		{5F60C89E-FECA-1BAD-7EA4-8B619E93498D}.Release|Pocket PC 2003 (ARMV4).ActiveCfg = Release|Pocket PC 2003 (ARMV4)
		{5F60C89E-FECA-1BAD-7EA4-8B619E93498D}.Release|Pocket PC 2003 (ARMV4).Build.0 = Release|Pocket PC 2003 (ARMV4)
		{5F60C89E-FECA-1BAD-7EA4-8B619E93498D}.Release|Smartphone 2003 (ARMV4).ActiveCfg = Release|Smartphone 2003 (ARMV4)
		{5F60C89E-FECA-1BAD-7EA4-8B619E93498D}.Release|Smartphone 2003 (ARMV4).Build.0 = Release|Smartphone 2003 (ARMV4)
		{5F60C89E-FECA-1BAD-7EA4-8B619E93498D}.Release|Windows Mobile 5.0 Pocket PC SDK (ARMV4I).ActiveCfg = Release|Windows Mobile 5.0 Pocket PC SDK (ARMV4I)
		{5F60C89E-FECA-1BAD-7EA4-8B619E93498D}.Release|Windows Mobile 5.0 Pocket PC SDK (ARMV4I).Build.0 = Release|Windows Mobile 5.0 Pocket PC SDK (ARMV4I)
		{5F60C89E-FECA-1BAD-7EA4-8B619E93498D}.Release|Windows Mobile 5.0 Smartphone SDK (ARMV4I).ActiveCfg = Release|Windows Mobile 5.0 Smartphone SDK (ARMV4I)
		{5F60C89E-FECA-1BAD-7EA4-8B619E93498D}.Release|Windows Mobile 5.0 Smartphone SDK (ARMV4I).Build.0 = Release|Windows Mobile 5.0 Smartphone SDK (ARMV4I)
		{7D529B13-FECA-1BAD-ECF7-1F183BECFC88}.Debug|Pocket PC 2003 (ARMV4).ActiveCfg = Debug|Pocket PC 2003 (ARMV4)
		{7D529B13-FECA-1BAD-ECF7-1F183BECFC88}.Debug|Pocket PC 2003 (ARMV4).Build.0 = Debug|Pocket PC 2003 (ARMV4)
		{7D529B13-FECA-1BAD-ECF7-1F183BECFC88}.Debug|Smartphone 2003 (ARMV4).ActiveCfg = Debug|Smartphone 2003 (ARMV4)
		{7D529B13-FECA-1BAD-ECF7-1F183BECFC88}.Debug|Smartphone 2003 (ARMV4).Build.0 = Debug|Smartphone 2003 (ARMV4)
		{7D529B13-FECA-1BAD-ECF7-1F183BECFC88}.Debug|Windows Mobile 5.0 Pocket PC SDK (ARMV4I).ActiveCfg = Debug|Windows Mobile 5.0 Pocket PC SDK (ARMV4I)
		{7D529B13-FECA-1BAD-ECF7-1F183BECFC88}.Debug|Windows Mobile 5.0 Pocket PC SDK (ARMV4I).Build.0 = Debug|Windows Mobile 5.0 Pocket PC SDK (ARMV4I)
		{7D529B13-FECA-1BAD-ECF7-1F183BECFC88}.Debug|Windows Mobile 5.0 Smartphone SDK (ARMV4I).ActiveCfg = Debug|Windows Mobile 5.0 Smartphone SDK (ARMV4I)
		{7D529B13-FECA-1BAD-ECF7-1F183BECFC88}.Debug|Windows Mobile 5.0 Smartphone SDK (ARMV4I).Build.0 = Debug|Windows Mobile 5.0 Smartphone SDK (ARMV4I)
		{7D529B13-FECA-1BAD-ECF7-1F183BECFC88}.Release|Pocket PC 2003 (ARMV4).ActiveCfg = Release|Pocket PC 2003 (ARMV4)
		{7D529B13-FECA-1BAD-ECF7-1F183BECFC88}.Release|Pocket PC 2003 (ARMV4).Build.0 = Release|Pocket PC 2003 (ARMV4)
		{7D529B13-FECA-1BAD-ECF7-1F183BECFC88}.Release|Smartphone 2003 (ARMV4).ActiveCfg = Release|Smartphone 2003 (ARMV4)
		{7D529B13-FECA-1BAD-ECF7-1F183BECFC88}.Release|Smartphone 2003 (ARMV4).Build.0 = Release|Smartphone 2003 (ARMV4)
		{7D529B13-FECA-1BAD-ECF7-1F183BECFC88}.Release|Windows Mobile 5.0 Pocket PC SDK (ARMV4I).ActiveCfg = Release|Windows Mobile 5.0 Pocket PC SDK (ARMV4I)
		{7D529B13-FECA-1BAD-ECF7-1F183BECFC88}.Release|Windows Mobile 5.0 Pocket PC SDK (ARMV4I).Build.0 = Release|Windows Mobile 5.0 Pocket PC SDK (ARMV4I)
		{7D529B13-FECA-1BAD-ECF7-1F183BECFC88}.Release|Windows Mobile 5.0 Smartphone SDK (ARMV4I).ActiveCfg = Release|Windows Mobile 5.0 Smartphone SDK (ARMV4I)
		{7D529B13-FECA-1BAD-ECF7-1F183BECFC88}.Release|Windows Mobile 5.0 Smartphone SDK (ARMV4I).Build.0 = Release|Windows Mobile 5.0 Smartphone SDK (ARMV4I)
		{75B16845-FECA-1BAD-ECF7-1F183BECFC88}.Debug|Pocket PC 2003 (ARMV4).ActiveCfg = Debug|Pocket PC 2003 (ARMV4)
		{75B16845-FECA-1BAD-ECF7-1F183BECFC88}.Debug|Pocket PC 2003 (ARMV4).Build.0 = Debug|Pocket PC 2003 (ARMV4)
		{75B16845-FECA-1BAD-ECF7-1F183BECFC88}.Debug|Smartphone 2003 (ARMV4).ActiveCfg = Debug|Smartphone 2003 (ARMV4)
		{75B16845-FECA-1BAD-ECF7-1F183BECFC88}.Debug|Smartphone 2003 (ARMV4).Build.0 = Debug|Smartphone 2003 (ARMV4)
		{75B16845-FECA-1BAD-ECF7-1F183BECFC88}.Debug|Windows Mobile 5.0 Pocket PC SDK (ARMV4I).ActiveCfg = Debug|Windows Mobile 5.0 Pocket PC SDK (ARMV4I)
		{75B16845-FECA-1BAD-ECF7-1F183BECFC88}.Debug|Windows Mobile 5.0 Pocket PC SDK (ARMV4I).Build.0 = Debug|Windows Mobile 5.0 Pocket PC SDK (ARMV4I)
		{75B16845-FECA-1BAD-ECF7-1F183BECFC88}.Debug|Windows Mobile 5.0 Smartphone SDK (ARMV4I).ActiveCfg = Debug|Windows Mobile 5.0 Smartphone SDK (ARMV4I)
		{75B16845-FECA-1BAD-ECF7-1F183BECFC88}.Debug|Windows Mobile 5.0 Smartphone SDK (ARMV4I).Build.0 = Debug|Windows Mobile 5.0 Smartphone SDK (ARMV4I)
		{75B16845-FECA-1BAD-ECF7-1F183BECFC88}.Release|Pocket PC 2003 (ARMV4).ActiveCfg = Release|Pocket PC 2003 (ARMV4)
		{75B16845-FECA-1BAD-ECF7-1F183BECFC88}.Release|Pocket PC 2003 (ARMV4).Build.0 = Release|Pocket PC 2003 (ARMV4)
		{75B16845-FECA-1BAD-ECF7-1F183BECFC88}.Release|Smartphone 2003 (ARMV4).ActiveCfg = Release|Smartphone 2003 (ARMV4)
		{75B16845-FECA-1BAD-ECF7-1F183BECFC88}.Release|Smartphone 2003 (ARMV4).Build.0 = Release|Smartphone 2003 (ARMV4)
		{75B16845-FECA-1BAD-ECF7-1F183BECFC88}.Release|Windows Mobile 5.0 Pocket PC SDK (ARMV4I).ActiveCfg = Release|Windows Mobile 5.0 Pocket PC SDK (ARMV4I)
		{75B16845-FECA-1BAD-ECF7-1F183BECFC88}.Release|Windows Mobile 5.0 Pocket PC SDK (ARMV4I).Build.0 = Release|Windows Mobile 5.0 Pocket PC SDK (ARMV4I)
		{75B16845-FECA-1BAD-ECF7-1F183BECFC88}.Release|Windows Mobile 5.0 Smartphone SDK (ARMV4I).ActiveCfg = Release|Windows Mobile 5.0 Smartphone SDK (ARMV4I)
		{75B16845-FECA-1BAD-ECF7-1F183BECFC88}.Release|Windows Mobile 5.0 Smartphone SDK (ARMV4I).Build.0 = Release|Windows Mobile 5.0 Smartphone SDK (ARMV4I)
	EndGlobalSection
	GlobalSection(SolutionProperties) = preSolution
		HideSolutionNode = FALSE
	EndGlobalSection
EndGlobal
