
Microsoft Visual Studio Solution File, Format Version 9.00
# Visual Studio 2005
# $Id: VC8WorkspaceCreator.pm 1139 2007-02-08 19:49:06Z elliott_c $
#
# This file was generated by MPC.  Any changes made directly to
# this file will be lost the next time it is generated.
#
# MPC Command:
# /export/anduriltmp/bczar/DOC_ROOT/stage-29192/ACE_wrappers/bin/mwc.pl -type vc8 -recurse -hierarchy -relative ACE_ROOT=/export/anduriltmp/bczar/DOC_ROOT/stage-29192/ACE_wrappers -relative TAO_ROOT=/export/anduriltmp/bczar/DOC_ROOT/stage-29192/ACE_wrappers/TAO -relative CIAO_ROOT=/export/anduriltmp/bczar/DOC_ROOT/stage-29192/ACE_wrappers/TAO/CIAO -exclude TAO/TAO_*.mwc,TAO/CIAO/CIAO_*.mwc -name_modifier *_WinCE -features uses_wchar=1,wince=1 -value_template "platforms="Pocket PC 2003 (ARMV4)"" -value_template "platforms+="Smartphone 2003 (ARMV4)"" -value_template "platforms+="Windows Mobile 5.0 Pocket PC SDK (ARMV4I)"" -value_template "platforms+="Windows Mobile 5.0 Smartphone SDK (ARMV4I)""
Project("{8BC9CEB8-8B4A-11D0-8D11-00A0C91BC942}") = "Reactor_Dgram_CO", "Dgram\Reactor_Dgram_CO_WinCE.vcproj", "{49485807-FECA-1BAD-333D-0D85909B9DD8}"
EndProject
Project("{8BC9CEB8-8B4A-11D0-8D11-00A0C91BC942}") = "Reactor_Dgram", "Dgram\Reactor_Dgram_WinCE.vcproj", "{4AA6155E-FECA-1BAD-333D-0D85909B9DD8}"
EndProject
Project("{8BC9CEB8-8B4A-11D0-8D11-00A0C91BC942}") = "Reactor_FIFO_Client", "FIFO\Reactor_FIFO_Client_WinCE.vcproj", "{2E40F6EC-FECA-1BAD-6E59-A21D5909B4B5}"
EndProject
Project("{8BC9CEB8-8B4A-11D0-8D11-00A0C91BC942}") = "Reactor_FIFO_Server", "FIFO\Reactor_FIFO_Server_WinCE.vcproj", "{1520E666-FECA-1BAD-6E59-A21D5909B4B5}"
EndProject
Project("{8BC9CEB8-8B4A-11D0-8D11-00A0C91BC942}") = "Reactor_Misc_Demuxing", "Misc\Reactor_Misc_Demuxing_WinCE.vcproj", "{A3B42FEE-FECA-1BAD-FD25-A21D590927C9}"
EndProject
Project("{8BC9CEB8-8B4A-11D0-8D11-00A0C91BC942}") = "Reactor_Misc_Early_Timeouts", "Misc\Reactor_Misc_Early_Timeouts_WinCE.vcproj", "{1BEE0B1F-FECA-1BAD-FD25-A21D590927C9}"
EndProject
Project("{8BC9CEB8-8B4A-11D0-8D11-00A0C91BC942}") = "Reactor_Misc_Event_Handler_t", "Misc\Reactor_Misc_Event_Handler_t_WinCE.vcproj", "{C8D04E49-FECA-1BAD-FD25-A21D590927C9}"
EndProject
Project("{8BC9CEB8-8B4A-11D0-8D11-00A0C91BC942}") = "Reactor_Misc_Notification", "Misc\Reactor_Misc_Notification_WinCE.vcproj", "{7CB3BCCF-FECA-1BAD-FD25-A21D590927C9}"
EndProject
Project("{8BC9CEB8-8B4A-11D0-8D11-00A0C91BC942}") = "Reactor_Misc_Pingpong", "Misc\Reactor_Misc_Pingpong_WinCE.vcproj", "{C3A0EDC6-FECA-1BAD-FD25-A21D590927C9}"
EndProject
Project("{8BC9CEB8-8B4A-11D0-8D11-00A0C91BC942}") = "Reactor_Misc_Reactors", "Misc\Reactor_Misc_Reactors_WinCE.vcproj", "{DEE22282-FECA-1BAD-FD25-A21D590927C9}"
EndProject
Project("{8BC9CEB8-8B4A-11D0-8D11-00A0C91BC942}") = "Reactor_Misc_Signals_1", "Misc\Reactor_Misc_Signals_1_WinCE.vcproj", "{3D969C94-FECA-1BAD-FD25-A21D590927C9}"
EndProject
Project("{8BC9CEB8-8B4A-11D0-8D11-00A0C91BC942}") = "Reactor_Misc_Signals_2", "Misc\Reactor_Misc_Signals_2_WinCE.vcproj", "{3DA69C94-FECA-1BAD-FD25-A21D590927C9}"
EndProject
Project("{8BC9CEB8-8B4A-11D0-8D11-00A0C91BC942}") = "Reactor_Misc_Timer_Queue", "Misc\Reactor_Misc_Timer_Queue_WinCE.vcproj", "{F253C376-FECA-1BAD-FD25-A21D590927C9}"
EndProject
Project("{8BC9CEB8-8B4A-11D0-8D11-00A0C91BC942}") = "Reactor_Multicast_Client", "Multicast\Reactor_Multicast_Client_WinCE.vcproj", "{91B1D2FF-FECA-1BAD-D1A8-860EA28AC6D7}"
EndProject
Project("{8BC9CEB8-8B4A-11D0-8D11-00A0C91BC942}") = "Reactor_Multicast_Server", "Multicast\Reactor_Multicast_Server_WinCE.vcproj", "{AAD1C275-FECA-1BAD-D1A8-860EA28AC6D7}"
EndProject
Project("{8BC9CEB8-8B4A-11D0-8D11-00A0C91BC942}") = "Reactor_Ntalker", "Ntalker\Reactor_Ntalker_WinCE.vcproj", "{8300BA33-FECA-1BAD-EFA7-677390BE08B2}"
EndProject
Project("{8BC9CEB8-8B4A-11D0-8D11-00A0C91BC942}") = "Proactor_Cancel", "Proactor\Proactor_Cancel_WinCE.vcproj", "{681CAAD2-FECA-1BAD-4285-FEF4ED0D1B8A}"
EndProject
Project("{8BC9CEB8-8B4A-11D0-8D11-00A0C91BC942}") = "Proactor_End_Event_Loops", "Proactor\Proactor_End_Event_Loops_WinCE.vcproj", "{F67B01FB-FECA-1BAD-4285-FEF4ED0D1B8A}"
EndProject
Project("{8BC9CEB8-8B4A-11D0-8D11-00A0C91BC942}") = "Proactor_Multiple_Loops", "Proactor\Proactor_Multiple_Loops_WinCE.vcproj", "{9286AE38-FECA-1BAD-4285-FEF4ED0D1B8A}"
EndProject
Project("{8BC9CEB8-8B4A-11D0-8D11-00A0C91BC942}") = "Proactor_Post_Completions", "Proactor\Proactor_Post_Completions_WinCE.vcproj", "{3B1ADA4B-FECA-1BAD-4285-FEF4ED0D1B8A}"
EndProject
Project("{8BC9CEB8-8B4A-11D0-8D11-00A0C91BC942}") = "Proactor_Proactor", "Proactor\Proactor_Proactor_WinCE.vcproj", "{D3ADB50B-FECA-1BAD-4285-FEF4ED0D1B8A}"
EndProject
Project("{8BC9CEB8-8B4A-11D0-8D11-00A0C91BC942}") = "Proactor_Timeout", "Proactor\Proactor_Timeout_WinCE.vcproj", "{D3330DFA-FECA-1BAD-4285-FEF4ED0D1B8A}"
EndProject
Project("{8BC9CEB8-8B4A-11D0-8D11-00A0C91BC942}") = "Proactor_Udp_Proactor", "Proactor\Proactor_Udp_Proactor_WinCE.vcproj", "{F39BA09E-FECA-1BAD-4285-FEF4ED0D1B8A}"
EndProject
Project("{8BC9CEB8-8B4A-11D0-8D11-00A0C91BC942}") = "TP_Reactor_Client", "TP_Reactor\TP_Reactor_Client_WinCE.vcproj", "{078C7AA5-FECA-1BAD-4795-2E543E6E4A0E}"
EndProject
Project("{8BC9CEB8-8B4A-11D0-8D11-00A0C91BC942}") = "TP_Reactor_Server", "TP_Reactor\TP_Reactor_Server_WinCE.vcproj", "{3CEC6A2F-FECA-1BAD-4795-2E543E6E4A0E}"
EndProject
Project("{8BC9CEB8-8B4A-11D0-8D11-00A0C91BC942}") = "WFMO_Reactor_Abandoned", "WFMO_Reactor\WFMO_Reactor_Abandoned_WinCE.vcproj", "{2B293415-FECA-1BAD-701A-2E51FD3FE982}"
EndProject
Project("{8BC9CEB8-8B4A-11D0-8D11-00A0C91BC942}") = "WFMO_Reactor_Console_Input", "WFMO_Reactor\WFMO_Reactor_Console_Input_WinCE.vcproj", "{B985B1DE-FECA-1BAD-701A-2E51FD3FE982}"
EndProject
Project("{8BC9CEB8-8B4A-11D0-8D11-00A0C91BC942}") = "WFMO_Reactor_Directory_Changes", "WFMO_Reactor\WFMO_Reactor_Directory_Changes_WinCE.vcproj", "{3FC85106-FECA-1BAD-701A-2E51FD3FE982}"
EndProject
Project("{8BC9CEB8-8B4A-11D0-8D11-00A0C91BC942}") = "WFMO_Reactor_Exceptions", "WFMO_Reactor\WFMO_Reactor_Exceptions_WinCE.vcproj", "{F6B93C0F-FECA-1BAD-701A-2E51FD3FE982}"
EndProject
Project("{8BC9CEB8-8B4A-11D0-8D11-00A0C91BC942}") = "WFMO_Reactor_Handle_Close", "WFMO_Reactor\WFMO_Reactor_Handle_Close_WinCE.vcproj", "{B6547D7D-FECA-1BAD-701A-2E51FD3FE982}"
EndProject
Project("{8BC9CEB8-8B4A-11D0-8D11-00A0C91BC942}") = "WFMO_Reactor_Multithreading", "WFMO_Reactor\WFMO_Reactor_Multithreading_WinCE.vcproj", "{DF1C3646-FECA-1BAD-701A-2E51FD3FE982}"
EndProject
Project("{8BC9CEB8-8B4A-11D0-8D11-00A0C91BC942}") = "WFMO_Reactor_Network_Events", "WFMO_Reactor\WFMO_Reactor_Network_Events_WinCE.vcproj", "{823DC52F-FECA-1BAD-701A-2E51FD3FE982}"
EndProject
Project("{8BC9CEB8-8B4A-11D0-8D11-00A0C91BC942}") = "WFMO_Reactor_Prerun_State_Changes", "WFMO_Reactor\WFMO_Reactor_Prerun_State_Changes_WinCE.vcproj", "{79469204-FECA-1BAD-701A-2E51FD3FE982}"
EndProject
Project("{8BC9CEB8-8B4A-11D0-8D11-00A0C91BC942}") = "WFMO_Reactor_Registration", "WFMO_Reactor\WFMO_Reactor_Registration_WinCE.vcproj", "{832A425F-FECA-1BAD-701A-2E51FD3FE982}"
EndProject
Project("{8BC9CEB8-8B4A-11D0-8D11-00A0C91BC942}") = "WFMO_Reactor_Removals", "WFMO_Reactor\WFMO_Reactor_Removals_WinCE.vcproj", "{1F6E62CD-FECA-1BAD-701A-2E51FD3FE982}"
EndProject
Project("{8BC9CEB8-8B4A-11D0-8D11-00A0C91BC942}") = "WFMO_Reactor_Suspended_Removals", "WFMO_Reactor\WFMO_Reactor_Suspended_Removals_WinCE.vcproj", "{33DC4322-FECA-1BAD-701A-2E51FD3FE982}"
EndProject
Project("{8BC9CEB8-8B4A-11D0-8D11-00A0C91BC942}") = "WFMO_Reactor_Timeouts", "WFMO_Reactor\WFMO_Reactor_Timeouts_WinCE.vcproj", "{4768A275-FECA-1BAD-701A-2E51FD3FE982}"
EndProject
Global
	GlobalSection(SolutionConfigurationPlatforms) = preSolution
		Debug|Pocket PC 2003 (ARMV4) = Debug|Pocket PC 2003 (ARMV4)
		Debug|Smartphone 2003 (ARMV4) = Debug|Smartphone 2003 (ARMV4)
		Debug|Windows Mobile 5.0 Pocket PC SDK (ARMV4I) = Debug|Windows Mobile 5.0 Pocket PC SDK (ARMV4I)
		Debug|Windows Mobile 5.0 Smartphone SDK (ARMV4I) = Debug|Windows Mobile 5.0 Smartphone SDK (ARMV4I)
		Release|Pocket PC 2003 (ARMV4) = Release|Pocket PC 2003 (ARMV4)
		Release|Smartphone 2003 (ARMV4) = Release|Smartphone 2003 (ARMV4)
		Release|Windows Mobile 5.0 Pocket PC SDK (ARMV4I) = Release|Windows Mobile 5.0 Pocket PC SDK (ARMV4I)
		Release|Windows Mobile 5.0 Smartphone SDK (ARMV4I) = Release|Windows Mobile 5.0 Smartphone SDK (ARMV4I)
	EndGlobalSection
	GlobalSection(ProjectConfigurationPlatforms) = postSolution
		{49485807-FECA-1BAD-333D-0D85909B9DD8}.Debug|Pocket PC 2003 (ARMV4).ActiveCfg = Debug|Pocket PC 2003 (ARMV4)
		{49485807-FECA-1BAD-333D-0D85909B9DD8}.Debug|Pocket PC 2003 (ARMV4).Build.0 = Debug|Pocket PC 2003 (ARMV4)
		{49485807-FECA-1BAD-333D-0D85909B9DD8}.Debug|Smartphone 2003 (ARMV4).ActiveCfg = Debug|Smartphone 2003 (ARMV4)
		{49485807-FECA-1BAD-333D-0D85909B9DD8}.Debug|Smartphone 2003 (ARMV4).Build.0 = Debug|Smartphone 2003 (ARMV4)
		{49485807-FECA-1BAD-333D-0D85909B9DD8}.Debug|Windows Mobile 5.0 Pocket PC SDK (ARMV4I).ActiveCfg = Debug|Windows Mobile 5.0 Pocket PC SDK (ARMV4I)
		{49485807-FECA-1BAD-333D-0D85909B9DD8}.Debug|Windows Mobile 5.0 Pocket PC SDK (ARMV4I).Build.0 = Debug|Windows Mobile 5.0 Pocket PC SDK (ARMV4I)
		{49485807-FECA-1BAD-333D-0D85909B9DD8}.Debug|Windows Mobile 5.0 Smartphone SDK (ARMV4I).ActiveCfg = Debug|Windows Mobile 5.0 Smartphone SDK (ARMV4I)
		{49485807-FECA-1BAD-333D-0D85909B9DD8}.Debug|Windows Mobile 5.0 Smartphone SDK (ARMV4I).Build.0 = Debug|Windows Mobile 5.0 Smartphone SDK (ARMV4I)
		{49485807-FECA-1BAD-333D-0D85909B9DD8}.Release|Pocket PC 2003 (ARMV4).ActiveCfg = Release|Pocket PC 2003 (ARMV4)
		{49485807-FECA-1BAD-333D-0D85909B9DD8}.Release|Pocket PC 2003 (ARMV4).Build.0 = Release|Pocket PC 2003 (ARMV4)
		{49485807-FECA-1BAD-333D-0D85909B9DD8}.Release|Smartphone 2003 (ARMV4).ActiveCfg = Release|Smartphone 2003 (ARMV4)
		{49485807-FECA-1BAD-333D-0D85909B9DD8}.Release|Smartphone 2003 (ARMV4).Build.0 = Release|Smartphone 2003 (ARMV4)
		{49485807-FECA-1BAD-333D-0D85909B9DD8}.Release|Windows Mobile 5.0 Pocket PC SDK (ARMV4I).ActiveCfg = Release|Windows Mobile 5.0 Pocket PC SDK (ARMV4I)
		{49485807-FECA-1BAD-333D-0D85909B9DD8}.Release|Windows Mobile 5.0 Pocket PC SDK (ARMV4I).Build.0 = Release|Windows Mobile 5.0 Pocket PC SDK (ARMV4I)
		{49485807-FECA-1BAD-333D-0D85909B9DD8}.Release|Windows Mobile 5.0 Smartphone SDK (ARMV4I).ActiveCfg = Release|Windows Mobile 5.0 Smartphone SDK (ARMV4I)
		{49485807-FECA-1BAD-333D-0D85909B9DD8}.Release|Windows Mobile 5.0 Smartphone SDK (ARMV4I).Build.0 = Release|Windows Mobile 5.0 Smartphone SDK (ARMV4I)
		{4AA6155E-FECA-1BAD-333D-0D85909B9DD8}.Debug|Pocket PC 2003 (ARMV4).ActiveCfg = Debug|Pocket PC 2003 (ARMV4)
		{4AA6155E-FECA-1BAD-333D-0D85909B9DD8}.Debug|Pocket PC 2003 (ARMV4).Build.0 = Debug|Pocket PC 2003 (ARMV4)
		{4AA6155E-FECA-1BAD-333D-0D85909B9DD8}.Debug|Smartphone 2003 (ARMV4).ActiveCfg = Debug|Smartphone 2003 (ARMV4)
		{4AA6155E-FECA-1BAD-333D-0D85909B9DD8}.Debug|Smartphone 2003 (ARMV4).Build.0 = Debug|Smartphone 2003 (ARMV4)
		{4AA6155E-FECA-1BAD-333D-0D85909B9DD8}.Debug|Windows Mobile 5.0 Pocket PC SDK (ARMV4I).ActiveCfg = Debug|Windows Mobile 5.0 Pocket PC SDK (ARMV4I)
		{4AA6155E-FECA-1BAD-333D-0D85909B9DD8}.Debug|Windows Mobile 5.0 Pocket PC SDK (ARMV4I).Build.0 = Debug|Windows Mobile 5.0 Pocket PC SDK (ARMV4I)
		{4AA6155E-FECA-1BAD-333D-0D85909B9DD8}.Debug|Windows Mobile 5.0 Smartphone SDK (ARMV4I).ActiveCfg = Debug|Windows Mobile 5.0 Smartphone SDK (ARMV4I)
		{4AA6155E-FECA-1BAD-333D-0D85909B9DD8}.Debug|Windows Mobile 5.0 Smartphone SDK (ARMV4I).Build.0 = Debug|Windows Mobile 5.0 Smartphone SDK (ARMV4I)
		{4AA6155E-FECA-1BAD-333D-0D85909B9DD8}.Release|Pocket PC 2003 (ARMV4).ActiveCfg = Release|Pocket PC 2003 (ARMV4)
		{4AA6155E-FECA-1BAD-333D-0D85909B9DD8}.Release|Pocket PC 2003 (ARMV4).Build.0 = Release|Pocket PC 2003 (ARMV4)
		{4AA6155E-FECA-1BAD-333D-0D85909B9DD8}.Release|Smartphone 2003 (ARMV4).ActiveCfg = Release|Smartphone 2003 (ARMV4)
		{4AA6155E-FECA-1BAD-333D-0D85909B9DD8}.Release|Smartphone 2003 (ARMV4).Build.0 = Release|Smartphone 2003 (ARMV4)
		{4AA6155E-FECA-1BAD-333D-0D85909B9DD8}.Release|Windows Mobile 5.0 Pocket PC SDK (ARMV4I).ActiveCfg = Release|Windows Mobile 5.0 Pocket PC SDK (ARMV4I)
		{4AA6155E-FECA-1BAD-333D-0D85909B9DD8}.Release|Windows Mobile 5.0 Pocket PC SDK (ARMV4I).Build.0 = Release|Windows Mobile 5.0 Pocket PC SDK (ARMV4I)
		{4AA6155E-FECA-1BAD-333D-0D85909B9DD8}.Release|Windows Mobile 5.0 Smartphone SDK (ARMV4I).ActiveCfg = Release|Windows Mobile 5.0 Smartphone SDK (ARMV4I)
		{4AA6155E-FECA-1BAD-333D-0D85909B9DD8}.Release|Windows Mobile 5.0 Smartphone SDK (ARMV4I).Build.0 = Release|Windows Mobile 5.0 Smartphone SDK (ARMV4I)
		{2E40F6EC-FECA-1BAD-6E59-A21D5909B4B5}.Debug|Pocket PC 2003 (ARMV4).ActiveCfg = Debug|Pocket PC 2003 (ARMV4)
		{2E40F6EC-FECA-1BAD-6E59-A21D5909B4B5}.Debug|Pocket PC 2003 (ARMV4).Build.0 = Debug|Pocket PC 2003 (ARMV4)
		{2E40F6EC-FECA-1BAD-6E59-A21D5909B4B5}.Debug|Smartphone 2003 (ARMV4).ActiveCfg = Debug|Smartphone 2003 (ARMV4)
		{2E40F6EC-FECA-1BAD-6E59-A21D5909B4B5}.Debug|Smartphone 2003 (ARMV4).Build.0 = Debug|Smartphone 2003 (ARMV4)
		{2E40F6EC-FECA-1BAD-6E59-A21D5909B4B5}.Debug|Windows Mobile 5.0 Pocket PC SDK (ARMV4I).ActiveCfg = Debug|Windows Mobile 5.0 Pocket PC SDK (ARMV4I)
		{2E40F6EC-FECA-1BAD-6E59-A21D5909B4B5}.Debug|Windows Mobile 5.0 Pocket PC SDK (ARMV4I).Build.0 = Debug|Windows Mobile 5.0 Pocket PC SDK (ARMV4I)
		{2E40F6EC-FECA-1BAD-6E59-A21D5909B4B5}.Debug|Windows Mobile 5.0 Smartphone SDK (ARMV4I).ActiveCfg = Debug|Windows Mobile 5.0 Smartphone SDK (ARMV4I)
		{2E40F6EC-FECA-1BAD-6E59-A21D5909B4B5}.Debug|Windows Mobile 5.0 Smartphone SDK (ARMV4I).Build.0 = Debug|Windows Mobile 5.0 Smartphone SDK (ARMV4I)
		{2E40F6EC-FECA-1BAD-6E59-A21D5909B4B5}.Release|Pocket PC 2003 (ARMV4).ActiveCfg = Release|Pocket PC 2003 (ARMV4)
		{2E40F6EC-FECA-1BAD-6E59-A21D5909B4B5}.Release|Pocket PC 2003 (ARMV4).Build.0 = Release|Pocket PC 2003 (ARMV4)
		{2E40F6EC-FECA-1BAD-6E59-A21D5909B4B5}.Release|Smartphone 2003 (ARMV4).ActiveCfg = Release|Smartphone 2003 (ARMV4)
		{2E40F6EC-FECA-1BAD-6E59-A21D5909B4B5}.Release|Smartphone 2003 (ARMV4).Build.0 = Release|Smartphone 2003 (ARMV4)
		{2E40F6EC-FECA-1BAD-6E59-A21D5909B4B5}.Release|Windows Mobile 5.0 Pocket PC SDK (ARMV4I).ActiveCfg = Release|Windows Mobile 5.0 Pocket PC SDK (ARMV4I)
		{2E40F6EC-FECA-1BAD-6E59-A21D5909B4B5}.Release|Windows Mobile 5.0 Pocket PC SDK (ARMV4I).Build.0 = Release|Windows Mobile 5.0 Pocket PC SDK (ARMV4I)
		{2E40F6EC-FECA-1BAD-6E59-A21D5909B4B5}.Release|Windows Mobile 5.0 Smartphone SDK (ARMV4I).ActiveCfg = Release|Windows Mobile 5.0 Smartphone SDK (ARMV4I)
		{2E40F6EC-FECA-1BAD-6E59-A21D5909B4B5}.Release|Windows Mobile 5.0 Smartphone SDK (ARMV4I).Build.0 = Release|Windows Mobile 5.0 Smartphone SDK (ARMV4I)
		{1520E666-FECA-1BAD-6E59-A21D5909B4B5}.Debug|Pocket PC 2003 (ARMV4).ActiveCfg = Debug|Pocket PC 2003 (ARMV4)
		{1520E666-FECA-1BAD-6E59-A21D5909B4B5}.Debug|Pocket PC 2003 (ARMV4).Build.0 = Debug|Pocket PC 2003 (ARMV4)
		{1520E666-FECA-1BAD-6E59-A21D5909B4B5}.Debug|Smartphone 2003 (ARMV4).ActiveCfg = Debug|Smartphone 2003 (ARMV4)
		{1520E666-FECA-1BAD-6E59-A21D5909B4B5}.Debug|Smartphone 2003 (ARMV4).Build.0 = Debug|Smartphone 2003 (ARMV4)
		{1520E666-FECA-1BAD-6E59-A21D5909B4B5}.Debug|Windows Mobile 5.0 Pocket PC SDK (ARMV4I).ActiveCfg = Debug|Windows Mobile 5.0 Pocket PC SDK (ARMV4I)
		{1520E666-FECA-1BAD-6E59-A21D5909B4B5}.Debug|Windows Mobile 5.0 Pocket PC SDK (ARMV4I).Build.0 = Debug|Windows Mobile 5.0 Pocket PC SDK (ARMV4I)
		{1520E666-FECA-1BAD-6E59-A21D5909B4B5}.Debug|Windows Mobile 5.0 Smartphone SDK (ARMV4I).ActiveCfg = Debug|Windows Mobile 5.0 Smartphone SDK (ARMV4I)
		{1520E666-FECA-1BAD-6E59-A21D5909B4B5}.Debug|Windows Mobile 5.0 Smartphone SDK (ARMV4I).Build.0 = Debug|Windows Mobile 5.0 Smartphone SDK (ARMV4I)
		{1520E666-FECA-1BAD-6E59-A21D5909B4B5}.Release|Pocket PC 2003 (ARMV4).ActiveCfg = Release|Pocket PC 2003 (ARMV4)
		{1520E666-FECA-1BAD-6E59-A21D5909B4B5}.Release|Pocket PC 2003 (ARMV4).Build.0 = Release|Pocket PC 2003 (ARMV4)
		{1520E666-FECA-1BAD-6E59-A21D5909B4B5}.Release|Smartphone 2003 (ARMV4).ActiveCfg = Release|Smartphone 2003 (ARMV4)
		{1520E666-FECA-1BAD-6E59-A21D5909B4B5}.Release|Smartphone 2003 (ARMV4).Build.0 = Release|Smartphone 2003 (ARMV4)
		{1520E666-FECA-1BAD-6E59-A21D5909B4B5}.Release|Windows Mobile 5.0 Pocket PC SDK (ARMV4I).ActiveCfg = Release|Windows Mobile 5.0 Pocket PC SDK (ARMV4I)
		{1520E666-FECA-1BAD-6E59-A21D5909B4B5}.Release|Windows Mobile 5.0 Pocket PC SDK (ARMV4I).Build.0 = Release|Windows Mobile 5.0 Pocket PC SDK (ARMV4I)
		{1520E666-FECA-1BAD-6E59-A21D5909B4B5}.Release|Windows Mobile 5.0 Smartphone SDK (ARMV4I).ActiveCfg = Release|Windows Mobile 5.0 Smartphone SDK (ARMV4I)
		{1520E666-FECA-1BAD-6E59-A21D5909B4B5}.Release|Windows Mobile 5.0 Smartphone SDK (ARMV4I).Build.0 = Release|Windows Mobile 5.0 Smartphone SDK (ARMV4I)
		{A3B42FEE-FECA-1BAD-FD25-A21D590927C9}.Debug|Pocket PC 2003 (ARMV4).ActiveCfg = Debug|Pocket PC 2003 (ARMV4)
		{A3B42FEE-FECA-1BAD-FD25-A21D590927C9}.Debug|Pocket PC 2003 (ARMV4).Build.0 = Debug|Pocket PC 2003 (ARMV4)
		{A3B42FEE-FECA-1BAD-FD25-A21D590927C9}.Debug|Smartphone 2003 (ARMV4).ActiveCfg = Debug|Smartphone 2003 (ARMV4)
		{A3B42FEE-FECA-1BAD-FD25-A21D590927C9}.Debug|Smartphone 2003 (ARMV4).Build.0 = Debug|Smartphone 2003 (ARMV4)
		{A3B42FEE-FECA-1BAD-FD25-A21D590927C9}.Debug|Windows Mobile 5.0 Pocket PC SDK (ARMV4I).ActiveCfg = Debug|Windows Mobile 5.0 Pocket PC SDK (ARMV4I)
		{A3B42FEE-FECA-1BAD-FD25-A21D590927C9}.Debug|Windows Mobile 5.0 Pocket PC SDK (ARMV4I).Build.0 = Debug|Windows Mobile 5.0 Pocket PC SDK (ARMV4I)
		{A3B42FEE-FECA-1BAD-FD25-A21D590927C9}.Debug|Windows Mobile 5.0 Smartphone SDK (ARMV4I).ActiveCfg = Debug|Windows Mobile 5.0 Smartphone SDK (ARMV4I)
		{A3B42FEE-FECA-1BAD-FD25-A21D590927C9}.Debug|Windows Mobile 5.0 Smartphone SDK (ARMV4I).Build.0 = Debug|Windows Mobile 5.0 Smartphone SDK (ARMV4I)
		{A3B42FEE-FECA-1BAD-FD25-A21D590927C9}.Release|Pocket PC 2003 (ARMV4).ActiveCfg = Release|Pocket PC 2003 (ARMV4)
		{A3B42FEE-FECA-1BAD-FD25-A21D590927C9}.Release|Pocket PC 2003 (ARMV4).Build.0 = Release|Pocket PC 2003 (ARMV4)
		{A3B42FEE-FECA-1BAD-FD25-A21D590927C9}.Release|Smartphone 2003 (ARMV4).ActiveCfg = Release|Smartphone 2003 (ARMV4)
		{A3B42FEE-FECA-1BAD-FD25-A21D590927C9}.Release|Smartphone 2003 (ARMV4).Build.0 = Release|Smartphone 2003 (ARMV4)
		{A3B42FEE-FECA-1BAD-FD25-A21D590927C9}.Release|Windows Mobile 5.0 Pocket PC SDK (ARMV4I).ActiveCfg = Release|Windows Mobile 5.0 Pocket PC SDK (ARMV4I)
		{A3B42FEE-FECA-1BAD-FD25-A21D590927C9}.Release|Windows Mobile 5.0 Pocket PC SDK (ARMV4I).Build.0 = Release|Windows Mobile 5.0 Pocket PC SDK (ARMV4I)
		{A3B42FEE-FECA-1BAD-FD25-A21D590927C9}.Release|Windows Mobile 5.0 Smartphone SDK (ARMV4I).ActiveCfg = Release|Windows Mobile 5.0 Smartphone SDK (ARMV4I)
		{A3B42FEE-FECA-1BAD-FD25-A21D590927C9}.Release|Windows Mobile 5.0 Smartphone SDK (ARMV4I).Build.0 = Release|Windows Mobile 5.0 Smartphone SDK (ARMV4I)
		{1BEE0B1F-FECA-1BAD-FD25-A21D590927C9}.Debug|Pocket PC 2003 (ARMV4).ActiveCfg = Debug|Pocket PC 2003 (ARMV4)
		{1BEE0B1F-FECA-1BAD-FD25-A21D590927C9}.Debug|Pocket PC 2003 (ARMV4).Build.0 = Debug|Pocket PC 2003 (ARMV4)
		{1BEE0B1F-FECA-1BAD-FD25-A21D590927C9}.Debug|Smartphone 2003 (ARMV4).ActiveCfg = Debug|Smartphone 2003 (ARMV4)
		{1BEE0B1F-FECA-1BAD-FD25-A21D590927C9}.Debug|Smartphone 2003 (ARMV4).Build.0 = Debug|Smartphone 2003 (ARMV4)
		{1BEE0B1F-FECA-1BAD-FD25-A21D590927C9}.Debug|Windows Mobile 5.0 Pocket PC SDK (ARMV4I).ActiveCfg = Debug|Windows Mobile 5.0 Pocket PC SDK (ARMV4I)
		{1BEE0B1F-FECA-1BAD-FD25-A21D590927C9}.Debug|Windows Mobile 5.0 Pocket PC SDK (ARMV4I).Build.0 = Debug|Windows Mobile 5.0 Pocket PC SDK (ARMV4I)
		{1BEE0B1F-FECA-1BAD-FD25-A21D590927C9}.Debug|Windows Mobile 5.0 Smartphone SDK (ARMV4I).ActiveCfg = Debug|Windows Mobile 5.0 Smartphone SDK (ARMV4I)
		{1BEE0B1F-FECA-1BAD-FD25-A21D590927C9}.Debug|Windows Mobile 5.0 Smartphone SDK (ARMV4I).Build.0 = Debug|Windows Mobile 5.0 Smartphone SDK (ARMV4I)
		{1BEE0B1F-FECA-1BAD-FD25-A21D590927C9}.Release|Pocket PC 2003 (ARMV4).ActiveCfg = Release|Pocket PC 2003 (ARMV4)
		{1BEE0B1F-FECA-1BAD-FD25-A21D590927C9}.Release|Pocket PC 2003 (ARMV4).Build.0 = Release|Pocket PC 2003 (ARMV4)
		{1BEE0B1F-FECA-1BAD-FD25-A21D590927C9}.Release|Smartphone 2003 (ARMV4).ActiveCfg = Release|Smartphone 2003 (ARMV4)
		{1BEE0B1F-FECA-1BAD-FD25-A21D590927C9}.Release|Smartphone 2003 (ARMV4).Build.0 = Release|Smartphone 2003 (ARMV4)
		{1BEE0B1F-FECA-1BAD-FD25-A21D590927C9}.Release|Windows Mobile 5.0 Pocket PC SDK (ARMV4I).ActiveCfg = Release|Windows Mobile 5.0 Pocket PC SDK (ARMV4I)
		{1BEE0B1F-FECA-1BAD-FD25-A21D590927C9}.Release|Windows Mobile 5.0 Pocket PC SDK (ARMV4I).Build.0 = Release|Windows Mobile 5.0 Pocket PC SDK (ARMV4I)
		{1BEE0B1F-FECA-1BAD-FD25-A21D590927C9}.Release|Windows Mobile 5.0 Smartphone SDK (ARMV4I).ActiveCfg = Release|Windows Mobile 5.0 Smartphone SDK (ARMV4I)
		{1BEE0B1F-FECA-1BAD-FD25-A21D590927C9}.Release|Windows Mobile 5.0 Smartphone SDK (ARMV4I).Build.0 = Release|Windows Mobile 5.0 Smartphone SDK (ARMV4I)
		{C8D04E49-FECA-1BAD-FD25-A21D590927C9}.Debug|Pocket PC 2003 (ARMV4).ActiveCfg = Debug|Pocket PC 2003 (ARMV4)
		{C8D04E49-FECA-1BAD-FD25-A21D590927C9}.Debug|Pocket PC 2003 (ARMV4).Build.0 = Debug|Pocket PC 2003 (ARMV4)
		{C8D04E49-FECA-1BAD-FD25-A21D590927C9}.Debug|Smartphone 2003 (ARMV4).ActiveCfg = Debug|Smartphone 2003 (ARMV4)
		{C8D04E49-FECA-1BAD-FD25-A21D590927C9}.Debug|Smartphone 2003 (ARMV4).Build.0 = Debug|Smartphone 2003 (ARMV4)
		{C8D04E49-FECA-1BAD-FD25-A21D590927C9}.Debug|Windows Mobile 5.0 Pocket PC SDK (ARMV4I).ActiveCfg = Debug|Windows Mobile 5.0 Pocket PC SDK (ARMV4I)
		{C8D04E49-FECA-1BAD-FD25-A21D590927C9}.Debug|Windows Mobile 5.0 Pocket PC SDK (ARMV4I).Build.0 = Debug|Windows Mobile 5.0 Pocket PC SDK (ARMV4I)
		{C8D04E49-FECA-1BAD-FD25-A21D590927C9}.Debug|Windows Mobile 5.0 Smartphone SDK (ARMV4I).ActiveCfg = Debug|Windows Mobile 5.0 Smartphone SDK (ARMV4I)
		{C8D04E49-FECA-1BAD-FD25-A21D590927C9}.Debug|Windows Mobile 5.0 Smartphone SDK (ARMV4I).Build.0 = Debug|Windows Mobile 5.0 Smartphone SDK (ARMV4I)
		{C8D04E49-FECA-1BAD-FD25-A21D590927C9}.Release|Pocket PC 2003 (ARMV4).ActiveCfg = Release|Pocket PC 2003 (ARMV4)
		{C8D04E49-FECA-1BAD-FD25-A21D590927C9}.Release|Pocket PC 2003 (ARMV4).Build.0 = Release|Pocket PC 2003 (ARMV4)
		{C8D04E49-FECA-1BAD-FD25-A21D590927C9}.Release|Smartphone 2003 (ARMV4).ActiveCfg = Release|Smartphone 2003 (ARMV4)
		{C8D04E49-FECA-1BAD-FD25-A21D590927C9}.Release|Smartphone 2003 (ARMV4).Build.0 = Release|Smartphone 2003 (ARMV4)
		{C8D04E49-FECA-1BAD-FD25-A21D590927C9}.Release|Windows Mobile 5.0 Pocket PC SDK (ARMV4I).ActiveCfg = Release|Windows Mobile 5.0 Pocket PC SDK (ARMV4I)
		{C8D04E49-FECA-1BAD-FD25-A21D590927C9}.Release|Windows Mobile 5.0 Pocket PC SDK (ARMV4I).Build.0 = Release|Windows Mobile 5.0 Pocket PC SDK (ARMV4I)
		{C8D04E49-FECA-1BAD-FD25-A21D590927C9}.Release|Windows Mobile 5.0 Smartphone SDK (ARMV4I).ActiveCfg = Release|Windows Mobile 5.0 Smartphone SDK (ARMV4I)
		{C8D04E49-FECA-1BAD-FD25-A21D590927C9}.Release|Windows Mobile 5.0 Smartphone SDK (ARMV4I).Build.0 = Release|Windows Mobile 5.0 Smartphone SDK (ARMV4I)
		{7CB3BCCF-FECA-1BAD-FD25-A21D590927C9}.Debug|Pocket PC 2003 (ARMV4).ActiveCfg = Debug|Pocket PC 2003 (ARMV4)
		{7CB3BCCF-FECA-1BAD-FD25-A21D590927C9}.Debug|Pocket PC 2003 (ARMV4).Build.0 = Debug|Pocket PC 2003 (ARMV4)
		{7CB3BCCF-FECA-1BAD-FD25-A21D590927C9}.Debug|Smartphone 2003 (ARMV4).ActiveCfg = Debug|Smartphone 2003 (ARMV4)
		{7CB3BCCF-FECA-1BAD-FD25-A21D590927C9}.Debug|Smartphone 2003 (ARMV4).Build.0 = Debug|Smartphone 2003 (ARMV4)
		{7CB3BCCF-FECA-1BAD-FD25-A21D590927C9}.Debug|Windows Mobile 5.0 Pocket PC SDK (ARMV4I).ActiveCfg = Debug|Windows Mobile 5.0 Pocket PC SDK (ARMV4I)
		{7CB3BCCF-FECA-1BAD-FD25-A21D590927C9}.Debug|Windows Mobile 5.0 Pocket PC SDK (ARMV4I).Build.0 = Debug|Windows Mobile 5.0 Pocket PC SDK (ARMV4I)
		{7CB3BCCF-FECA-1BAD-FD25-A21D590927C9}.Debug|Windows Mobile 5.0 Smartphone SDK (ARMV4I).ActiveCfg = Debug|Windows Mobile 5.0 Smartphone SDK (ARMV4I)
		{7CB3BCCF-FECA-1BAD-FD25-A21D590927C9}.Debug|Windows Mobile 5.0 Smartphone SDK (ARMV4I).Build.0 = Debug|Windows Mobile 5.0 Smartphone SDK (ARMV4I)
		{7CB3BCCF-FECA-1BAD-FD25-A21D590927C9}.Release|Pocket PC 2003 (ARMV4).ActiveCfg = Release|Pocket PC 2003 (ARMV4)
		{7CB3BCCF-FECA-1BAD-FD25-A21D590927C9}.Release|Pocket PC 2003 (ARMV4).Build.0 = Release|Pocket PC 2003 (ARMV4)
		{7CB3BCCF-FECA-1BAD-FD25-A21D590927C9}.Release|Smartphone 2003 (ARMV4).ActiveCfg = Release|Smartphone 2003 (ARMV4)
		{7CB3BCCF-FECA-1BAD-FD25-A21D590927C9}.Release|Smartphone 2003 (ARMV4).Build.0 = Release|Smartphone 2003 (ARMV4)
		{7CB3BCCF-FECA-1BAD-FD25-A21D590927C9}.Release|Windows Mobile 5.0 Pocket PC SDK (ARMV4I).ActiveCfg = Release|Windows Mobile 5.0 Pocket PC SDK (ARMV4I)
		{7CB3BCCF-FECA-1BAD-FD25-A21D590927C9}.Release|Windows Mobile 5.0 Pocket PC SDK (ARMV4I).Build.0 = Release|Windows Mobile 5.0 Pocket PC SDK (ARMV4I)
		{7CB3BCCF-FECA-1BAD-FD25-A21D590927C9}.Release|Windows Mobile 5.0 Smartphone SDK (ARMV4I).ActiveCfg = Release|Windows Mobile 5.0 Smartphone SDK (ARMV4I)
		{7CB3BCCF-FECA-1BAD-FD25-A21D590927C9}.Release|Windows Mobile 5.0 Smartphone SDK (ARMV4I).Build.0 = Release|Windows Mobile 5.0 Smartphone SDK (ARMV4I)
		{C3A0EDC6-FECA-1BAD-FD25-A21D590927C9}.Debug|Pocket PC 2003 (ARMV4).ActiveCfg = Debug|Pocket PC 2003 (ARMV4)
		{C3A0EDC6-FECA-1BAD-FD25-A21D590927C9}.Debug|Pocket PC 2003 (ARMV4).Build.0 = Debug|Pocket PC 2003 (ARMV4)
		{C3A0EDC6-FECA-1BAD-FD25-A21D590927C9}.Debug|Smartphone 2003 (ARMV4).ActiveCfg = Debug|Smartphone 2003 (ARMV4)
		{C3A0EDC6-FECA-1BAD-FD25-A21D590927C9}.Debug|Smartphone 2003 (ARMV4).Build.0 = Debug|Smartphone 2003 (ARMV4)
		{C3A0EDC6-FECA-1BAD-FD25-A21D590927C9}.Debug|Windows Mobile 5.0 Pocket PC SDK (ARMV4I).ActiveCfg = Debug|Windows Mobile 5.0 Pocket PC SDK (ARMV4I)
		{C3A0EDC6-FECA-1BAD-FD25-A21D590927C9}.Debug|Windows Mobile 5.0 Pocket PC SDK (ARMV4I).Build.0 = Debug|Windows Mobile 5.0 Pocket PC SDK (ARMV4I)
		{C3A0EDC6-FECA-1BAD-FD25-A21D590927C9}.Debug|Windows Mobile 5.0 Smartphone SDK (ARMV4I).ActiveCfg = Debug|Windows Mobile 5.0 Smartphone SDK (ARMV4I)
		{C3A0EDC6-FECA-1BAD-FD25-A21D590927C9}.Debug|Windows Mobile 5.0 Smartphone SDK (ARMV4I).Build.0 = Debug|Windows Mobile 5.0 Smartphone SDK (ARMV4I)
		{C3A0EDC6-FECA-1BAD-FD25-A21D590927C9}.Release|Pocket PC 2003 (ARMV4).ActiveCfg = Release|Pocket PC 2003 (ARMV4)
		{C3A0EDC6-FECA-1BAD-FD25-A21D590927C9}.Release|Pocket PC 2003 (ARMV4).Build.0 = Release|Pocket PC 2003 (ARMV4)
		{C3A0EDC6-FECA-1BAD-FD25-A21D590927C9}.Release|Smartphone 2003 (ARMV4).ActiveCfg = Release|Smartphone 2003 (ARMV4)
		{C3A0EDC6-FECA-1BAD-FD25-A21D590927C9}.Release|Smartphone 2003 (ARMV4).Build.0 = Release|Smartphone 2003 (ARMV4)
		{C3A0EDC6-FECA-1BAD-FD25-A21D590927C9}.Release|Windows Mobile 5.0 Pocket PC SDK (ARMV4I).ActiveCfg = Release|Windows Mobile 5.0 Pocket PC SDK (ARMV4I)
		{C3A0EDC6-FECA-1BAD-FD25-A21D590927C9}.Release|Windows Mobile 5.0 Pocket PC SDK (ARMV4I).Build.0 = Release|Windows Mobile 5.0 Pocket PC SDK (ARMV4I)
		{C3A0EDC6-FECA-1BAD-FD25-A21D590927C9}.Release|Windows Mobile 5.0 Smartphone SDK (ARMV4I).ActiveCfg = Release|Windows Mobile 5.0 Smartphone SDK (ARMV4I)
		{C3A0EDC6-FECA-1BAD-FD25-A21D590927C9}.Release|Windows Mobile 5.0 Smartphone SDK (ARMV4I).Build.0 = Release|Windows Mobile 5.0 Smartphone SDK (ARMV4I)
		{DEE22282-FECA-1BAD-FD25-A21D590927C9}.Debug|Pocket PC 2003 (ARMV4).ActiveCfg = Debug|Pocket PC 2003 (ARMV4)
		{DEE22282-FECA-1BAD-FD25-A21D590927C9}.Debug|Pocket PC 2003 (ARMV4).Build.0 = Debug|Pocket PC 2003 (ARMV4)
		{DEE22282-FECA-1BAD-FD25-A21D590927C9}.Debug|Smartphone 2003 (ARMV4).ActiveCfg = Debug|Smartphone 2003 (ARMV4)
		{DEE22282-FECA-1BAD-FD25-A21D590927C9}.Debug|Smartphone 2003 (ARMV4).Build.0 = Debug|Smartphone 2003 (ARMV4)
		{DEE22282-FECA-1BAD-FD25-A21D590927C9}.Debug|Windows Mobile 5.0 Pocket PC SDK (ARMV4I).ActiveCfg = Debug|Windows Mobile 5.0 Pocket PC SDK (ARMV4I)
		{DEE22282-FECA-1BAD-FD25-A21D590927C9}.Debug|Windows Mobile 5.0 Pocket PC SDK (ARMV4I).Build.0 = Debug|Windows Mobile 5.0 Pocket PC SDK (ARMV4I)
		{DEE22282-FECA-1BAD-FD25-A21D590927C9}.Debug|Windows Mobile 5.0 Smartphone SDK (ARMV4I).ActiveCfg = Debug|Windows Mobile 5.0 Smartphone SDK (ARMV4I)
		{DEE22282-FECA-1BAD-FD25-A21D590927C9}.Debug|Windows Mobile 5.0 Smartphone SDK (ARMV4I).Build.0 = Debug|Windows Mobile 5.0 Smartphone SDK (ARMV4I)
		{DEE22282-FECA-1BAD-FD25-A21D590927C9}.Release|Pocket PC 2003 (ARMV4).ActiveCfg = Release|Pocket PC 2003 (ARMV4)
		{DEE22282-FECA-1BAD-FD25-A21D590927C9}.Release|Pocket PC 2003 (ARMV4).Build.0 = Release|Pocket PC 2003 (ARMV4)
		{DEE22282-FECA-1BAD-FD25-A21D590927C9}.Release|Smartphone 2003 (ARMV4).ActiveCfg = Release|Smartphone 2003 (ARMV4)
		{DEE22282-FECA-1BAD-FD25-A21D590927C9}.Release|Smartphone 2003 (ARMV4).Build.0 = Release|Smartphone 2003 (ARMV4)
		{DEE22282-FECA-1BAD-FD25-A21D590927C9}.Release|Windows Mobile 5.0 Pocket PC SDK (ARMV4I).ActiveCfg = Release|Windows Mobile 5.0 Pocket PC SDK (ARMV4I)
		{DEE22282-FECA-1BAD-FD25-A21D590927C9}.Release|Windows Mobile 5.0 Pocket PC SDK (ARMV4I).Build.0 = Release|Windows Mobile 5.0 Pocket PC SDK (ARMV4I)
		{DEE22282-FECA-1BAD-FD25-A21D590927C9}.Release|Windows Mobile 5.0 Smartphone SDK (ARMV4I).ActiveCfg = Release|Windows Mobile 5.0 Smartphone SDK (ARMV4I)
		{DEE22282-FECA-1BAD-FD25-A21D590927C9}.Release|Windows Mobile 5.0 Smartphone SDK (ARMV4I).Build.0 = Release|Windows Mobile 5.0 Smartphone SDK (ARMV4I)
		{3D969C94-FECA-1BAD-FD25-A21D590927C9}.Debug|Pocket PC 2003 (ARMV4).ActiveCfg = Debug|Pocket PC 2003 (ARMV4)
		{3D969C94-FECA-1BAD-FD25-A21D590927C9}.Debug|Pocket PC 2003 (ARMV4).Build.0 = Debug|Pocket PC 2003 (ARMV4)
		{3D969C94-FECA-1BAD-FD25-A21D590927C9}.Debug|Smartphone 2003 (ARMV4).ActiveCfg = Debug|Smartphone 2003 (ARMV4)
		{3D969C94-FECA-1BAD-FD25-A21D590927C9}.Debug|Smartphone 2003 (ARMV4).Build.0 = Debug|Smartphone 2003 (ARMV4)
		{3D969C94-FECA-1BAD-FD25-A21D590927C9}.Debug|Windows Mobile 5.0 Pocket PC SDK (ARMV4I).ActiveCfg = Debug|Windows Mobile 5.0 Pocket PC SDK (ARMV4I)
		{3D969C94-FECA-1BAD-FD25-A21D590927C9}.Debug|Windows Mobile 5.0 Pocket PC SDK (ARMV4I).Build.0 = Debug|Windows Mobile 5.0 Pocket PC SDK (ARMV4I)
		{3D969C94-FECA-1BAD-FD25-A21D590927C9}.Debug|Windows Mobile 5.0 Smartphone SDK (ARMV4I).ActiveCfg = Debug|Windows Mobile 5.0 Smartphone SDK (ARMV4I)
		{3D969C94-FECA-1BAD-FD25-A21D590927C9}.Debug|Windows Mobile 5.0 Smartphone SDK (ARMV4I).Build.0 = Debug|Windows Mobile 5.0 Smartphone SDK (ARMV4I)
		{3D969C94-FECA-1BAD-FD25-A21D590927C9}.Release|Pocket PC 2003 (ARMV4).ActiveCfg = Release|Pocket PC 2003 (ARMV4)
		{3D969C94-FECA-1BAD-FD25-A21D590927C9}.Release|Pocket PC 2003 (ARMV4).Build.0 = Release|Pocket PC 2003 (ARMV4)
		{3D969C94-FECA-1BAD-FD25-A21D590927C9}.Release|Smartphone 2003 (ARMV4).ActiveCfg = Release|Smartphone 2003 (ARMV4)
		{3D969C94-FECA-1BAD-FD25-A21D590927C9}.Release|Smartphone 2003 (ARMV4).Build.0 = Release|Smartphone 2003 (ARMV4)
		{3D969C94-FECA-1BAD-FD25-A21D590927C9}.Release|Windows Mobile 5.0 Pocket PC SDK (ARMV4I).ActiveCfg = Release|Windows Mobile 5.0 Pocket PC SDK (ARMV4I)
		{3D969C94-FECA-1BAD-FD25-A21D590927C9}.Release|Windows Mobile 5.0 Pocket PC SDK (ARMV4I).Build.0 = Release|Windows Mobile 5.0 Pocket PC SDK (ARMV4I)
		{3D969C94-FECA-1BAD-FD25-A21D590927C9}.Release|Windows Mobile 5.0 Smartphone SDK (ARMV4I).ActiveCfg = Release|Windows Mobile 5.0 Smartphone SDK (ARMV4I)
		{3D969C94-FECA-1BAD-FD25-A21D590927C9}.Release|Windows Mobile 5.0 Smartphone SDK (ARMV4I).Build.0 = Release|Windows Mobile 5.0 Smartphone SDK (ARMV4I)
		{3DA69C94-FECA-1BAD-FD25-A21D590927C9}.Debug|Pocket PC 2003 (ARMV4).ActiveCfg = Debug|Pocket PC 2003 (ARMV4)
		{3DA69C94-FECA-1BAD-FD25-A21D590927C9}.Debug|Pocket PC 2003 (ARMV4).Build.0 = Debug|Pocket PC 2003 (ARMV4)
		{3DA69C94-FECA-1BAD-FD25-A21D590927C9}.Debug|Smartphone 2003 (ARMV4).ActiveCfg = Debug|Smartphone 2003 (ARMV4)
		{3DA69C94-FECA-1BAD-FD25-A21D590927C9}.Debug|Smartphone 2003 (ARMV4).Build.0 = Debug|Smartphone 2003 (ARMV4)
		{3DA69C94-FECA-1BAD-FD25-A21D590927C9}.Debug|Windows Mobile 5.0 Pocket PC SDK (ARMV4I).ActiveCfg = Debug|Windows Mobile 5.0 Pocket PC SDK (ARMV4I)
		{3DA69C94-FECA-1BAD-FD25-A21D590927C9}.Debug|Windows Mobile 5.0 Pocket PC SDK (ARMV4I).Build.0 = Debug|Windows Mobile 5.0 Pocket PC SDK (ARMV4I)
		{3DA69C94-FECA-1BAD-FD25-A21D590927C9}.Debug|Windows Mobile 5.0 Smartphone SDK (ARMV4I).ActiveCfg = Debug|Windows Mobile 5.0 Smartphone SDK (ARMV4I)
		{3DA69C94-FECA-1BAD-FD25-A21D590927C9}.Debug|Windows Mobile 5.0 Smartphone SDK (ARMV4I).Build.0 = Debug|Windows Mobile 5.0 Smartphone SDK (ARMV4I)
		{3DA69C94-FECA-1BAD-FD25-A21D590927C9}.Release|Pocket PC 2003 (ARMV4).ActiveCfg = Release|Pocket PC 2003 (ARMV4)
		{3DA69C94-FECA-1BAD-FD25-A21D590927C9}.Release|Pocket PC 2003 (ARMV4).Build.0 = Release|Pocket PC 2003 (ARMV4)
		{3DA69C94-FECA-1BAD-FD25-A21D590927C9}.Release|Smartphone 2003 (ARMV4).ActiveCfg = Release|Smartphone 2003 (ARMV4)
		{3DA69C94-FECA-1BAD-FD25-A21D590927C9}.Release|Smartphone 2003 (ARMV4).Build.0 = Release|Smartphone 2003 (ARMV4)
		{3DA69C94-FECA-1BAD-FD25-A21D590927C9}.Release|Windows Mobile 5.0 Pocket PC SDK (ARMV4I).ActiveCfg = Release|Windows Mobile 5.0 Pocket PC SDK (ARMV4I)
		{3DA69C94-FECA-1BAD-FD25-A21D590927C9}.Release|Windows Mobile 5.0 Pocket PC SDK (ARMV4I).Build.0 = Release|Windows Mobile 5.0 Pocket PC SDK (ARMV4I)
		{3DA69C94-FECA-1BAD-FD25-A21D590927C9}.Release|Windows Mobile 5.0 Smartphone SDK (ARMV4I).ActiveCfg = Release|Windows Mobile 5.0 Smartphone SDK (ARMV4I)
		{3DA69C94-FECA-1BAD-FD25-A21D590927C9}.Release|Windows Mobile 5.0 Smartphone SDK (ARMV4I).Build.0 = Release|Windows Mobile 5.0 Smartphone SDK (ARMV4I)
		{F253C376-FECA-1BAD-FD25-A21D590927C9}.Debug|Pocket PC 2003 (ARMV4).ActiveCfg = Debug|Pocket PC 2003 (ARMV4)
		{F253C376-FECA-1BAD-FD25-A21D590927C9}.Debug|Pocket PC 2003 (ARMV4).Build.0 = Debug|Pocket PC 2003 (ARMV4)
		{F253C376-FECA-1BAD-FD25-A21D590927C9}.Debug|Smartphone 2003 (ARMV4).ActiveCfg = Debug|Smartphone 2003 (ARMV4)
		{F253C376-FECA-1BAD-FD25-A21D590927C9}.Debug|Smartphone 2003 (ARMV4).Build.0 = Debug|Smartphone 2003 (ARMV4)
		{F253C376-FECA-1BAD-FD25-A21D590927C9}.Debug|Windows Mobile 5.0 Pocket PC SDK (ARMV4I).ActiveCfg = Debug|Windows Mobile 5.0 Pocket PC SDK (ARMV4I)
		{F253C376-FECA-1BAD-FD25-A21D590927C9}.Debug|Windows Mobile 5.0 Pocket PC SDK (ARMV4I).Build.0 = Debug|Windows Mobile 5.0 Pocket PC SDK (ARMV4I)
		{F253C376-FECA-1BAD-FD25-A21D590927C9}.Debug|Windows Mobile 5.0 Smartphone SDK (ARMV4I).ActiveCfg = Debug|Windows Mobile 5.0 Smartphone SDK (ARMV4I)
		{F253C376-FECA-1BAD-FD25-A21D590927C9}.Debug|Windows Mobile 5.0 Smartphone SDK (ARMV4I).Build.0 = Debug|Windows Mobile 5.0 Smartphone SDK (ARMV4I)
		{F253C376-FECA-1BAD-FD25-A21D590927C9}.Release|Pocket PC 2003 (ARMV4).ActiveCfg = Release|Pocket PC 2003 (ARMV4)
		{F253C376-FECA-1BAD-FD25-A21D590927C9}.Release|Pocket PC 2003 (ARMV4).Build.0 = Release|Pocket PC 2003 (ARMV4)
		{F253C376-FECA-1BAD-FD25-A21D590927C9}.Release|Smartphone 2003 (ARMV4).ActiveCfg = Release|Smartphone 2003 (ARMV4)
		{F253C376-FECA-1BAD-FD25-A21D590927C9}.Release|Smartphone 2003 (ARMV4).Build.0 = Release|Smartphone 2003 (ARMV4)
		{F253C376-FECA-1BAD-FD25-A21D590927C9}.Release|Windows Mobile 5.0 Pocket PC SDK (ARMV4I).ActiveCfg = Release|Windows Mobile 5.0 Pocket PC SDK (ARMV4I)
		{F253C376-FECA-1BAD-FD25-A21D590927C9}.Release|Windows Mobile 5.0 Pocket PC SDK (ARMV4I).Build.0 = Release|Windows Mobile 5.0 Pocket PC SDK (ARMV4I)
		{F253C376-FECA-1BAD-FD25-A21D590927C9}.Release|Windows Mobile 5.0 Smartphone SDK (ARMV4I).ActiveCfg = Release|Windows Mobile 5.0 Smartphone SDK (ARMV4I)
		{F253C376-FECA-1BAD-FD25-A21D590927C9}.Release|Windows Mobile 5.0 Smartphone SDK (ARMV4I).Build.0 = Release|Windows Mobile 5.0 Smartphone SDK (ARMV4I)
		{91B1D2FF-FECA-1BAD-D1A8-860EA28AC6D7}.Debug|Pocket PC 2003 (ARMV4).ActiveCfg = Debug|Pocket PC 2003 (ARMV4)
		{91B1D2FF-FECA-1BAD-D1A8-860EA28AC6D7}.Debug|Pocket PC 2003 (ARMV4).Build.0 = Debug|Pocket PC 2003 (ARMV4)
		{91B1D2FF-FECA-1BAD-D1A8-860EA28AC6D7}.Debug|Smartphone 2003 (ARMV4).ActiveCfg = Debug|Smartphone 2003 (ARMV4)
		{91B1D2FF-FECA-1BAD-D1A8-860EA28AC6D7}.Debug|Smartphone 2003 (ARMV4).Build.0 = Debug|Smartphone 2003 (ARMV4)
		{91B1D2FF-FECA-1BAD-D1A8-860EA28AC6D7}.Debug|Windows Mobile 5.0 Pocket PC SDK (ARMV4I).ActiveCfg = Debug|Windows Mobile 5.0 Pocket PC SDK (ARMV4I)
		{91B1D2FF-FECA-1BAD-D1A8-860EA28AC6D7}.Debug|Windows Mobile 5.0 Pocket PC SDK (ARMV4I).Build.0 = Debug|Windows Mobile 5.0 Pocket PC SDK (ARMV4I)
		{91B1D2FF-FECA-1BAD-D1A8-860EA28AC6D7}.Debug|Windows Mobile 5.0 Smartphone SDK (ARMV4I).ActiveCfg = Debug|Windows Mobile 5.0 Smartphone SDK (ARMV4I)
		{91B1D2FF-FECA-1BAD-D1A8-860EA28AC6D7}.Debug|Windows Mobile 5.0 Smartphone SDK (ARMV4I).Build.0 = Debug|Windows Mobile 5.0 Smartphone SDK (ARMV4I)
		{91B1D2FF-FECA-1BAD-D1A8-860EA28AC6D7}.Release|Pocket PC 2003 (ARMV4).ActiveCfg = Release|Pocket PC 2003 (ARMV4)
		{91B1D2FF-FECA-1BAD-D1A8-860EA28AC6D7}.Release|Pocket PC 2003 (ARMV4).Build.0 = Release|Pocket PC 2003 (ARMV4)
		{91B1D2FF-FECA-1BAD-D1A8-860EA28AC6D7}.Release|Smartphone 2003 (ARMV4).ActiveCfg = Release|Smartphone 2003 (ARMV4)
		{91B1D2FF-FECA-1BAD-D1A8-860EA28AC6D7}.Release|Smartphone 2003 (ARMV4).Build.0 = Release|Smartphone 2003 (ARMV4)
		{91B1D2FF-FECA-1BAD-D1A8-860EA28AC6D7}.Release|Windows Mobile 5.0 Pocket PC SDK (ARMV4I).ActiveCfg = Release|Windows Mobile 5.0 Pocket PC SDK (ARMV4I)
		{91B1D2FF-FECA-1BAD-D1A8-860EA28AC6D7}.Release|Windows Mobile 5.0 Pocket PC SDK (ARMV4I).Build.0 = Release|Windows Mobile 5.0 Pocket PC SDK (ARMV4I)
		{91B1D2FF-FECA-1BAD-D1A8-860EA28AC6D7}.Release|Windows Mobile 5.0 Smartphone SDK (ARMV4I).ActiveCfg = Release|Windows Mobile 5.0 Smartphone SDK (ARMV4I)
		{91B1D2FF-FECA-1BAD-D1A8-860EA28AC6D7}.Release|Windows Mobile 5.0 Smartphone SDK (ARMV4I).Build.0 = Release|Windows Mobile 5.0 Smartphone SDK (ARMV4I)
		{AAD1C275-FECA-1BAD-D1A8-860EA28AC6D7}.Debug|Pocket PC 2003 (ARMV4).ActiveCfg = Debug|Pocket PC 2003 (ARMV4)
		{AAD1C275-FECA-1BAD-D1A8-860EA28AC6D7}.Debug|Pocket PC 2003 (ARMV4).Build.0 = Debug|Pocket PC 2003 (ARMV4)
		{AAD1C275-FECA-1BAD-D1A8-860EA28AC6D7}.Debug|Smartphone 2003 (ARMV4).ActiveCfg = Debug|Smartphone 2003 (ARMV4)
		{AAD1C275-FECA-1BAD-D1A8-860EA28AC6D7}.Debug|Smartphone 2003 (ARMV4).Build.0 = Debug|Smartphone 2003 (ARMV4)
		{AAD1C275-FECA-1BAD-D1A8-860EA28AC6D7}.Debug|Windows Mobile 5.0 Pocket PC SDK (ARMV4I).ActiveCfg = Debug|Windows Mobile 5.0 Pocket PC SDK (ARMV4I)
		{AAD1C275-FECA-1BAD-D1A8-860EA28AC6D7}.Debug|Windows Mobile 5.0 Pocket PC SDK (ARMV4I).Build.0 = Debug|Windows Mobile 5.0 Pocket PC SDK (ARMV4I)
		{AAD1C275-FECA-1BAD-D1A8-860EA28AC6D7}.Debug|Windows Mobile 5.0 Smartphone SDK (ARMV4I).ActiveCfg = Debug|Windows Mobile 5.0 Smartphone SDK (ARMV4I)
		{AAD1C275-FECA-1BAD-D1A8-860EA28AC6D7}.Debug|Windows Mobile 5.0 Smartphone SDK (ARMV4I).Build.0 = Debug|Windows Mobile 5.0 Smartphone SDK (ARMV4I)
		{AAD1C275-FECA-1BAD-D1A8-860EA28AC6D7}.Release|Pocket PC 2003 (ARMV4).ActiveCfg = Release|Pocket PC 2003 (ARMV4)
		{AAD1C275-FECA-1BAD-D1A8-860EA28AC6D7}.Release|Pocket PC 2003 (ARMV4).Build.0 = Release|Pocket PC 2003 (ARMV4)
		{AAD1C275-FECA-1BAD-D1A8-860EA28AC6D7}.Release|Smartphone 2003 (ARMV4).ActiveCfg = Release|Smartphone 2003 (ARMV4)
		{AAD1C275-FECA-1BAD-D1A8-860EA28AC6D7}.Release|Smartphone 2003 (ARMV4).Build.0 = Release|Smartphone 2003 (ARMV4)
		{AAD1C275-FECA-1BAD-D1A8-860EA28AC6D7}.Release|Windows Mobile 5.0 Pocket PC SDK (ARMV4I).ActiveCfg = Release|Windows Mobile 5.0 Pocket PC SDK (ARMV4I)
		{AAD1C275-FECA-1BAD-D1A8-860EA28AC6D7}.Release|Windows Mobile 5.0 Pocket PC SDK (ARMV4I).Build.0 = Release|Windows Mobile 5.0 Pocket PC SDK (ARMV4I)
		{AAD1C275-FECA-1BAD-D1A8-860EA28AC6D7}.Release|Windows Mobile 5.0 Smartphone SDK (ARMV4I).ActiveCfg = Release|Windows Mobile 5.0 Smartphone SDK (ARMV4I)
		{AAD1C275-FECA-1BAD-D1A8-860EA28AC6D7}.Release|Windows Mobile 5.0 Smartphone SDK (ARMV4I).Build.0 = Release|Windows Mobile 5.0 Smartphone SDK (ARMV4I)
		{8300BA33-FECA-1BAD-EFA7-677390BE08B2}.Debug|Pocket PC 2003 (ARMV4).ActiveCfg = Debug|Pocket PC 2003 (ARMV4)
		{8300BA33-FECA-1BAD-EFA7-677390BE08B2}.Debug|Pocket PC 2003 (ARMV4).Build.0 = Debug|Pocket PC 2003 (ARMV4)
		{8300BA33-FECA-1BAD-EFA7-677390BE08B2}.Debug|Smartphone 2003 (ARMV4).ActiveCfg = Debug|Smartphone 2003 (ARMV4)
		{8300BA33-FECA-1BAD-EFA7-677390BE08B2}.Debug|Smartphone 2003 (ARMV4).Build.0 = Debug|Smartphone 2003 (ARMV4)
		{8300BA33-FECA-1BAD-EFA7-677390BE08B2}.Debug|Windows Mobile 5.0 Pocket PC SDK (ARMV4I).ActiveCfg = Debug|Windows Mobile 5.0 Pocket PC SDK (ARMV4I)
		{8300BA33-FECA-1BAD-EFA7-677390BE08B2}.Debug|Windows Mobile 5.0 Pocket PC SDK (ARMV4I).Build.0 = Debug|Windows Mobile 5.0 Pocket PC SDK (ARMV4I)
		{8300BA33-FECA-1BAD-EFA7-677390BE08B2}.Debug|Windows Mobile 5.0 Smartphone SDK (ARMV4I).ActiveCfg = Debug|Windows Mobile 5.0 Smartphone SDK (ARMV4I)
		{8300BA33-FECA-1BAD-EFA7-677390BE08B2}.Debug|Windows Mobile 5.0 Smartphone SDK (ARMV4I).Build.0 = Debug|Windows Mobile 5.0 Smartphone SDK (ARMV4I)
		{8300BA33-FECA-1BAD-EFA7-677390BE08B2}.Release|Pocket PC 2003 (ARMV4).ActiveCfg = Release|Pocket PC 2003 (ARMV4)
		{8300BA33-FECA-1BAD-EFA7-677390BE08B2}.Release|Pocket PC 2003 (ARMV4).Build.0 = Release|Pocket PC 2003 (ARMV4)
		{8300BA33-FECA-1BAD-EFA7-677390BE08B2}.Release|Smartphone 2003 (ARMV4).ActiveCfg = Release|Smartphone 2003 (ARMV4)
		{8300BA33-FECA-1BAD-EFA7-677390BE08B2}.Release|Smartphone 2003 (ARMV4).Build.0 = Release|Smartphone 2003 (ARMV4)
		{8300BA33-FECA-1BAD-EFA7-677390BE08B2}.Release|Windows Mobile 5.0 Pocket PC SDK (ARMV4I).ActiveCfg = Release|Windows Mobile 5.0 Pocket PC SDK (ARMV4I)
		{8300BA33-FECA-1BAD-EFA7-677390BE08B2}.Release|Windows Mobile 5.0 Pocket PC SDK (ARMV4I).Build.0 = Release|Windows Mobile 5.0 Pocket PC SDK (ARMV4I)
		{8300BA33-FECA-1BAD-EFA7-677390BE08B2}.Release|Windows Mobile 5.0 Smartphone SDK (ARMV4I).ActiveCfg = Release|Windows Mobile 5.0 Smartphone SDK (ARMV4I)
		{8300BA33-FECA-1BAD-EFA7-677390BE08B2}.Release|Windows Mobile 5.0 Smartphone SDK (ARMV4I).Build.0 = Release|Windows Mobile 5.0 Smartphone SDK (ARMV4I)
		{681CAAD2-FECA-1BAD-4285-FEF4ED0D1B8A}.Debug|Pocket PC 2003 (ARMV4).ActiveCfg = Debug|Pocket PC 2003 (ARMV4)
		{681CAAD2-FECA-1BAD-4285-FEF4ED0D1B8A}.Debug|Pocket PC 2003 (ARMV4).Build.0 = Debug|Pocket PC 2003 (ARMV4)
		{681CAAD2-FECA-1BAD-4285-FEF4ED0D1B8A}.Debug|Smartphone 2003 (ARMV4).ActiveCfg = Debug|Smartphone 2003 (ARMV4)
		{681CAAD2-FECA-1BAD-4285-FEF4ED0D1B8A}.Debug|Smartphone 2003 (ARMV4).Build.0 = Debug|Smartphone 2003 (ARMV4)
		{681CAAD2-FECA-1BAD-4285-FEF4ED0D1B8A}.Debug|Windows Mobile 5.0 Pocket PC SDK (ARMV4I).ActiveCfg = Debug|Windows Mobile 5.0 Pocket PC SDK (ARMV4I)
		{681CAAD2-FECA-1BAD-4285-FEF4ED0D1B8A}.Debug|Windows Mobile 5.0 Pocket PC SDK (ARMV4I).Build.0 = Debug|Windows Mobile 5.0 Pocket PC SDK (ARMV4I)
		{681CAAD2-FECA-1BAD-4285-FEF4ED0D1B8A}.Debug|Windows Mobile 5.0 Smartphone SDK (ARMV4I).ActiveCfg = Debug|Windows Mobile 5.0 Smartphone SDK (ARMV4I)
		{681CAAD2-FECA-1BAD-4285-FEF4ED0D1B8A}.Debug|Windows Mobile 5.0 Smartphone SDK (ARMV4I).Build.0 = Debug|Windows Mobile 5.0 Smartphone SDK (ARMV4I)
		{681CAAD2-FECA-1BAD-4285-FEF4ED0D1B8A}.Release|Pocket PC 2003 (ARMV4).ActiveCfg = Release|Pocket PC 2003 (ARMV4)
		{681CAAD2-FECA-1BAD-4285-FEF4ED0D1B8A}.Release|Pocket PC 2003 (ARMV4).Build.0 = Release|Pocket PC 2003 (ARMV4)
		{681CAAD2-FECA-1BAD-4285-FEF4ED0D1B8A}.Release|Smartphone 2003 (ARMV4).ActiveCfg = Release|Smartphone 2003 (ARMV4)
		{681CAAD2-FECA-1BAD-4285-FEF4ED0D1B8A}.Release|Smartphone 2003 (ARMV4).Build.0 = Release|Smartphone 2003 (ARMV4)
		{681CAAD2-FECA-1BAD-4285-FEF4ED0D1B8A}.Release|Windows Mobile 5.0 Pocket PC SDK (ARMV4I).ActiveCfg = Release|Windows Mobile 5.0 Pocket PC SDK (ARMV4I)
		{681CAAD2-FECA-1BAD-4285-FEF4ED0D1B8A}.Release|Windows Mobile 5.0 Pocket PC SDK (ARMV4I).Build.0 = Release|Windows Mobile 5.0 Pocket PC SDK (ARMV4I)
		{681CAAD2-FECA-1BAD-4285-FEF4ED0D1B8A}.Release|Windows Mobile 5.0 Smartphone SDK (ARMV4I).ActiveCfg = Release|Windows Mobile 5.0 Smartphone SDK (ARMV4I)
		{681CAAD2-FECA-1BAD-4285-FEF4ED0D1B8A}.Release|Windows Mobile 5.0 Smartphone SDK (ARMV4I).Build.0 = Release|Windows Mobile 5.0 Smartphone SDK (ARMV4I)
		{F67B01FB-FECA-1BAD-4285-FEF4ED0D1B8A}.Debug|Pocket PC 2003 (ARMV4).ActiveCfg = Debug|Pocket PC 2003 (ARMV4)
		{F67B01FB-FECA-1BAD-4285-FEF4ED0D1B8A}.Debug|Pocket PC 2003 (ARMV4).Build.0 = Debug|Pocket PC 2003 (ARMV4)
		{F67B01FB-FECA-1BAD-4285-FEF4ED0D1B8A}.Debug|Smartphone 2003 (ARMV4).ActiveCfg = Debug|Smartphone 2003 (ARMV4)
		{F67B01FB-FECA-1BAD-4285-FEF4ED0D1B8A}.Debug|Smartphone 2003 (ARMV4).Build.0 = Debug|Smartphone 2003 (ARMV4)
		{F67B01FB-FECA-1BAD-4285-FEF4ED0D1B8A}.Debug|Windows Mobile 5.0 Pocket PC SDK (ARMV4I).ActiveCfg = Debug|Windows Mobile 5.0 Pocket PC SDK (ARMV4I)
		{F67B01FB-FECA-1BAD-4285-FEF4ED0D1B8A}.Debug|Windows Mobile 5.0 Pocket PC SDK (ARMV4I).Build.0 = Debug|Windows Mobile 5.0 Pocket PC SDK (ARMV4I)
		{F67B01FB-FECA-1BAD-4285-FEF4ED0D1B8A}.Debug|Windows Mobile 5.0 Smartphone SDK (ARMV4I).ActiveCfg = Debug|Windows Mobile 5.0 Smartphone SDK (ARMV4I)
		{F67B01FB-FECA-1BAD-4285-FEF4ED0D1B8A}.Debug|Windows Mobile 5.0 Smartphone SDK (ARMV4I).Build.0 = Debug|Windows Mobile 5.0 Smartphone SDK (ARMV4I)
		{F67B01FB-FECA-1BAD-4285-FEF4ED0D1B8A}.Release|Pocket PC 2003 (ARMV4).ActiveCfg = Release|Pocket PC 2003 (ARMV4)
		{F67B01FB-FECA-1BAD-4285-FEF4ED0D1B8A}.Release|Pocket PC 2003 (ARMV4).Build.0 = Release|Pocket PC 2003 (ARMV4)
		{F67B01FB-FECA-1BAD-4285-FEF4ED0D1B8A}.Release|Smartphone 2003 (ARMV4).ActiveCfg = Release|Smartphone 2003 (ARMV4)
		{F67B01FB-FECA-1BAD-4285-FEF4ED0D1B8A}.Release|Smartphone 2003 (ARMV4).Build.0 = Release|Smartphone 2003 (ARMV4)
		{F67B01FB-FECA-1BAD-4285-FEF4ED0D1B8A}.Release|Windows Mobile 5.0 Pocket PC SDK (ARMV4I).ActiveCfg = Release|Windows Mobile 5.0 Pocket PC SDK (ARMV4I)
		{F67B01FB-FECA-1BAD-4285-FEF4ED0D1B8A}.Release|Windows Mobile 5.0 Pocket PC SDK (ARMV4I).Build.0 = Release|Windows Mobile 5.0 Pocket PC SDK (ARMV4I)
		{F67B01FB-FECA-1BAD-4285-FEF4ED0D1B8A}.Release|Windows Mobile 5.0 Smartphone SDK (ARMV4I).ActiveCfg = Release|Windows Mobile 5.0 Smartphone SDK (ARMV4I)
		{F67B01FB-FECA-1BAD-4285-FEF4ED0D1B8A}.Release|Windows Mobile 5.0 Smartphone SDK (ARMV4I).Build.0 = Release|Windows Mobile 5.0 Smartphone SDK (ARMV4I)
		{9286AE38-FECA-1BAD-4285-FEF4ED0D1B8A}.Debug|Pocket PC 2003 (ARMV4).ActiveCfg = Debug|Pocket PC 2003 (ARMV4)
		{9286AE38-FECA-1BAD-4285-FEF4ED0D1B8A}.Debug|Pocket PC 2003 (ARMV4).Build.0 = Debug|Pocket PC 2003 (ARMV4)
		{9286AE38-FECA-1BAD-4285-FEF4ED0D1B8A}.Debug|Smartphone 2003 (ARMV4).ActiveCfg = Debug|Smartphone 2003 (ARMV4)
		{9286AE38-FECA-1BAD-4285-FEF4ED0D1B8A}.Debug|Smartphone 2003 (ARMV4).Build.0 = Debug|Smartphone 2003 (ARMV4)
		{9286AE38-FECA-1BAD-4285-FEF4ED0D1B8A}.Debug|Windows Mobile 5.0 Pocket PC SDK (ARMV4I).ActiveCfg = Debug|Windows Mobile 5.0 Pocket PC SDK (ARMV4I)
		{9286AE38-FECA-1BAD-4285-FEF4ED0D1B8A}.Debug|Windows Mobile 5.0 Pocket PC SDK (ARMV4I).Build.0 = Debug|Windows Mobile 5.0 Pocket PC SDK (ARMV4I)
		{9286AE38-FECA-1BAD-4285-FEF4ED0D1B8A}.Debug|Windows Mobile 5.0 Smartphone SDK (ARMV4I).ActiveCfg = Debug|Windows Mobile 5.0 Smartphone SDK (ARMV4I)
		{9286AE38-FECA-1BAD-4285-FEF4ED0D1B8A}.Debug|Windows Mobile 5.0 Smartphone SDK (ARMV4I).Build.0 = Debug|Windows Mobile 5.0 Smartphone SDK (ARMV4I)
		{9286AE38-FECA-1BAD-4285-FEF4ED0D1B8A}.Release|Pocket PC 2003 (ARMV4).ActiveCfg = Release|Pocket PC 2003 (ARMV4)
		{9286AE38-FECA-1BAD-4285-FEF4ED0D1B8A}.Release|Pocket PC 2003 (ARMV4).Build.0 = Release|Pocket PC 2003 (ARMV4)
		{9286AE38-FECA-1BAD-4285-FEF4ED0D1B8A}.Release|Smartphone 2003 (ARMV4).ActiveCfg = Release|Smartphone 2003 (ARMV4)
		{9286AE38-FECA-1BAD-4285-FEF4ED0D1B8A}.Release|Smartphone 2003 (ARMV4).Build.0 = Release|Smartphone 2003 (ARMV4)
		{9286AE38-FECA-1BAD-4285-FEF4ED0D1B8A}.Release|Windows Mobile 5.0 Pocket PC SDK (ARMV4I).ActiveCfg = Release|Windows Mobile 5.0 Pocket PC SDK (ARMV4I)
		{9286AE38-FECA-1BAD-4285-FEF4ED0D1B8A}.Release|Windows Mobile 5.0 Pocket PC SDK (ARMV4I).Build.0 = Release|Windows Mobile 5.0 Pocket PC SDK (ARMV4I)
		{9286AE38-FECA-1BAD-4285-FEF4ED0D1B8A}.Release|Windows Mobile 5.0 Smartphone SDK (ARMV4I).ActiveCfg = Release|Windows Mobile 5.0 Smartphone SDK (ARMV4I)
		{9286AE38-FECA-1BAD-4285-FEF4ED0D1B8A}.Release|Windows Mobile 5.0 Smartphone SDK (ARMV4I).Build.0 = Release|Windows Mobile 5.0 Smartphone SDK (ARMV4I)
		{3B1ADA4B-FECA-1BAD-4285-FEF4ED0D1B8A}.Debug|Pocket PC 2003 (ARMV4).ActiveCfg = Debug|Pocket PC 2003 (ARMV4)
		{3B1ADA4B-FECA-1BAD-4285-FEF4ED0D1B8A}.Debug|Pocket PC 2003 (ARMV4).Build.0 = Debug|Pocket PC 2003 (ARMV4)
		{3B1ADA4B-FECA-1BAD-4285-FEF4ED0D1B8A}.Debug|Smartphone 2003 (ARMV4).ActiveCfg = Debug|Smartphone 2003 (ARMV4)
		{3B1ADA4B-FECA-1BAD-4285-FEF4ED0D1B8A}.Debug|Smartphone 2003 (ARMV4).Build.0 = Debug|Smartphone 2003 (ARMV4)
		{3B1ADA4B-FECA-1BAD-4285-FEF4ED0D1B8A}.Debug|Windows Mobile 5.0 Pocket PC SDK (ARMV4I).ActiveCfg = Debug|Windows Mobile 5.0 Pocket PC SDK (ARMV4I)
		{3B1ADA4B-FECA-1BAD-4285-FEF4ED0D1B8A}.Debug|Windows Mobile 5.0 Pocket PC SDK (ARMV4I).Build.0 = Debug|Windows Mobile 5.0 Pocket PC SDK (ARMV4I)
		{3B1ADA4B-FECA-1BAD-4285-FEF4ED0D1B8A}.Debug|Windows Mobile 5.0 Smartphone SDK (ARMV4I).ActiveCfg = Debug|Windows Mobile 5.0 Smartphone SDK (ARMV4I)
		{3B1ADA4B-FECA-1BAD-4285-FEF4ED0D1B8A}.Debug|Windows Mobile 5.0 Smartphone SDK (ARMV4I).Build.0 = Debug|Windows Mobile 5.0 Smartphone SDK (ARMV4I)
		{3B1ADA4B-FECA-1BAD-4285-FEF4ED0D1B8A}.Release|Pocket PC 2003 (ARMV4).ActiveCfg = Release|Pocket PC 2003 (ARMV4)
		{3B1ADA4B-FECA-1BAD-4285-FEF4ED0D1B8A}.Release|Pocket PC 2003 (ARMV4).Build.0 = Release|Pocket PC 2003 (ARMV4)
		{3B1ADA4B-FECA-1BAD-4285-FEF4ED0D1B8A}.Release|Smartphone 2003 (ARMV4).ActiveCfg = Release|Smartphone 2003 (ARMV4)
		{3B1ADA4B-FECA-1BAD-4285-FEF4ED0D1B8A}.Release|Smartphone 2003 (ARMV4).Build.0 = Release|Smartphone 2003 (ARMV4)
		{3B1ADA4B-FECA-1BAD-4285-FEF4ED0D1B8A}.Release|Windows Mobile 5.0 Pocket PC SDK (ARMV4I).ActiveCfg = Release|Windows Mobile 5.0 Pocket PC SDK (ARMV4I)
		{3B1ADA4B-FECA-1BAD-4285-FEF4ED0D1B8A}.Release|Windows Mobile 5.0 Pocket PC SDK (ARMV4I).Build.0 = Release|Windows Mobile 5.0 Pocket PC SDK (ARMV4I)
		{3B1ADA4B-FECA-1BAD-4285-FEF4ED0D1B8A}.Release|Windows Mobile 5.0 Smartphone SDK (ARMV4I).ActiveCfg = Release|Windows Mobile 5.0 Smartphone SDK (ARMV4I)
		{3B1ADA4B-FECA-1BAD-4285-FEF4ED0D1B8A}.Release|Windows Mobile 5.0 Smartphone SDK (ARMV4I).Build.0 = Release|Windows Mobile 5.0 Smartphone SDK (ARMV4I)
		{D3ADB50B-FECA-1BAD-4285-FEF4ED0D1B8A}.Debug|Pocket PC 2003 (ARMV4).ActiveCfg = Debug|Pocket PC 2003 (ARMV4)
		{D3ADB50B-FECA-1BAD-4285-FEF4ED0D1B8A}.Debug|Pocket PC 2003 (ARMV4).Build.0 = Debug|Pocket PC 2003 (ARMV4)
		{D3ADB50B-FECA-1BAD-4285-FEF4ED0D1B8A}.Debug|Smartphone 2003 (ARMV4).ActiveCfg = Debug|Smartphone 2003 (ARMV4)
		{D3ADB50B-FECA-1BAD-4285-FEF4ED0D1B8A}.Debug|Smartphone 2003 (ARMV4).Build.0 = Debug|Smartphone 2003 (ARMV4)
		{D3ADB50B-FECA-1BAD-4285-FEF4ED0D1B8A}.Debug|Windows Mobile 5.0 Pocket PC SDK (ARMV4I).ActiveCfg = Debug|Windows Mobile 5.0 Pocket PC SDK (ARMV4I)
		{D3ADB50B-FECA-1BAD-4285-FEF4ED0D1B8A}.Debug|Windows Mobile 5.0 Pocket PC SDK (ARMV4I).Build.0 = Debug|Windows Mobile 5.0 Pocket PC SDK (ARMV4I)
		{D3ADB50B-FECA-1BAD-4285-FEF4ED0D1B8A}.Debug|Windows Mobile 5.0 Smartphone SDK (ARMV4I).ActiveCfg = Debug|Windows Mobile 5.0 Smartphone SDK (ARMV4I)
		{D3ADB50B-FECA-1BAD-4285-FEF4ED0D1B8A}.Debug|Windows Mobile 5.0 Smartphone SDK (ARMV4I).Build.0 = Debug|Windows Mobile 5.0 Smartphone SDK (ARMV4I)
		{D3ADB50B-FECA-1BAD-4285-FEF4ED0D1B8A}.Release|Pocket PC 2003 (ARMV4).ActiveCfg = Release|Pocket PC 2003 (ARMV4)
		{D3ADB50B-FECA-1BAD-4285-FEF4ED0D1B8A}.Release|Pocket PC 2003 (ARMV4).Build.0 = Release|Pocket PC 2003 (ARMV4)
		{D3ADB50B-FECA-1BAD-4285-FEF4ED0D1B8A}.Release|Smartphone 2003 (ARMV4).ActiveCfg = Release|Smartphone 2003 (ARMV4)
		{D3ADB50B-FECA-1BAD-4285-FEF4ED0D1B8A}.Release|Smartphone 2003 (ARMV4).Build.0 = Release|Smartphone 2003 (ARMV4)
		{D3ADB50B-FECA-1BAD-4285-FEF4ED0D1B8A}.Release|Windows Mobile 5.0 Pocket PC SDK (ARMV4I).ActiveCfg = Release|Windows Mobile 5.0 Pocket PC SDK (ARMV4I)
		{D3ADB50B-FECA-1BAD-4285-FEF4ED0D1B8A}.Release|Windows Mobile 5.0 Pocket PC SDK (ARMV4I).Build.0 = Release|Windows Mobile 5.0 Pocket PC SDK (ARMV4I)
		{D3ADB50B-FECA-1BAD-4285-FEF4ED0D1B8A}.Release|Windows Mobile 5.0 Smartphone SDK (ARMV4I).ActiveCfg = Release|Windows Mobile 5.0 Smartphone SDK (ARMV4I)
		{D3ADB50B-FECA-1BAD-4285-FEF4ED0D1B8A}.Release|Windows Mobile 5.0 Smartphone SDK (ARMV4I).Build.0 = Release|Windows Mobile 5.0 Smartphone SDK (ARMV4I)
		{D3330DFA-FECA-1BAD-4285-FEF4ED0D1B8A}.Debug|Pocket PC 2003 (ARMV4).ActiveCfg = Debug|Pocket PC 2003 (ARMV4)
		{D3330DFA-FECA-1BAD-4285-FEF4ED0D1B8A}.Debug|Pocket PC 2003 (ARMV4).Build.0 = Debug|Pocket PC 2003 (ARMV4)
		{D3330DFA-FECA-1BAD-4285-FEF4ED0D1B8A}.Debug|Smartphone 2003 (ARMV4).ActiveCfg = Debug|Smartphone 2003 (ARMV4)
		{D3330DFA-FECA-1BAD-4285-FEF4ED0D1B8A}.Debug|Smartphone 2003 (ARMV4).Build.0 = Debug|Smartphone 2003 (ARMV4)
		{D3330DFA-FECA-1BAD-4285-FEF4ED0D1B8A}.Debug|Windows Mobile 5.0 Pocket PC SDK (ARMV4I).ActiveCfg = Debug|Windows Mobile 5.0 Pocket PC SDK (ARMV4I)
		{D3330DFA-FECA-1BAD-4285-FEF4ED0D1B8A}.Debug|Windows Mobile 5.0 Pocket PC SDK (ARMV4I).Build.0 = Debug|Windows Mobile 5.0 Pocket PC SDK (ARMV4I)
		{D3330DFA-FECA-1BAD-4285-FEF4ED0D1B8A}.Debug|Windows Mobile 5.0 Smartphone SDK (ARMV4I).ActiveCfg = Debug|Windows Mobile 5.0 Smartphone SDK (ARMV4I)
		{D3330DFA-FECA-1BAD-4285-FEF4ED0D1B8A}.Debug|Windows Mobile 5.0 Smartphone SDK (ARMV4I).Build.0 = Debug|Windows Mobile 5.0 Smartphone SDK (ARMV4I)
		{D3330DFA-FECA-1BAD-4285-FEF4ED0D1B8A}.Release|Pocket PC 2003 (ARMV4).ActiveCfg = Release|Pocket PC 2003 (ARMV4)
		{D3330DFA-FECA-1BAD-4285-FEF4ED0D1B8A}.Release|Pocket PC 2003 (ARMV4).Build.0 = Release|Pocket PC 2003 (ARMV4)
		{D3330DFA-FECA-1BAD-4285-FEF4ED0D1B8A}.Release|Smartphone 2003 (ARMV4).ActiveCfg = Release|Smartphone 2003 (ARMV4)
		{D3330DFA-FECA-1BAD-4285-FEF4ED0D1B8A}.Release|Smartphone 2003 (ARMV4).Build.0 = Release|Smartphone 2003 (ARMV4)
		{D3330DFA-FECA-1BAD-4285-FEF4ED0D1B8A}.Release|Windows Mobile 5.0 Pocket PC SDK (ARMV4I).ActiveCfg = Release|Windows Mobile 5.0 Pocket PC SDK (ARMV4I)
		{D3330DFA-FECA-1BAD-4285-FEF4ED0D1B8A}.Release|Windows Mobile 5.0 Pocket PC SDK (ARMV4I).Build.0 = Release|Windows Mobile 5.0 Pocket PC SDK (ARMV4I)
		{D3330DFA-FECA-1BAD-4285-FEF4ED0D1B8A}.Release|Windows Mobile 5.0 Smartphone SDK (ARMV4I).ActiveCfg = Release|Windows Mobile 5.0 Smartphone SDK (ARMV4I)
		{D3330DFA-FECA-1BAD-4285-FEF4ED0D1B8A}.Release|Windows Mobile 5.0 Smartphone SDK (ARMV4I).Build.0 = Release|Windows Mobile 5.0 Smartphone SDK (ARMV4I)
		{F39BA09E-FECA-1BAD-4285-FEF4ED0D1B8A}.Debug|Pocket PC 2003 (ARMV4).ActiveCfg = Debug|Pocket PC 2003 (ARMV4)
		{F39BA09E-FECA-1BAD-4285-FEF4ED0D1B8A}.Debug|Pocket PC 2003 (ARMV4).Build.0 = Debug|Pocket PC 2003 (ARMV4)
		{F39BA09E-FECA-1BAD-4285-FEF4ED0D1B8A}.Debug|Smartphone 2003 (ARMV4).ActiveCfg = Debug|Smartphone 2003 (ARMV4)
		{F39BA09E-FECA-1BAD-4285-FEF4ED0D1B8A}.Debug|Smartphone 2003 (ARMV4).Build.0 = Debug|Smartphone 2003 (ARMV4)
		{F39BA09E-FECA-1BAD-4285-FEF4ED0D1B8A}.Debug|Windows Mobile 5.0 Pocket PC SDK (ARMV4I).ActiveCfg = Debug|Windows Mobile 5.0 Pocket PC SDK (ARMV4I)
		{F39BA09E-FECA-1BAD-4285-FEF4ED0D1B8A}.Debug|Windows Mobile 5.0 Pocket PC SDK (ARMV4I).Build.0 = Debug|Windows Mobile 5.0 Pocket PC SDK (ARMV4I)
		{F39BA09E-FECA-1BAD-4285-FEF4ED0D1B8A}.Debug|Windows Mobile 5.0 Smartphone SDK (ARMV4I).ActiveCfg = Debug|Windows Mobile 5.0 Smartphone SDK (ARMV4I)
		{F39BA09E-FECA-1BAD-4285-FEF4ED0D1B8A}.Debug|Windows Mobile 5.0 Smartphone SDK (ARMV4I).Build.0 = Debug|Windows Mobile 5.0 Smartphone SDK (ARMV4I)
		{F39BA09E-FECA-1BAD-4285-FEF4ED0D1B8A}.Release|Pocket PC 2003 (ARMV4).ActiveCfg = Release|Pocket PC 2003 (ARMV4)
		{F39BA09E-FECA-1BAD-4285-FEF4ED0D1B8A}.Release|Pocket PC 2003 (ARMV4).Build.0 = Release|Pocket PC 2003 (ARMV4)
		{F39BA09E-FECA-1BAD-4285-FEF4ED0D1B8A}.Release|Smartphone 2003 (ARMV4).ActiveCfg = Release|Smartphone 2003 (ARMV4)
		{F39BA09E-FECA-1BAD-4285-FEF4ED0D1B8A}.Release|Smartphone 2003 (ARMV4).Build.0 = Release|Smartphone 2003 (ARMV4)
		{F39BA09E-FECA-1BAD-4285-FEF4ED0D1B8A}.Release|Windows Mobile 5.0 Pocket PC SDK (ARMV4I).ActiveCfg = Release|Windows Mobile 5.0 Pocket PC SDK (ARMV4I)
		{F39BA09E-FECA-1BAD-4285-FEF4ED0D1B8A}.Release|Windows Mobile 5.0 Pocket PC SDK (ARMV4I).Build.0 = Release|Windows Mobile 5.0 Pocket PC SDK (ARMV4I)
		{F39BA09E-FECA-1BAD-4285-FEF4ED0D1B8A}.Release|Windows Mobile 5.0 Smartphone SDK (ARMV4I).ActiveCfg = Release|Windows Mobile 5.0 Smartphone SDK (ARMV4I)
		{F39BA09E-FECA-1BAD-4285-FEF4ED0D1B8A}.Release|Windows Mobile 5.0 Smartphone SDK (ARMV4I).Build.0 = Release|Windows Mobile 5.0 Smartphone SDK (ARMV4I)
		{078C7AA5-FECA-1BAD-4795-2E543E6E4A0E}.Debug|Pocket PC 2003 (ARMV4).ActiveCfg = Debug|Pocket PC 2003 (ARMV4)
		{078C7AA5-FECA-1BAD-4795-2E543E6E4A0E}.Debug|Pocket PC 2003 (ARMV4).Build.0 = Debug|Pocket PC 2003 (ARMV4)
		{078C7AA5-FECA-1BAD-4795-2E543E6E4A0E}.Debug|Smartphone 2003 (ARMV4).ActiveCfg = Debug|Smartphone 2003 (ARMV4)
		{078C7AA5-FECA-1BAD-4795-2E543E6E4A0E}.Debug|Smartphone 2003 (ARMV4).Build.0 = Debug|Smartphone 2003 (ARMV4)
		{078C7AA5-FECA-1BAD-4795-2E543E6E4A0E}.Debug|Windows Mobile 5.0 Pocket PC SDK (ARMV4I).ActiveCfg = Debug|Windows Mobile 5.0 Pocket PC SDK (ARMV4I)
		{078C7AA5-FECA-1BAD-4795-2E543E6E4A0E}.Debug|Windows Mobile 5.0 Pocket PC SDK (ARMV4I).Build.0 = Debug|Windows Mobile 5.0 Pocket PC SDK (ARMV4I)
		{078C7AA5-FECA-1BAD-4795-2E543E6E4A0E}.Debug|Windows Mobile 5.0 Smartphone SDK (ARMV4I).ActiveCfg = Debug|Windows Mobile 5.0 Smartphone SDK (ARMV4I)
		{078C7AA5-FECA-1BAD-4795-2E543E6E4A0E}.Debug|Windows Mobile 5.0 Smartphone SDK (ARMV4I).Build.0 = Debug|Windows Mobile 5.0 Smartphone SDK (ARMV4I)
		{078C7AA5-FECA-1BAD-4795-2E543E6E4A0E}.Release|Pocket PC 2003 (ARMV4).ActiveCfg = Release|Pocket PC 2003 (ARMV4)
		{078C7AA5-FECA-1BAD-4795-2E543E6E4A0E}.Release|Pocket PC 2003 (ARMV4).Build.0 = Release|Pocket PC 2003 (ARMV4)
		{078C7AA5-FECA-1BAD-4795-2E543E6E4A0E}.Release|Smartphone 2003 (ARMV4).ActiveCfg = Release|Smartphone 2003 (ARMV4)
		{078C7AA5-FECA-1BAD-4795-2E543E6E4A0E}.Release|Smartphone 2003 (ARMV4).Build.0 = Release|Smartphone 2003 (ARMV4)
		{078C7AA5-FECA-1BAD-4795-2E543E6E4A0E}.Release|Windows Mobile 5.0 Pocket PC SDK (ARMV4I).ActiveCfg = Release|Windows Mobile 5.0 Pocket PC SDK (ARMV4I)
		{078C7AA5-FECA-1BAD-4795-2E543E6E4A0E}.Release|Windows Mobile 5.0 Pocket PC SDK (ARMV4I).Build.0 = Release|Windows Mobile 5.0 Pocket PC SDK (ARMV4I)
		{078C7AA5-FECA-1BAD-4795-2E543E6E4A0E}.Release|Windows Mobile 5.0 Smartphone SDK (ARMV4I).ActiveCfg = Release|Windows Mobile 5.0 Smartphone SDK (ARMV4I)
		{078C7AA5-FECA-1BAD-4795-2E543E6E4A0E}.Release|Windows Mobile 5.0 Smartphone SDK (ARMV4I).Build.0 = Release|Windows Mobile 5.0 Smartphone SDK (ARMV4I)
		{3CEC6A2F-FECA-1BAD-4795-2E543E6E4A0E}.Debug|Pocket PC 2003 (ARMV4).ActiveCfg = Debug|Pocket PC 2003 (ARMV4)
		{3CEC6A2F-FECA-1BAD-4795-2E543E6E4A0E}.Debug|Pocket PC 2003 (ARMV4).Build.0 = Debug|Pocket PC 2003 (ARMV4)
		{3CEC6A2F-FECA-1BAD-4795-2E543E6E4A0E}.Debug|Smartphone 2003 (ARMV4).ActiveCfg = Debug|Smartphone 2003 (ARMV4)
		{3CEC6A2F-FECA-1BAD-4795-2E543E6E4A0E}.Debug|Smartphone 2003 (ARMV4).Build.0 = Debug|Smartphone 2003 (ARMV4)
		{3CEC6A2F-FECA-1BAD-4795-2E543E6E4A0E}.Debug|Windows Mobile 5.0 Pocket PC SDK (ARMV4I).ActiveCfg = Debug|Windows Mobile 5.0 Pocket PC SDK (ARMV4I)
		{3CEC6A2F-FECA-1BAD-4795-2E543E6E4A0E}.Debug|Windows Mobile 5.0 Pocket PC SDK (ARMV4I).Build.0 = Debug|Windows Mobile 5.0 Pocket PC SDK (ARMV4I)
		{3CEC6A2F-FECA-1BAD-4795-2E543E6E4A0E}.Debug|Windows Mobile 5.0 Smartphone SDK (ARMV4I).ActiveCfg = Debug|Windows Mobile 5.0 Smartphone SDK (ARMV4I)
		{3CEC6A2F-FECA-1BAD-4795-2E543E6E4A0E}.Debug|Windows Mobile 5.0 Smartphone SDK (ARMV4I).Build.0 = Debug|Windows Mobile 5.0 Smartphone SDK (ARMV4I)
		{3CEC6A2F-FECA-1BAD-4795-2E543E6E4A0E}.Release|Pocket PC 2003 (ARMV4).ActiveCfg = Release|Pocket PC 2003 (ARMV4)
		{3CEC6A2F-FECA-1BAD-4795-2E543E6E4A0E}.Release|Pocket PC 2003 (ARMV4).Build.0 = Release|Pocket PC 2003 (ARMV4)
		{3CEC6A2F-FECA-1BAD-4795-2E543E6E4A0E}.Release|Smartphone 2003 (ARMV4).ActiveCfg = Release|Smartphone 2003 (ARMV4)
		{3CEC6A2F-FECA-1BAD-4795-2E543E6E4A0E}.Release|Smartphone 2003 (ARMV4).Build.0 = Release|Smartphone 2003 (ARMV4)
		{3CEC6A2F-FECA-1BAD-4795-2E543E6E4A0E}.Release|Windows Mobile 5.0 Pocket PC SDK (ARMV4I).ActiveCfg = Release|Windows Mobile 5.0 Pocket PC SDK (ARMV4I)
		{3CEC6A2F-FECA-1BAD-4795-2E543E6E4A0E}.Release|Windows Mobile 5.0 Pocket PC SDK (ARMV4I).Build.0 = Release|Windows Mobile 5.0 Pocket PC SDK (ARMV4I)
		{3CEC6A2F-FECA-1BAD-4795-2E543E6E4A0E}.Release|Windows Mobile 5.0 Smartphone SDK (ARMV4I).ActiveCfg = Release|Windows Mobile 5.0 Smartphone SDK (ARMV4I)
		{3CEC6A2F-FECA-1BAD-4795-2E543E6E4A0E}.Release|Windows Mobile 5.0 Smartphone SDK (ARMV4I).Build.0 = Release|Windows Mobile 5.0 Smartphone SDK (ARMV4I)
		{2B293415-FECA-1BAD-701A-2E51FD3FE982}.Debug|Pocket PC 2003 (ARMV4).ActiveCfg = Debug|Pocket PC 2003 (ARMV4)
		{2B293415-FECA-1BAD-701A-2E51FD3FE982}.Debug|Pocket PC 2003 (ARMV4).Build.0 = Debug|Pocket PC 2003 (ARMV4)
		{2B293415-FECA-1BAD-701A-2E51FD3FE982}.Debug|Smartphone 2003 (ARMV4).ActiveCfg = Debug|Smartphone 2003 (ARMV4)
		{2B293415-FECA-1BAD-701A-2E51FD3FE982}.Debug|Smartphone 2003 (ARMV4).Build.0 = Debug|Smartphone 2003 (ARMV4)
		{2B293415-FECA-1BAD-701A-2E51FD3FE982}.Debug|Windows Mobile 5.0 Pocket PC SDK (ARMV4I).ActiveCfg = Debug|Windows Mobile 5.0 Pocket PC SDK (ARMV4I)
		{2B293415-FECA-1BAD-701A-2E51FD3FE982}.Debug|Windows Mobile 5.0 Pocket PC SDK (ARMV4I).Build.0 = Debug|Windows Mobile 5.0 Pocket PC SDK (ARMV4I)
		{2B293415-FECA-1BAD-701A-2E51FD3FE982}.Debug|Windows Mobile 5.0 Smartphone SDK (ARMV4I).ActiveCfg = Debug|Windows Mobile 5.0 Smartphone SDK (ARMV4I)
		{2B293415-FECA-1BAD-701A-2E51FD3FE982}.Debug|Windows Mobile 5.0 Smartphone SDK (ARMV4I).Build.0 = Debug|Windows Mobile 5.0 Smartphone SDK (ARMV4I)
		{2B293415-FECA-1BAD-701A-2E51FD3FE982}.Release|Pocket PC 2003 (ARMV4).ActiveCfg = Release|Pocket PC 2003 (ARMV4)
		{2B293415-FECA-1BAD-701A-2E51FD3FE982}.Release|Pocket PC 2003 (ARMV4).Build.0 = Release|Pocket PC 2003 (ARMV4)
		{2B293415-FECA-1BAD-701A-2E51FD3FE982}.Release|Smartphone 2003 (ARMV4).ActiveCfg = Release|Smartphone 2003 (ARMV4)
		{2B293415-FECA-1BAD-701A-2E51FD3FE982}.Release|Smartphone 2003 (ARMV4).Build.0 = Release|Smartphone 2003 (ARMV4)
		{2B293415-FECA-1BAD-701A-2E51FD3FE982}.Release|Windows Mobile 5.0 Pocket PC SDK (ARMV4I).ActiveCfg = Release|Windows Mobile 5.0 Pocket PC SDK (ARMV4I)
		{2B293415-FECA-1BAD-701A-2E51FD3FE982}.Release|Windows Mobile 5.0 Pocket PC SDK (ARMV4I).Build.0 = Release|Windows Mobile 5.0 Pocket PC SDK (ARMV4I)
		{2B293415-FECA-1BAD-701A-2E51FD3FE982}.Release|Windows Mobile 5.0 Smartphone SDK (ARMV4I).ActiveCfg = Release|Windows Mobile 5.0 Smartphone SDK (ARMV4I)
		{2B293415-FECA-1BAD-701A-2E51FD3FE982}.Release|Windows Mobile 5.0 Smartphone SDK (ARMV4I).Build.0 = Release|Windows Mobile 5.0 Smartphone SDK (ARMV4I)
		{B985B1DE-FECA-1BAD-701A-2E51FD3FE982}.Debug|Pocket PC 2003 (ARMV4).ActiveCfg = Debug|Pocket PC 2003 (ARMV4)
		{B985B1DE-FECA-1BAD-701A-2E51FD3FE982}.Debug|Pocket PC 2003 (ARMV4).Build.0 = Debug|Pocket PC 2003 (ARMV4)
		{B985B1DE-FECA-1BAD-701A-2E51FD3FE982}.Debug|Smartphone 2003 (ARMV4).ActiveCfg = Debug|Smartphone 2003 (ARMV4)
		{B985B1DE-FECA-1BAD-701A-2E51FD3FE982}.Debug|Smartphone 2003 (ARMV4).Build.0 = Debug|Smartphone 2003 (ARMV4)
		{B985B1DE-FECA-1BAD-701A-2E51FD3FE982}.Debug|Windows Mobile 5.0 Pocket PC SDK (ARMV4I).ActiveCfg = Debug|Windows Mobile 5.0 Pocket PC SDK (ARMV4I)
		{B985B1DE-FECA-1BAD-701A-2E51FD3FE982}.Debug|Windows Mobile 5.0 Pocket PC SDK (ARMV4I).Build.0 = Debug|Windows Mobile 5.0 Pocket PC SDK (ARMV4I)
		{B985B1DE-FECA-1BAD-701A-2E51FD3FE982}.Debug|Windows Mobile 5.0 Smartphone SDK (ARMV4I).ActiveCfg = Debug|Windows Mobile 5.0 Smartphone SDK (ARMV4I)
		{B985B1DE-FECA-1BAD-701A-2E51FD3FE982}.Debug|Windows Mobile 5.0 Smartphone SDK (ARMV4I).Build.0 = Debug|Windows Mobile 5.0 Smartphone SDK (ARMV4I)
		{B985B1DE-FECA-1BAD-701A-2E51FD3FE982}.Release|Pocket PC 2003 (ARMV4).ActiveCfg = Release|Pocket PC 2003 (ARMV4)
		{B985B1DE-FECA-1BAD-701A-2E51FD3FE982}.Release|Pocket PC 2003 (ARMV4).Build.0 = Release|Pocket PC 2003 (ARMV4)
		{B985B1DE-FECA-1BAD-701A-2E51FD3FE982}.Release|Smartphone 2003 (ARMV4).ActiveCfg = Release|Smartphone 2003 (ARMV4)
		{B985B1DE-FECA-1BAD-701A-2E51FD3FE982}.Release|Smartphone 2003 (ARMV4).Build.0 = Release|Smartphone 2003 (ARMV4)
		{B985B1DE-FECA-1BAD-701A-2E51FD3FE982}.Release|Windows Mobile 5.0 Pocket PC SDK (ARMV4I).ActiveCfg = Release|Windows Mobile 5.0 Pocket PC SDK (ARMV4I)
		{B985B1DE-FECA-1BAD-701A-2E51FD3FE982}.Release|Windows Mobile 5.0 Pocket PC SDK (ARMV4I).Build.0 = Release|Windows Mobile 5.0 Pocket PC SDK (ARMV4I)
		{B985B1DE-FECA-1BAD-701A-2E51FD3FE982}.Release|Windows Mobile 5.0 Smartphone SDK (ARMV4I).ActiveCfg = Release|Windows Mobile 5.0 Smartphone SDK (ARMV4I)
		{B985B1DE-FECA-1BAD-701A-2E51FD3FE982}.Release|Windows Mobile 5.0 Smartphone SDK (ARMV4I).Build.0 = Release|Windows Mobile 5.0 Smartphone SDK (ARMV4I)
		{3FC85106-FECA-1BAD-701A-2E51FD3FE982}.Debug|Pocket PC 2003 (ARMV4).ActiveCfg = Debug|Pocket PC 2003 (ARMV4)
		{3FC85106-FECA-1BAD-701A-2E51FD3FE982}.Debug|Pocket PC 2003 (ARMV4).Build.0 = Debug|Pocket PC 2003 (ARMV4)
		{3FC85106-FECA-1BAD-701A-2E51FD3FE982}.Debug|Smartphone 2003 (ARMV4).ActiveCfg = Debug|Smartphone 2003 (ARMV4)
		{3FC85106-FECA-1BAD-701A-2E51FD3FE982}.Debug|Smartphone 2003 (ARMV4).Build.0 = Debug|Smartphone 2003 (ARMV4)
		{3FC85106-FECA-1BAD-701A-2E51FD3FE982}.Debug|Windows Mobile 5.0 Pocket PC SDK (ARMV4I).ActiveCfg = Debug|Windows Mobile 5.0 Pocket PC SDK (ARMV4I)
		{3FC85106-FECA-1BAD-701A-2E51FD3FE982}.Debug|Windows Mobile 5.0 Pocket PC SDK (ARMV4I).Build.0 = Debug|Windows Mobile 5.0 Pocket PC SDK (ARMV4I)
		{3FC85106-FECA-1BAD-701A-2E51FD3FE982}.Debug|Windows Mobile 5.0 Smartphone SDK (ARMV4I).ActiveCfg = Debug|Windows Mobile 5.0 Smartphone SDK (ARMV4I)
		{3FC85106-FECA-1BAD-701A-2E51FD3FE982}.Debug|Windows Mobile 5.0 Smartphone SDK (ARMV4I).Build.0 = Debug|Windows Mobile 5.0 Smartphone SDK (ARMV4I)
		{3FC85106-FECA-1BAD-701A-2E51FD3FE982}.Release|Pocket PC 2003 (ARMV4).ActiveCfg = Release|Pocket PC 2003 (ARMV4)
		{3FC85106-FECA-1BAD-701A-2E51FD3FE982}.Release|Pocket PC 2003 (ARMV4).Build.0 = Release|Pocket PC 2003 (ARMV4)
		{3FC85106-FECA-1BAD-701A-2E51FD3FE982}.Release|Smartphone 2003 (ARMV4).ActiveCfg = Release|Smartphone 2003 (ARMV4)
		{3FC85106-FECA-1BAD-701A-2E51FD3FE982}.Release|Smartphone 2003 (ARMV4).Build.0 = Release|Smartphone 2003 (ARMV4)
		{3FC85106-FECA-1BAD-701A-2E51FD3FE982}.Release|Windows Mobile 5.0 Pocket PC SDK (ARMV4I).ActiveCfg = Release|Windows Mobile 5.0 Pocket PC SDK (ARMV4I)
		{3FC85106-FECA-1BAD-701A-2E51FD3FE982}.Release|Windows Mobile 5.0 Pocket PC SDK (ARMV4I).Build.0 = Release|Windows Mobile 5.0 Pocket PC SDK (ARMV4I)
		{3FC85106-FECA-1BAD-701A-2E51FD3FE982}.Release|Windows Mobile 5.0 Smartphone SDK (ARMV4I).ActiveCfg = Release|Windows Mobile 5.0 Smartphone SDK (ARMV4I)
		{3FC85106-FECA-1BAD-701A-2E51FD3FE982}.Release|Windows Mobile 5.0 Smartphone SDK (ARMV4I).Build.0 = Release|Windows Mobile 5.0 Smartphone SDK (ARMV4I)
		{F6B93C0F-FECA-1BAD-701A-2E51FD3FE982}.Debug|Pocket PC 2003 (ARMV4).ActiveCfg = Debug|Pocket PC 2003 (ARMV4)
		{F6B93C0F-FECA-1BAD-701A-2E51FD3FE982}.Debug|Pocket PC 2003 (ARMV4).Build.0 = Debug|Pocket PC 2003 (ARMV4)
		{F6B93C0F-FECA-1BAD-701A-2E51FD3FE982}.Debug|Smartphone 2003 (ARMV4).ActiveCfg = Debug|Smartphone 2003 (ARMV4)
		{F6B93C0F-FECA-1BAD-701A-2E51FD3FE982}.Debug|Smartphone 2003 (ARMV4).Build.0 = Debug|Smartphone 2003 (ARMV4)
		{F6B93C0F-FECA-1BAD-701A-2E51FD3FE982}.Debug|Windows Mobile 5.0 Pocket PC SDK (ARMV4I).ActiveCfg = Debug|Windows Mobile 5.0 Pocket PC SDK (ARMV4I)
		{F6B93C0F-FECA-1BAD-701A-2E51FD3FE982}.Debug|Windows Mobile 5.0 Pocket PC SDK (ARMV4I).Build.0 = Debug|Windows Mobile 5.0 Pocket PC SDK (ARMV4I)
		{F6B93C0F-FECA-1BAD-701A-2E51FD3FE982}.Debug|Windows Mobile 5.0 Smartphone SDK (ARMV4I).ActiveCfg = Debug|Windows Mobile 5.0 Smartphone SDK (ARMV4I)
		{F6B93C0F-FECA-1BAD-701A-2E51FD3FE982}.Debug|Windows Mobile 5.0 Smartphone SDK (ARMV4I).Build.0 = Debug|Windows Mobile 5.0 Smartphone SDK (ARMV4I)
		{F6B93C0F-FECA-1BAD-701A-2E51FD3FE982}.Release|Pocket PC 2003 (ARMV4).ActiveCfg = Release|Pocket PC 2003 (ARMV4)
		{F6B93C0F-FECA-1BAD-701A-2E51FD3FE982}.Release|Pocket PC 2003 (ARMV4).Build.0 = Release|Pocket PC 2003 (ARMV4)
		{F6B93C0F-FECA-1BAD-701A-2E51FD3FE982}.Release|Smartphone 2003 (ARMV4).ActiveCfg = Release|Smartphone 2003 (ARMV4)
		{F6B93C0F-FECA-1BAD-701A-2E51FD3FE982}.Release|Smartphone 2003 (ARMV4).Build.0 = Release|Smartphone 2003 (ARMV4)
		{F6B93C0F-FECA-1BAD-701A-2E51FD3FE982}.Release|Windows Mobile 5.0 Pocket PC SDK (ARMV4I).ActiveCfg = Release|Windows Mobile 5.0 Pocket PC SDK (ARMV4I)
		{F6B93C0F-FECA-1BAD-701A-2E51FD3FE982}.Release|Windows Mobile 5.0 Pocket PC SDK (ARMV4I).Build.0 = Release|Windows Mobile 5.0 Pocket PC SDK (ARMV4I)
		{F6B93C0F-FECA-1BAD-701A-2E51FD3FE982}.Release|Windows Mobile 5.0 Smartphone SDK (ARMV4I).ActiveCfg = Release|Windows Mobile 5.0 Smartphone SDK (ARMV4I)
		{F6B93C0F-FECA-1BAD-701A-2E51FD3FE982}.Release|Windows Mobile 5.0 Smartphone SDK (ARMV4I).Build.0 = Release|Windows Mobile 5.0 Smartphone SDK (ARMV4I)
		{B6547D7D-FECA-1BAD-701A-2E51FD3FE982}.Debug|Pocket PC 2003 (ARMV4).ActiveCfg = Debug|Pocket PC 2003 (ARMV4)
		{B6547D7D-FECA-1BAD-701A-2E51FD3FE982}.Debug|Pocket PC 2003 (ARMV4).Build.0 = Debug|Pocket PC 2003 (ARMV4)
		{B6547D7D-FECA-1BAD-701A-2E51FD3FE982}.Debug|Smartphone 2003 (ARMV4).ActiveCfg = Debug|Smartphone 2003 (ARMV4)
		{B6547D7D-FECA-1BAD-701A-2E51FD3FE982}.Debug|Smartphone 2003 (ARMV4).Build.0 = Debug|Smartphone 2003 (ARMV4)
		{B6547D7D-FECA-1BAD-701A-2E51FD3FE982}.Debug|Windows Mobile 5.0 Pocket PC SDK (ARMV4I).ActiveCfg = Debug|Windows Mobile 5.0 Pocket PC SDK (ARMV4I)
		{B6547D7D-FECA-1BAD-701A-2E51FD3FE982}.Debug|Windows Mobile 5.0 Pocket PC SDK (ARMV4I).Build.0 = Debug|Windows Mobile 5.0 Pocket PC SDK (ARMV4I)
		{B6547D7D-FECA-1BAD-701A-2E51FD3FE982}.Debug|Windows Mobile 5.0 Smartphone SDK (ARMV4I).ActiveCfg = Debug|Windows Mobile 5.0 Smartphone SDK (ARMV4I)
		{B6547D7D-FECA-1BAD-701A-2E51FD3FE982}.Debug|Windows Mobile 5.0 Smartphone SDK (ARMV4I).Build.0 = Debug|Windows Mobile 5.0 Smartphone SDK (ARMV4I)
		{B6547D7D-FECA-1BAD-701A-2E51FD3FE982}.Release|Pocket PC 2003 (ARMV4).ActiveCfg = Release|Pocket PC 2003 (ARMV4)
		{B6547D7D-FECA-1BAD-701A-2E51FD3FE982}.Release|Pocket PC 2003 (ARMV4).Build.0 = Release|Pocket PC 2003 (ARMV4)
		{B6547D7D-FECA-1BAD-701A-2E51FD3FE982}.Release|Smartphone 2003 (ARMV4).ActiveCfg = Release|Smartphone 2003 (ARMV4)
		{B6547D7D-FECA-1BAD-701A-2E51FD3FE982}.Release|Smartphone 2003 (ARMV4).Build.0 = Release|Smartphone 2003 (ARMV4)
		{B6547D7D-FECA-1BAD-701A-2E51FD3FE982}.Release|Windows Mobile 5.0 Pocket PC SDK (ARMV4I).ActiveCfg = Release|Windows Mobile 5.0 Pocket PC SDK (ARMV4I)
		{B6547D7D-FECA-1BAD-701A-2E51FD3FE982}.Release|Windows Mobile 5.0 Pocket PC SDK (ARMV4I).Build.0 = Release|Windows Mobile 5.0 Pocket PC SDK (ARMV4I)
		{B6547D7D-FECA-1BAD-701A-2E51FD3FE982}.Release|Windows Mobile 5.0 Smartphone SDK (ARMV4I).ActiveCfg = Release|Windows Mobile 5.0 Smartphone SDK (ARMV4I)
		{B6547D7D-FECA-1BAD-701A-2E51FD3FE982}.Release|Windows Mobile 5.0 Smartphone SDK (ARMV4I).Build.0 = Release|Windows Mobile 5.0 Smartphone SDK (ARMV4I)
		{DF1C3646-FECA-1BAD-701A-2E51FD3FE982}.Debug|Pocket PC 2003 (ARMV4).ActiveCfg = Debug|Pocket PC 2003 (ARMV4)
		{DF1C3646-FECA-1BAD-701A-2E51FD3FE982}.Debug|Pocket PC 2003 (ARMV4).Build.0 = Debug|Pocket PC 2003 (ARMV4)
		{DF1C3646-FECA-1BAD-701A-2E51FD3FE982}.Debug|Smartphone 2003 (ARMV4).ActiveCfg = Debug|Smartphone 2003 (ARMV4)
		{DF1C3646-FECA-1BAD-701A-2E51FD3FE982}.Debug|Smartphone 2003 (ARMV4).Build.0 = Debug|Smartphone 2003 (ARMV4)
		{DF1C3646-FECA-1BAD-701A-2E51FD3FE982}.Debug|Windows Mobile 5.0 Pocket PC SDK (ARMV4I).ActiveCfg = Debug|Windows Mobile 5.0 Pocket PC SDK (ARMV4I)
		{DF1C3646-FECA-1BAD-701A-2E51FD3FE982}.Debug|Windows Mobile 5.0 Pocket PC SDK (ARMV4I).Build.0 = Debug|Windows Mobile 5.0 Pocket PC SDK (ARMV4I)
		{DF1C3646-FECA-1BAD-701A-2E51FD3FE982}.Debug|Windows Mobile 5.0 Smartphone SDK (ARMV4I).ActiveCfg = Debug|Windows Mobile 5.0 Smartphone SDK (ARMV4I)
		{DF1C3646-FECA-1BAD-701A-2E51FD3FE982}.Debug|Windows Mobile 5.0 Smartphone SDK (ARMV4I).Build.0 = Debug|Windows Mobile 5.0 Smartphone SDK (ARMV4I)
		{DF1C3646-FECA-1BAD-701A-2E51FD3FE982}.Release|Pocket PC 2003 (ARMV4).ActiveCfg = Release|Pocket PC 2003 (ARMV4)
		{DF1C3646-FECA-1BAD-701A-2E51FD3FE982}.Release|Pocket PC 2003 (ARMV4).Build.0 = Release|Pocket PC 2003 (ARMV4)
		{DF1C3646-FECA-1BAD-701A-2E51FD3FE982}.Release|Smartphone 2003 (ARMV4).ActiveCfg = Release|Smartphone 2003 (ARMV4)
		{DF1C3646-FECA-1BAD-701A-2E51FD3FE982}.Release|Smartphone 2003 (ARMV4).Build.0 = Release|Smartphone 2003 (ARMV4)
		{DF1C3646-FECA-1BAD-701A-2E51FD3FE982}.Release|Windows Mobile 5.0 Pocket PC SDK (ARMV4I).ActiveCfg = Release|Windows Mobile 5.0 Pocket PC SDK (ARMV4I)
		{DF1C3646-FECA-1BAD-701A-2E51FD3FE982}.Release|Windows Mobile 5.0 Pocket PC SDK (ARMV4I).Build.0 = Release|Windows Mobile 5.0 Pocket PC SDK (ARMV4I)
		{DF1C3646-FECA-1BAD-701A-2E51FD3FE982}.Release|Windows Mobile 5.0 Smartphone SDK (ARMV4I).ActiveCfg = Release|Windows Mobile 5.0 Smartphone SDK (ARMV4I)
		{DF1C3646-FECA-1BAD-701A-2E51FD3FE982}.Release|Windows Mobile 5.0 Smartphone SDK (ARMV4I).Build.0 = Release|Windows Mobile 5.0 Smartphone SDK (ARMV4I)
		{823DC52F-FECA-1BAD-701A-2E51FD3FE982}.Debug|Pocket PC 2003 (ARMV4).ActiveCfg = Debug|Pocket PC 2003 (ARMV4)
		{823DC52F-FECA-1BAD-701A-2E51FD3FE982}.Debug|Pocket PC 2003 (ARMV4).Build.0 = Debug|Pocket PC 2003 (ARMV4)
		{823DC52F-FECA-1BAD-701A-2E51FD3FE982}.Debug|Smartphone 2003 (ARMV4).ActiveCfg = Debug|Smartphone 2003 (ARMV4)
		{823DC52F-FECA-1BAD-701A-2E51FD3FE982}.Debug|Smartphone 2003 (ARMV4).Build.0 = Debug|Smartphone 2003 (ARMV4)
		{823DC52F-FECA-1BAD-701A-2E51FD3FE982}.Debug|Windows Mobile 5.0 Pocket PC SDK (ARMV4I).ActiveCfg = Debug|Windows Mobile 5.0 Pocket PC SDK (ARMV4I)
		{823DC52F-FECA-1BAD-701A-2E51FD3FE982}.Debug|Windows Mobile 5.0 Pocket PC SDK (ARMV4I).Build.0 = Debug|Windows Mobile 5.0 Pocket PC SDK (ARMV4I)
		{823DC52F-FECA-1BAD-701A-2E51FD3FE982}.Debug|Windows Mobile 5.0 Smartphone SDK (ARMV4I).ActiveCfg = Debug|Windows Mobile 5.0 Smartphone SDK (ARMV4I)
		{823DC52F-FECA-1BAD-701A-2E51FD3FE982}.Debug|Windows Mobile 5.0 Smartphone SDK (ARMV4I).Build.0 = Debug|Windows Mobile 5.0 Smartphone SDK (ARMV4I)
		{823DC52F-FECA-1BAD-701A-2E51FD3FE982}.Release|Pocket PC 2003 (ARMV4).ActiveCfg = Release|Pocket PC 2003 (ARMV4)
		{823DC52F-FECA-1BAD-701A-2E51FD3FE982}.Release|Pocket PC 2003 (ARMV4).Build.0 = Release|Pocket PC 2003 (ARMV4)
		{823DC52F-FECA-1BAD-701A-2E51FD3FE982}.Release|Smartphone 2003 (ARMV4).ActiveCfg = Release|Smartphone 2003 (ARMV4)
		{823DC52F-FECA-1BAD-701A-2E51FD3FE982}.Release|Smartphone 2003 (ARMV4).Build.0 = Release|Smartphone 2003 (ARMV4)
		{823DC52F-FECA-1BAD-701A-2E51FD3FE982}.Release|Windows Mobile 5.0 Pocket PC SDK (ARMV4I).ActiveCfg = Release|Windows Mobile 5.0 Pocket PC SDK (ARMV4I)
		{823DC52F-FECA-1BAD-701A-2E51FD3FE982}.Release|Windows Mobile 5.0 Pocket PC SDK (ARMV4I).Build.0 = Release|Windows Mobile 5.0 Pocket PC SDK (ARMV4I)
		{823DC52F-FECA-1BAD-701A-2E51FD3FE982}.Release|Windows Mobile 5.0 Smartphone SDK (ARMV4I).ActiveCfg = Release|Windows Mobile 5.0 Smartphone SDK (ARMV4I)
		{823DC52F-FECA-1BAD-701A-2E51FD3FE982}.Release|Windows Mobile 5.0 Smartphone SDK (ARMV4I).Build.0 = Release|Windows Mobile 5.0 Smartphone SDK (ARMV4I)
		{79469204-FECA-1BAD-701A-2E51FD3FE982}.Debug|Pocket PC 2003 (ARMV4).ActiveCfg = Debug|Pocket PC 2003 (ARMV4)
		{79469204-FECA-1BAD-701A-2E51FD3FE982}.Debug|Pocket PC 2003 (ARMV4).Build.0 = Debug|Pocket PC 2003 (ARMV4)
		{79469204-FECA-1BAD-701A-2E51FD3FE982}.Debug|Smartphone 2003 (ARMV4).ActiveCfg = Debug|Smartphone 2003 (ARMV4)
		{79469204-FECA-1BAD-701A-2E51FD3FE982}.Debug|Smartphone 2003 (ARMV4).Build.0 = Debug|Smartphone 2003 (ARMV4)
		{79469204-FECA-1BAD-701A-2E51FD3FE982}.Debug|Windows Mobile 5.0 Pocket PC SDK (ARMV4I).ActiveCfg = Debug|Windows Mobile 5.0 Pocket PC SDK (ARMV4I)
		{79469204-FECA-1BAD-701A-2E51FD3FE982}.Debug|Windows Mobile 5.0 Pocket PC SDK (ARMV4I).Build.0 = Debug|Windows Mobile 5.0 Pocket PC SDK (ARMV4I)
		{79469204-FECA-1BAD-701A-2E51FD3FE982}.Debug|Windows Mobile 5.0 Smartphone SDK (ARMV4I).ActiveCfg = Debug|Windows Mobile 5.0 Smartphone SDK (ARMV4I)
		{79469204-FECA-1BAD-701A-2E51FD3FE982}.Debug|Windows Mobile 5.0 Smartphone SDK (ARMV4I).Build.0 = Debug|Windows Mobile 5.0 Smartphone SDK (ARMV4I)
		{79469204-FECA-1BAD-701A-2E51FD3FE982}.Release|Pocket PC 2003 (ARMV4).ActiveCfg = Release|Pocket PC 2003 (ARMV4)
		{79469204-FECA-1BAD-701A-2E51FD3FE982}.Release|Pocket PC 2003 (ARMV4).Build.0 = Release|Pocket PC 2003 (ARMV4)
		{79469204-FECA-1BAD-701A-2E51FD3FE982}.Release|Smartphone 2003 (ARMV4).ActiveCfg = Release|Smartphone 2003 (ARMV4)
		{79469204-FECA-1BAD-701A-2E51FD3FE982}.Release|Smartphone 2003 (ARMV4).Build.0 = Release|Smartphone 2003 (ARMV4)
		{79469204-FECA-1BAD-701A-2E51FD3FE982}.Release|Windows Mobile 5.0 Pocket PC SDK (ARMV4I).ActiveCfg = Release|Windows Mobile 5.0 Pocket PC SDK (ARMV4I)
		{79469204-FECA-1BAD-701A-2E51FD3FE982}.Release|Windows Mobile 5.0 Pocket PC SDK (ARMV4I).Build.0 = Release|Windows Mobile 5.0 Pocket PC SDK (ARMV4I)
		{79469204-FECA-1BAD-701A-2E51FD3FE982}.Release|Windows Mobile 5.0 Smartphone SDK (ARMV4I).ActiveCfg = Release|Windows Mobile 5.0 Smartphone SDK (ARMV4I)
		{79469204-FECA-1BAD-701A-2E51FD3FE982}.Release|Windows Mobile 5.0 Smartphone SDK (ARMV4I).Build.0 = Release|Windows Mobile 5.0 Smartphone SDK (ARMV4I)
		{832A425F-FECA-1BAD-701A-2E51FD3FE982}.Debug|Pocket PC 2003 (ARMV4).ActiveCfg = Debug|Pocket PC 2003 (ARMV4)
		{832A425F-FECA-1BAD-701A-2E51FD3FE982}.Debug|Pocket PC 2003 (ARMV4).Build.0 = Debug|Pocket PC 2003 (ARMV4)
		{832A425F-FECA-1BAD-701A-2E51FD3FE982}.Debug|Smartphone 2003 (ARMV4).ActiveCfg = Debug|Smartphone 2003 (ARMV4)
		{832A425F-FECA-1BAD-701A-2E51FD3FE982}.Debug|Smartphone 2003 (ARMV4).Build.0 = Debug|Smartphone 2003 (ARMV4)
		{832A425F-FECA-1BAD-701A-2E51FD3FE982}.Debug|Windows Mobile 5.0 Pocket PC SDK (ARMV4I).ActiveCfg = Debug|Windows Mobile 5.0 Pocket PC SDK (ARMV4I)
		{832A425F-FECA-1BAD-701A-2E51FD3FE982}.Debug|Windows Mobile 5.0 Pocket PC SDK (ARMV4I).Build.0 = Debug|Windows Mobile 5.0 Pocket PC SDK (ARMV4I)
		{832A425F-FECA-1BAD-701A-2E51FD3FE982}.Debug|Windows Mobile 5.0 Smartphone SDK (ARMV4I).ActiveCfg = Debug|Windows Mobile 5.0 Smartphone SDK (ARMV4I)
		{832A425F-FECA-1BAD-701A-2E51FD3FE982}.Debug|Windows Mobile 5.0 Smartphone SDK (ARMV4I).Build.0 = Debug|Windows Mobile 5.0 Smartphone SDK (ARMV4I)
		{832A425F-FECA-1BAD-701A-2E51FD3FE982}.Release|Pocket PC 2003 (ARMV4).ActiveCfg = Release|Pocket PC 2003 (ARMV4)
		{832A425F-FECA-1BAD-701A-2E51FD3FE982}.Release|Pocket PC 2003 (ARMV4).Build.0 = Release|Pocket PC 2003 (ARMV4)
		{832A425F-FECA-1BAD-701A-2E51FD3FE982}.Release|Smartphone 2003 (ARMV4).ActiveCfg = Release|Smartphone 2003 (ARMV4)
		{832A425F-FECA-1BAD-701A-2E51FD3FE982}.Release|Smartphone 2003 (ARMV4).Build.0 = Release|Smartphone 2003 (ARMV4)
		{832A425F-FECA-1BAD-701A-2E51FD3FE982}.Release|Windows Mobile 5.0 Pocket PC SDK (ARMV4I).ActiveCfg = Release|Windows Mobile 5.0 Pocket PC SDK (ARMV4I)
		{832A425F-FECA-1BAD-701A-2E51FD3FE982}.Release|Windows Mobile 5.0 Pocket PC SDK (ARMV4I).Build.0 = Release|Windows Mobile 5.0 Pocket PC SDK (ARMV4I)
		{832A425F-FECA-1BAD-701A-2E51FD3FE982}.Release|Windows Mobile 5.0 Smartphone SDK (ARMV4I).ActiveCfg = Release|Windows Mobile 5.0 Smartphone SDK (ARMV4I)
		{832A425F-FECA-1BAD-701A-2E51FD3FE982}.Release|Windows Mobile 5.0 Smartphone SDK (ARMV4I).Build.0 = Release|Windows Mobile 5.0 Smartphone SDK (ARMV4I)
		{1F6E62CD-FECA-1BAD-701A-2E51FD3FE982}.Debug|Pocket PC 2003 (ARMV4).ActiveCfg = Debug|Pocket PC 2003 (ARMV4)
		{1F6E62CD-FECA-1BAD-701A-2E51FD3FE982}.Debug|Pocket PC 2003 (ARMV4).Build.0 = Debug|Pocket PC 2003 (ARMV4)
		{1F6E62CD-FECA-1BAD-701A-2E51FD3FE982}.Debug|Smartphone 2003 (ARMV4).ActiveCfg = Debug|Smartphone 2003 (ARMV4)
		{1F6E62CD-FECA-1BAD-701A-2E51FD3FE982}.Debug|Smartphone 2003 (ARMV4).Build.0 = Debug|Smartphone 2003 (ARMV4)
		{1F6E62CD-FECA-1BAD-701A-2E51FD3FE982}.Debug|Windows Mobile 5.0 Pocket PC SDK (ARMV4I).ActiveCfg = Debug|Windows Mobile 5.0 Pocket PC SDK (ARMV4I)
		{1F6E62CD-FECA-1BAD-701A-2E51FD3FE982}.Debug|Windows Mobile 5.0 Pocket PC SDK (ARMV4I).Build.0 = Debug|Windows Mobile 5.0 Pocket PC SDK (ARMV4I)
		{1F6E62CD-FECA-1BAD-701A-2E51FD3FE982}.Debug|Windows Mobile 5.0 Smartphone SDK (ARMV4I).ActiveCfg = Debug|Windows Mobile 5.0 Smartphone SDK (ARMV4I)
		{1F6E62CD-FECA-1BAD-701A-2E51FD3FE982}.Debug|Windows Mobile 5.0 Smartphone SDK (ARMV4I).Build.0 = Debug|Windows Mobile 5.0 Smartphone SDK (ARMV4I)
		{1F6E62CD-FECA-1BAD-701A-2E51FD3FE982}.Release|Pocket PC 2003 (ARMV4).ActiveCfg = Release|Pocket PC 2003 (ARMV4)
		{1F6E62CD-FECA-1BAD-701A-2E51FD3FE982}.Release|Pocket PC 2003 (ARMV4).Build.0 = Release|Pocket PC 2003 (ARMV4)
		{1F6E62CD-FECA-1BAD-701A-2E51FD3FE982}.Release|Smartphone 2003 (ARMV4).ActiveCfg = Release|Smartphone 2003 (ARMV4)
		{1F6E62CD-FECA-1BAD-701A-2E51FD3FE982}.Release|Smartphone 2003 (ARMV4).Build.0 = Release|Smartphone 2003 (ARMV4)
		{1F6E62CD-FECA-1BAD-701A-2E51FD3FE982}.Release|Windows Mobile 5.0 Pocket PC SDK (ARMV4I).ActiveCfg = Release|Windows Mobile 5.0 Pocket PC SDK (ARMV4I)
		{1F6E62CD-FECA-1BAD-701A-2E51FD3FE982}.Release|Windows Mobile 5.0 Pocket PC SDK (ARMV4I).Build.0 = Release|Windows Mobile 5.0 Pocket PC SDK (ARMV4I)
		{1F6E62CD-FECA-1BAD-701A-2E51FD3FE982}.Release|Windows Mobile 5.0 Smartphone SDK (ARMV4I).ActiveCfg = Release|Windows Mobile 5.0 Smartphone SDK (ARMV4I)
		{1F6E62CD-FECA-1BAD-701A-2E51FD3FE982}.Release|Windows Mobile 5.0 Smartphone SDK (ARMV4I).Build.0 = Release|Windows Mobile 5.0 Smartphone SDK (ARMV4I)
		{33DC4322-FECA-1BAD-701A-2E51FD3FE982}.Debug|Pocket PC 2003 (ARMV4).ActiveCfg = Debug|Pocket PC 2003 (ARMV4)
		{33DC4322-FECA-1BAD-701A-2E51FD3FE982}.Debug|Pocket PC 2003 (ARMV4).Build.0 = Debug|Pocket PC 2003 (ARMV4)
		{33DC4322-FECA-1BAD-701A-2E51FD3FE982}.Debug|Smartphone 2003 (ARMV4).ActiveCfg = Debug|Smartphone 2003 (ARMV4)
		{33DC4322-FECA-1BAD-701A-2E51FD3FE982}.Debug|Smartphone 2003 (ARMV4).Build.0 = Debug|Smartphone 2003 (ARMV4)
		{33DC4322-FECA-1BAD-701A-2E51FD3FE982}.Debug|Windows Mobile 5.0 Pocket PC SDK (ARMV4I).ActiveCfg = Debug|Windows Mobile 5.0 Pocket PC SDK (ARMV4I)
		{33DC4322-FECA-1BAD-701A-2E51FD3FE982}.Debug|Windows Mobile 5.0 Pocket PC SDK (ARMV4I).Build.0 = Debug|Windows Mobile 5.0 Pocket PC SDK (ARMV4I)
		{33DC4322-FECA-1BAD-701A-2E51FD3FE982}.Debug|Windows Mobile 5.0 Smartphone SDK (ARMV4I).ActiveCfg = Debug|Windows Mobile 5.0 Smartphone SDK (ARMV4I)
		{33DC4322-FECA-1BAD-701A-2E51FD3FE982}.Debug|Windows Mobile 5.0 Smartphone SDK (ARMV4I).Build.0 = Debug|Windows Mobile 5.0 Smartphone SDK (ARMV4I)
		{33DC4322-FECA-1BAD-701A-2E51FD3FE982}.Release|Pocket PC 2003 (ARMV4).ActiveCfg = Release|Pocket PC 2003 (ARMV4)
		{33DC4322-FECA-1BAD-701A-2E51FD3FE982}.Release|Pocket PC 2003 (ARMV4).Build.0 = Release|Pocket PC 2003 (ARMV4)
		{33DC4322-FECA-1BAD-701A-2E51FD3FE982}.Release|Smartphone 2003 (ARMV4).ActiveCfg = Release|Smartphone 2003 (ARMV4)
		{33DC4322-FECA-1BAD-701A-2E51FD3FE982}.Release|Smartphone 2003 (ARMV4).Build.0 = Release|Smartphone 2003 (ARMV4)
		{33DC4322-FECA-1BAD-701A-2E51FD3FE982}.Release|Windows Mobile 5.0 Pocket PC SDK (ARMV4I).ActiveCfg = Release|Windows Mobile 5.0 Pocket PC SDK (ARMV4I)
		{33DC4322-FECA-1BAD-701A-2E51FD3FE982}.Release|Windows Mobile 5.0 Pocket PC SDK (ARMV4I).Build.0 = Release|Windows Mobile 5.0 Pocket PC SDK (ARMV4I)
		{33DC4322-FECA-1BAD-701A-2E51FD3FE982}.Release|Windows Mobile 5.0 Smartphone SDK (ARMV4I).ActiveCfg = Release|Windows Mobile 5.0 Smartphone SDK (ARMV4I)
		{33DC4322-FECA-1BAD-701A-2E51FD3FE982}.Release|Windows Mobile 5.0 Smartphone SDK (ARMV4I).Build.0 = Release|Windows Mobile 5.0 Smartphone SDK (ARMV4I)
		{4768A275-FECA-1BAD-701A-2E51FD3FE982}.Debug|Pocket PC 2003 (ARMV4).ActiveCfg = Debug|Pocket PC 2003 (ARMV4)
		{4768A275-FECA-1BAD-701A-2E51FD3FE982}.Debug|Pocket PC 2003 (ARMV4).Build.0 = Debug|Pocket PC 2003 (ARMV4)
		{4768A275-FECA-1BAD-701A-2E51FD3FE982}.Debug|Smartphone 2003 (ARMV4).ActiveCfg = Debug|Smartphone 2003 (ARMV4)
		{4768A275-FECA-1BAD-701A-2E51FD3FE982}.Debug|Smartphone 2003 (ARMV4).Build.0 = Debug|Smartphone 2003 (ARMV4)
		{4768A275-FECA-1BAD-701A-2E51FD3FE982}.Debug|Windows Mobile 5.0 Pocket PC SDK (ARMV4I).ActiveCfg = Debug|Windows Mobile 5.0 Pocket PC SDK (ARMV4I)
		{4768A275-FECA-1BAD-701A-2E51FD3FE982}.Debug|Windows Mobile 5.0 Pocket PC SDK (ARMV4I).Build.0 = Debug|Windows Mobile 5.0 Pocket PC SDK (ARMV4I)
		{4768A275-FECA-1BAD-701A-2E51FD3FE982}.Debug|Windows Mobile 5.0 Smartphone SDK (ARMV4I).ActiveCfg = Debug|Windows Mobile 5.0 Smartphone SDK (ARMV4I)
		{4768A275-FECA-1BAD-701A-2E51FD3FE982}.Debug|Windows Mobile 5.0 Smartphone SDK (ARMV4I).Build.0 = Debug|Windows Mobile 5.0 Smartphone SDK (ARMV4I)
		{4768A275-FECA-1BAD-701A-2E51FD3FE982}.Release|Pocket PC 2003 (ARMV4).ActiveCfg = Release|Pocket PC 2003 (ARMV4)
		{4768A275-FECA-1BAD-701A-2E51FD3FE982}.Release|Pocket PC 2003 (ARMV4).Build.0 = Release|Pocket PC 2003 (ARMV4)
		{4768A275-FECA-1BAD-701A-2E51FD3FE982}.Release|Smartphone 2003 (ARMV4).ActiveCfg = Release|Smartphone 2003 (ARMV4)
		{4768A275-FECA-1BAD-701A-2E51FD3FE982}.Release|Smartphone 2003 (ARMV4).Build.0 = Release|Smartphone 2003 (ARMV4)
		{4768A275-FECA-1BAD-701A-2E51FD3FE982}.Release|Windows Mobile 5.0 Pocket PC SDK (ARMV4I).ActiveCfg = Release|Windows Mobile 5.0 Pocket PC SDK (ARMV4I)
		{4768A275-FECA-1BAD-701A-2E51FD3FE982}.Release|Windows Mobile 5.0 Pocket PC SDK (ARMV4I).Build.0 = Release|Windows Mobile 5.0 Pocket PC SDK (ARMV4I)
		{4768A275-FECA-1BAD-701A-2E51FD3FE982}.Release|Windows Mobile 5.0 Smartphone SDK (ARMV4I).ActiveCfg = Release|Windows Mobile 5.0 Smartphone SDK (ARMV4I)
		{4768A275-FECA-1BAD-701A-2E51FD3FE982}.Release|Windows Mobile 5.0 Smartphone SDK (ARMV4I).Build.0 = Release|Windows Mobile 5.0 Smartphone SDK (ARMV4I)
	EndGlobalSection
	GlobalSection(SolutionProperties) = preSolution
		HideSolutionNode = FALSE
	EndGlobalSection
EndGlobal
