Microsoft Visual Studio Solution File, Format Version 8.00
#
# $Id: VC71WorkspaceCreator.pm 1159 2007-03-15 12:28:15Z elliott_c $
#
# This file was generated by MPC.  Any changes made directly to
# this file will be lost the next time it is generated.
#
# MPC Command:
# /export/anduriltmp/bczar/DOC_ROOT/stage-29192/ACE_wrappers/bin/mwc.pl -type vc71 -recurse -hierarchy -relative ACE_ROOT=/export/anduriltmp/bczar/DOC_ROOT/stage-29192/ACE_wrappers -relative TAO_ROOT=/export/anduriltmp/bczar/DOC_ROOT/stage-29192/ACE_wrappers/TAO -relative CIAO_ROOT=/export/anduriltmp/bczar/DOC_ROOT/stage-29192/ACE_wrappers/TAO/CIAO
Project("{8BC9CEB8-8B4A-11D0-8D11-00A0C91BC942}") = "Misc_Test_Dump", "Misc_Test_Dump.vcproj", "{0B0E22CA-FECA-1BAD-BE51-8A67710364BD}"
	ProjectSection(ProjectDependencies) = postProject
	EndProjectSection
EndProject
Project("{8BC9CEB8-8B4A-11D0-8D11-00A0C91BC942}") = "Misc_Test_Get_Opt", "Misc_Test_Get_Opt.vcproj", "{CC40CD3D-FECA-1BAD-BE51-8A67710364BD}"
	ProjectSection(ProjectDependencies) = postProject
	EndProjectSection
EndProject
Project("{8BC9CEB8-8B4A-11D0-8D11-00A0C91BC942}") = "Misc_Test_Profile_Timer", "Misc_Test_Profile_Timer.vcproj", "{D3AA791A-FECA-1BAD-BE51-8A67710364BD}"
	ProjectSection(ProjectDependencies) = postProject
	EndProjectSection
EndProject
Project("{8BC9CEB8-8B4A-11D0-8D11-00A0C91BC942}") = "Misc_Test_Read_Buffer", "Misc_Test_Read_Buffer.vcproj", "{DA91E08D-FECA-1BAD-BE51-8A67710364BD}"
	ProjectSection(ProjectDependencies) = postProject
	EndProjectSection
EndProject
Project("{8BC9CEB8-8B4A-11D0-8D11-00A0C91BC942}") = "Misc_Test_Set", "Misc_Test_Set.vcproj", "{CB24D09E-FECA-1BAD-BE51-8A67710364BD}"
	ProjectSection(ProjectDependencies) = postProject
	EndProjectSection
EndProject
Project("{8BC9CEB8-8B4A-11D0-8D11-00A0C91BC942}") = "Misc_Test_Sstring", "Misc_Test_Sstring.vcproj", "{FD16E242-FECA-1BAD-BE51-8A67710364BD}"
	ProjectSection(ProjectDependencies) = postProject
	EndProjectSection
EndProject
Project("{8BC9CEB8-8B4A-11D0-8D11-00A0C91BC942}") = "Misc_Test_Timestamp", "Misc_Test_Timestamp.vcproj", "{50141644-FECA-1BAD-BE51-8A67710364BD}"
	ProjectSection(ProjectDependencies) = postProject
	EndProjectSection
EndProject
Project("{8BC9CEB8-8B4A-11D0-8D11-00A0C91BC942}") = "Misc_Test_Trace", "Misc_Test_Trace.vcproj", "{59A0164D-FECA-1BAD-BE51-8A67710364BD}"
	ProjectSection(ProjectDependencies) = postProject
	EndProjectSection
EndProject
Global
	GlobalSection(SolutionConfiguration) = preSolution
		Debug = Debug
		Release = Release
	EndGlobalSection
	GlobalSection(ProjectConfiguration) = postSolution
		{0B0E22CA-FECA-1BAD-BE51-8A67710364BD}.Debug.ActiveCfg = Debug|Win32
		{0B0E22CA-FECA-1BAD-BE51-8A67710364BD}.Debug.Build.0 = Debug|Win32
		{0B0E22CA-FECA-1BAD-BE51-8A67710364BD}.Release.ActiveCfg = Release|Win32
		{0B0E22CA-FECA-1BAD-BE51-8A67710364BD}.Release.Build.0 = Release|Win32
		{CC40CD3D-FECA-1BAD-BE51-8A67710364BD}.Debug.ActiveCfg = Debug|Win32
		{CC40CD3D-FECA-1BAD-BE51-8A67710364BD}.Debug.Build.0 = Debug|Win32
		{CC40CD3D-FECA-1BAD-BE51-8A67710364BD}.Release.ActiveCfg = Release|Win32
		{CC40CD3D-FECA-1BAD-BE51-8A67710364BD}.Release.Build.0 = Release|Win32
		{D3AA791A-FECA-1BAD-BE51-8A67710364BD}.Debug.ActiveCfg = Debug|Win32
		{D3AA791A-FECA-1BAD-BE51-8A67710364BD}.Debug.Build.0 = Debug|Win32
		{D3AA791A-FECA-1BAD-BE51-8A67710364BD}.Release.ActiveCfg = Release|Win32
		{D3AA791A-FECA-1BAD-BE51-8A67710364BD}.Release.Build.0 = Release|Win32
		{DA91E08D-FECA-1BAD-BE51-8A67710364BD}.Debug.ActiveCfg = Debug|Win32
		{DA91E08D-FECA-1BAD-BE51-8A67710364BD}.Debug.Build.0 = Debug|Win32
		{DA91E08D-FECA-1BAD-BE51-8A67710364BD}.Release.ActiveCfg = Release|Win32
		{DA91E08D-FECA-1BAD-BE51-8A67710364BD}.Release.Build.0 = Release|Win32
		{CB24D09E-FECA-1BAD-BE51-8A67710364BD}.Debug.ActiveCfg = Debug|Win32
		{CB24D09E-FECA-1BAD-BE51-8A67710364BD}.Debug.Build.0 = Debug|Win32
		{CB24D09E-FECA-1BAD-BE51-8A67710364BD}.Release.ActiveCfg = Release|Win32
		{CB24D09E-FECA-1BAD-BE51-8A67710364BD}.Release.Build.0 = Release|Win32
		{FD16E242-FECA-1BAD-BE51-8A67710364BD}.Debug.ActiveCfg = Debug|Win32
		{FD16E242-FECA-1BAD-BE51-8A67710364BD}.Debug.Build.0 = Debug|Win32
		{FD16E242-FECA-1BAD-BE51-8A67710364BD}.Release.ActiveCfg = Release|Win32
		{FD16E242-FECA-1BAD-BE51-8A67710364BD}.Release.Build.0 = Release|Win32
		{50141644-FECA-1BAD-BE51-8A67710364BD}.Debug.ActiveCfg = Debug|Win32
		{50141644-FECA-1BAD-BE51-8A67710364BD}.Debug.Build.0 = Debug|Win32
		{50141644-FECA-1BAD-BE51-8A67710364BD}.Release.ActiveCfg = Release|Win32
		{50141644-FECA-1BAD-BE51-8A67710364BD}.Release.Build.0 = Release|Win32
		{59A0164D-FECA-1BAD-BE51-8A67710364BD}.Debug.ActiveCfg = Debug|Win32
		{59A0164D-FECA-1BAD-BE51-8A67710364BD}.Debug.Build.0 = Debug|Win32
		{59A0164D-FECA-1BAD-BE51-8A67710364BD}.Release.ActiveCfg = Release|Win32
		{59A0164D-FECA-1BAD-BE51-8A67710364BD}.Release.Build.0 = Release|Win32
	EndGlobalSection
	GlobalSection(ExtensibilityGlobals) = postSolution
	EndGlobalSection
	GlobalSection(ExtensibilityAddIns) = postSolution
	EndGlobalSection
EndGlobal
